// !$*UTF8*$!
{
	archiveVersion = 1;
	classes = {
	};
	objectVersion = 46;
	objects = {

/* Begin PBXBuildFile section */
		D4073B2B19C2AD5B00056370 /* TodayMonthLabel.swift in Sources */ = {isa = PBXBuildFile; fileRef = D4073B2A19C2AD5B00056370 /* TodayMonthLabel.swift */; };
		D4073B2D19C2ADB400056370 /* TodayDayLabel.swift in Sources */ = {isa = PBXBuildFile; fileRef = D4073B2C19C2ADB400056370 /* TodayDayLabel.swift */; };
		D4073B2F19C377A600056370 /* TodayWeekdayLabel.swift in Sources */ = {isa = PBXBuildFile; fileRef = D4073B2E19C377A600056370 /* TodayWeekdayLabel.swift */; };
		D411EDF119C2A59B0054439F /* AppDelegate.swift in Sources */ = {isa = PBXBuildFile; fileRef = D411EDF019C2A59B0054439F /* AppDelegate.swift */; };
		D411EDF319C2A59B0054439F /* ViewController.swift in Sources */ = {isa = PBXBuildFile; fileRef = D411EDF219C2A59B0054439F /* ViewController.swift */; };
		D411EDF619C2A59B0054439F /* Main.storyboard in Resources */ = {isa = PBXBuildFile; fileRef = D411EDF419C2A59B0054439F /* Main.storyboard */; };
		D411EDF819C2A59B0054439F /* Images.xcassets in Resources */ = {isa = PBXBuildFile; fileRef = D411EDF719C2A59B0054439F /* Images.xcassets */; };
		D411EE0419C2A59C0054439F /* MiniMonthTests.swift in Sources */ = {isa = PBXBuildFile; fileRef = D411EE0319C2A59C0054439F /* MiniMonthTests.swift */; };
		D411EE1419C2A5CD0054439F /* NotificationCenter.framework in Frameworks */ = {isa = PBXBuildFile; fileRef = D411EE1319C2A5CD0054439F /* NotificationCenter.framework */; };
		D411EE1919C2A5CD0054439F /* TodayViewController.swift in Sources */ = {isa = PBXBuildFile; fileRef = D411EE1819C2A5CD0054439F /* TodayViewController.swift */; };
		D411EE1B19C2A5CD0054439F /* MainInterface.storyboard in Resources */ = {isa = PBXBuildFile; fileRef = D411EE1A19C2A5CD0054439F /* MainInterface.storyboard */; };
		D411EE1E19C2A5CD0054439F /* Today.appex in Embed App Extensions */ = {isa = PBXBuildFile; fileRef = D411EE1119C2A5CC0054439F /* Today.appex */; settings = {ATTRIBUTES = (RemoveHeadersOnCopy, ); }; };
		D4A5112819C6F78000555E1C /* TodayWeekView.swift in Sources */ = {isa = PBXBuildFile; fileRef = D4A5112719C6F78000555E1C /* TodayWeekView.swift */; };
/* End PBXBuildFile section */

/* Begin PBXContainerItemProxy section */
		D411EDFE19C2A59B0054439F /* PBXContainerItemProxy */ = {
			isa = PBXContainerItemProxy;
			containerPortal = D411EDE319C2A59B0054439F /* Project object */;
			proxyType = 1;
			remoteGlobalIDString = D411EDEA19C2A59B0054439F;
			remoteInfo = MiniMonth;
		};
		D411EE1C19C2A5CD0054439F /* PBXContainerItemProxy */ = {
			isa = PBXContainerItemProxy;
			containerPortal = D411EDE319C2A59B0054439F /* Project object */;
			proxyType = 1;
			remoteGlobalIDString = D411EE1019C2A5CC0054439F;
			remoteInfo = Today;
		};
		D411EE1F19C2A5CD0054439F /* PBXContainerItemProxy */ = {
			isa = PBXContainerItemProxy;
			containerPortal = D411EDE319C2A59B0054439F /* Project object */;
			proxyType = 1;
			remoteGlobalIDString = D411EE1019C2A5CC0054439F;
			remoteInfo = Today;
		};
/* End PBXContainerItemProxy section */

/* Begin PBXCopyFilesBuildPhase section */
		D411EE2419C2A5CD0054439F /* Embed App Extensions */ = {
			isa = PBXCopyFilesBuildPhase;
			buildActionMask = 2147483647;
			dstPath = "";
			dstSubfolderSpec = 13;
			files = (
				D411EE1E19C2A5CD0054439F /* Today.appex in Embed App Extensions */,
			);
			name = "Embed App Extensions";
			runOnlyForDeploymentPostprocessing = 0;
		};
/* End PBXCopyFilesBuildPhase section */

/* Begin PBXFileReference section */
		D4073B2A19C2AD5B00056370 /* TodayMonthLabel.swift */ = {isa = PBXFileReference; fileEncoding = 4; lastKnownFileType = sourcecode.swift; path = TodayMonthLabel.swift; sourceTree = "<group>"; };
		D4073B2C19C2ADB400056370 /* TodayDayLabel.swift */ = {isa = PBXFileReference; fileEncoding = 4; lastKnownFileType = sourcecode.swift; path = TodayDayLabel.swift; sourceTree = "<group>"; };
		D4073B2E19C377A600056370 /* TodayWeekdayLabel.swift */ = {isa = PBXFileReference; fileEncoding = 4; lastKnownFileType = sourcecode.swift; path = TodayWeekdayLabel.swift; sourceTree = "<group>"; };
		D411EDEB19C2A59B0054439F /* MiniMonth.app */ = {isa = PBXFileReference; explicitFileType = wrapper.application; includeInIndex = 0; path = MiniMonth.app; sourceTree = BUILT_PRODUCTS_DIR; };
		D411EDEF19C2A59B0054439F /* Info.plist */ = {isa = PBXFileReference; lastKnownFileType = text.plist.xml; path = Info.plist; sourceTree = "<group>"; };
		D411EDF019C2A59B0054439F /* AppDelegate.swift */ = {isa = PBXFileReference; lastKnownFileType = sourcecode.swift; path = AppDelegate.swift; sourceTree = "<group>"; };
		D411EDF219C2A59B0054439F /* ViewController.swift */ = {isa = PBXFileReference; lastKnownFileType = sourcecode.swift; path = ViewController.swift; sourceTree = "<group>"; };
		D411EDF519C2A59B0054439F /* Base */ = {isa = PBXFileReference; lastKnownFileType = file.storyboard; name = Base; path = Base.lproj/Main.storyboard; sourceTree = "<group>"; };
		D411EDF719C2A59B0054439F /* Images.xcassets */ = {isa = PBXFileReference; lastKnownFileType = folder.assetcatalog; path = Images.xcassets; sourceTree = "<group>"; };
		D411EDFD19C2A59B0054439F /* MiniMonthTests.xctest */ = {isa = PBXFileReference; explicitFileType = wrapper.cfbundle; includeInIndex = 0; path = MiniMonthTests.xctest; sourceTree = BUILT_PRODUCTS_DIR; };
		D411EE0219C2A59B0054439F /* Info.plist */ = {isa = PBXFileReference; lastKnownFileType = text.plist.xml; path = Info.plist; sourceTree = "<group>"; };
		D411EE0319C2A59C0054439F /* MiniMonthTests.swift */ = {isa = PBXFileReference; lastKnownFileType = sourcecode.swift; path = MiniMonthTests.swift; sourceTree = "<group>"; };
		D411EE1119C2A5CC0054439F /* Today.appex */ = {isa = PBXFileReference; explicitFileType = "wrapper.app-extension"; includeInIndex = 0; path = Today.appex; sourceTree = BUILT_PRODUCTS_DIR; };
		D411EE1319C2A5CD0054439F /* NotificationCenter.framework */ = {isa = PBXFileReference; lastKnownFileType = wrapper.framework; name = NotificationCenter.framework; path = System/Library/Frameworks/NotificationCenter.framework; sourceTree = SDKROOT; };
		D411EE1719C2A5CD0054439F /* Info.plist */ = {isa = PBXFileReference; lastKnownFileType = text.plist.xml; path = Info.plist; sourceTree = "<group>"; };
		D411EE1819C2A5CD0054439F /* TodayViewController.swift */ = {isa = PBXFileReference; lastKnownFileType = sourcecode.swift; path = TodayViewController.swift; sourceTree = "<group>"; };
		D411EE1A19C2A5CD0054439F /* MainInterface.storyboard */ = {isa = PBXFileReference; lastKnownFileType = file.storyboard; path = MainInterface.storyboard; sourceTree = "<group>"; };
		D4A5112719C6F78000555E1C /* TodayWeekView.swift */ = {isa = PBXFileReference; fileEncoding = 4; lastKnownFileType = sourcecode.swift; path = TodayWeekView.swift; sourceTree = "<group>"; };
/* End PBXFileReference section */

/* Begin PBXFrameworksBuildPhase section */
		D411EDE819C2A59B0054439F /* Frameworks */ = {
			isa = PBXFrameworksBuildPhase;
			buildActionMask = 2147483647;
			files = (
			);
			runOnlyForDeploymentPostprocessing = 0;
		};
		D411EDFA19C2A59B0054439F /* Frameworks */ = {
			isa = PBXFrameworksBuildPhase;
			buildActionMask = 2147483647;
			files = (
			);
			runOnlyForDeploymentPostprocessing = 0;
		};
		D411EE0E19C2A5CC0054439F /* Frameworks */ = {
			isa = PBXFrameworksBuildPhase;
			buildActionMask = 2147483647;
			files = (
				D411EE1419C2A5CD0054439F /* NotificationCenter.framework in Frameworks */,
			);
			runOnlyForDeploymentPostprocessing = 0;
		};
/* End PBXFrameworksBuildPhase section */

/* Begin PBXGroup section */
		D411EDE219C2A59B0054439F = {
			isa = PBXGroup;
			children = (
				D411EDED19C2A59B0054439F /* MiniMonth */,
				D411EE0019C2A59B0054439F /* MiniMonthTests */,
				D411EE1519C2A5CD0054439F /* Today */,
				D411EE1219C2A5CD0054439F /* Frameworks */,
				D411EDEC19C2A59B0054439F /* Products */,
			);
			sourceTree = "<group>";
		};
		D411EDEC19C2A59B0054439F /* Products */ = {
			isa = PBXGroup;
			children = (
				D411EDEB19C2A59B0054439F /* MiniMonth.app */,
				D411EDFD19C2A59B0054439F /* MiniMonthTests.xctest */,
				D411EE1119C2A5CC0054439F /* Today.appex */,
			);
			name = Products;
			sourceTree = "<group>";
		};
		D411EDED19C2A59B0054439F /* MiniMonth */ = {
			isa = PBXGroup;
			children = (
				D411EDF019C2A59B0054439F /* AppDelegate.swift */,
				D411EDF219C2A59B0054439F /* ViewController.swift */,
				D411EDF419C2A59B0054439F /* Main.storyboard */,
				D411EDF719C2A59B0054439F /* Images.xcassets */,
				D411EDEE19C2A59B0054439F /* Supporting Files */,
			);
			path = MiniMonth;
			sourceTree = "<group>";
		};
		D411EDEE19C2A59B0054439F /* Supporting Files */ = {
			isa = PBXGroup;
			children = (
				D411EDEF19C2A59B0054439F /* Info.plist */,
			);
			name = "Supporting Files";
			sourceTree = "<group>";
		};
		D411EE0019C2A59B0054439F /* MiniMonthTests */ = {
			isa = PBXGroup;
			children = (
				D411EE0319C2A59C0054439F /* MiniMonthTests.swift */,
				D411EE0119C2A59B0054439F /* Supporting Files */,
			);
			path = MiniMonthTests;
			sourceTree = "<group>";
		};
		D411EE0119C2A59B0054439F /* Supporting Files */ = {
			isa = PBXGroup;
			children = (
				D411EE0219C2A59B0054439F /* Info.plist */,
			);
			name = "Supporting Files";
			sourceTree = "<group>";
		};
		D411EE1219C2A5CD0054439F /* Frameworks */ = {
			isa = PBXGroup;
			children = (
				D411EE1319C2A5CD0054439F /* NotificationCenter.framework */,
			);
			name = Frameworks;
			sourceTree = "<group>";
		};
		D411EE1519C2A5CD0054439F /* Today */ = {
			isa = PBXGroup;
			children = (
				D411EE1A19C2A5CD0054439F /* MainInterface.storyboard */,
				D411EE1619C2A5CD0054439F /* Supporting Files */,
				D411EE1819C2A5CD0054439F /* TodayViewController.swift */,
				D4073B2A19C2AD5B00056370 /* TodayMonthLabel.swift */,
				D4073B2E19C377A600056370 /* TodayWeekdayLabel.swift */,
				D4A5112719C6F78000555E1C /* TodayWeekView.swift */,
				D4073B2C19C2ADB400056370 /* TodayDayLabel.swift */,
			);
			path = Today;
			sourceTree = "<group>";
		};
		D411EE1619C2A5CD0054439F /* Supporting Files */ = {
			isa = PBXGroup;
			children = (
				D411EE1719C2A5CD0054439F /* Info.plist */,
			);
			name = "Supporting Files";
			sourceTree = "<group>";
		};
/* End PBXGroup section */

/* Begin PBXNativeTarget section */
		D411EDEA19C2A59B0054439F /* MiniMonth */ = {
			isa = PBXNativeTarget;
			buildConfigurationList = D411EE0719C2A59C0054439F /* Build configuration list for PBXNativeTarget "MiniMonth" */;
			buildPhases = (
				D411EDE719C2A59B0054439F /* Sources */,
				D411EDE819C2A59B0054439F /* Frameworks */,
				D411EDE919C2A59B0054439F /* Resources */,
				D411EE2419C2A5CD0054439F /* Embed App Extensions */,
			);
			buildRules = (
			);
			dependencies = (
				D411EE1D19C2A5CD0054439F /* PBXTargetDependency */,
				D411EE2019C2A5CD0054439F /* PBXTargetDependency */,
			);
			name = MiniMonth;
			productName = MiniMonth;
			productReference = D411EDEB19C2A59B0054439F /* MiniMonth.app */;
			productType = "com.apple.product-type.application";
		};
		D411EDFC19C2A59B0054439F /* MiniMonthTests */ = {
			isa = PBXNativeTarget;
			buildConfigurationList = D411EE0A19C2A59C0054439F /* Build configuration list for PBXNativeTarget "MiniMonthTests" */;
			buildPhases = (
				D411EDF919C2A59B0054439F /* Sources */,
				D411EDFA19C2A59B0054439F /* Frameworks */,
				D411EDFB19C2A59B0054439F /* Resources */,
			);
			buildRules = (
			);
			dependencies = (
				D411EDFF19C2A59B0054439F /* PBXTargetDependency */,
			);
			name = MiniMonthTests;
			productName = MiniMonthTests;
			productReference = D411EDFD19C2A59B0054439F /* MiniMonthTests.xctest */;
			productType = "com.apple.product-type.bundle.unit-test";
		};
		D411EE1019C2A5CC0054439F /* Today */ = {
			isa = PBXNativeTarget;
			buildConfigurationList = D411EE2119C2A5CD0054439F /* Build configuration list for PBXNativeTarget "Today" */;
			buildPhases = (
				D411EE0D19C2A5CC0054439F /* Sources */,
				D411EE0E19C2A5CC0054439F /* Frameworks */,
				D411EE0F19C2A5CC0054439F /* Resources */,
			);
			buildRules = (
			);
			dependencies = (
			);
			name = Today;
			productName = Today;
			productReference = D411EE1119C2A5CC0054439F /* Today.appex */;
			productType = "com.apple.product-type.app-extension";
		};
/* End PBXNativeTarget section */

/* Begin PBXProject section */
		D411EDE319C2A59B0054439F /* Project object */ = {
			isa = PBXProject;
			attributes = {
				LastUpgradeCheck = 0600;
				ORGANIZATIONNAME = bronenos;
				TargetAttributes = {
					D411EDEA19C2A59B0054439F = {
						CreatedOnToolsVersion = 6.0;
					};
					D411EDFC19C2A59B0054439F = {
						CreatedOnToolsVersion = 6.0;
						TestTargetID = D411EDEA19C2A59B0054439F;
					};
					D411EE1019C2A5CC0054439F = {
						CreatedOnToolsVersion = 6.0;
					};
				};
			};
			buildConfigurationList = D411EDE619C2A59B0054439F /* Build configuration list for PBXProject "MiniMonth" */;
			compatibilityVersion = "Xcode 3.2";
			developmentRegion = English;
			hasScannedForEncodings = 0;
			knownRegions = (
				en,
				Base,
			);
			mainGroup = D411EDE219C2A59B0054439F;
			productRefGroup = D411EDEC19C2A59B0054439F /* Products */;
			projectDirPath = "";
			projectRoot = "";
			targets = (
				D411EDEA19C2A59B0054439F /* MiniMonth */,
				D411EDFC19C2A59B0054439F /* MiniMonthTests */,
				D411EE1019C2A5CC0054439F /* Today */,
			);
		};
/* End PBXProject section */

/* Begin PBXResourcesBuildPhase section */
		D411EDE919C2A59B0054439F /* Resources */ = {
			isa = PBXResourcesBuildPhase;
			buildActionMask = 2147483647;
			files = (
				D411EDF619C2A59B0054439F /* Main.storyboard in Resources */,
				D411EDF819C2A59B0054439F /* Images.xcassets in Resources */,
			);
			runOnlyForDeploymentPostprocessing = 0;
		};
		D411EDFB19C2A59B0054439F /* Resources */ = {
			isa = PBXResourcesBuildPhase;
			buildActionMask = 2147483647;
			files = (
			);
			runOnlyForDeploymentPostprocessing = 0;
		};
		D411EE0F19C2A5CC0054439F /* Resources */ = {
			isa = PBXResourcesBuildPhase;
			buildActionMask = 2147483647;
			files = (
				D411EE1B19C2A5CD0054439F /* MainInterface.storyboard in Resources */,
			);
			runOnlyForDeploymentPostprocessing = 0;
		};
/* End PBXResourcesBuildPhase section */

/* Begin PBXSourcesBuildPhase section */
		D411EDE719C2A59B0054439F /* Sources */ = {
			isa = PBXSourcesBuildPhase;
			buildActionMask = 2147483647;
			files = (
				D411EDF319C2A59B0054439F /* ViewController.swift in Sources */,
				D411EDF119C2A59B0054439F /* AppDelegate.swift in Sources */,
			);
			runOnlyForDeploymentPostprocessing = 0;
		};
		D411EDF919C2A59B0054439F /* Sources */ = {
			isa = PBXSourcesBuildPhase;
			buildActionMask = 2147483647;
			files = (
				D411EE0419C2A59C0054439F /* MiniMonthTests.swift in Sources */,
			);
			runOnlyForDeploymentPostprocessing = 0;
		};
		D411EE0D19C2A5CC0054439F /* Sources */ = {
			isa = PBXSourcesBuildPhase;
			buildActionMask = 2147483647;
			files = (
				D411EE1919C2A5CD0054439F /* TodayViewController.swift in Sources */,
				D4073B2F19C377A600056370 /* TodayWeekdayLabel.swift in Sources */,
				D4073B2B19C2AD5B00056370 /* TodayMonthLabel.swift in Sources */,
				D4A5112819C6F78000555E1C /* TodayWeekView.swift in Sources */,
				D4073B2D19C2ADB400056370 /* TodayDayLabel.swift in Sources */,
			);
			runOnlyForDeploymentPostprocessing = 0;
		};
/* End PBXSourcesBuildPhase section */

/* Begin PBXTargetDependency section */
		D411EDFF19C2A59B0054439F /* PBXTargetDependency */ = {
			isa = PBXTargetDependency;
			target = D411EDEA19C2A59B0054439F /* MiniMonth */;
			targetProxy = D411EDFE19C2A59B0054439F /* PBXContainerItemProxy */;
		};
		D411EE1D19C2A5CD0054439F /* PBXTargetDependency */ = {
			isa = PBXTargetDependency;
			target = D411EE1019C2A5CC0054439F /* Today */;
			targetProxy = D411EE1C19C2A5CD0054439F /* PBXContainerItemProxy */;
		};
		D411EE2019C2A5CD0054439F /* PBXTargetDependency */ = {
			isa = PBXTargetDependency;
			target = D411EE1019C2A5CC0054439F /* Today */;
			targetProxy = D411EE1F19C2A5CD0054439F /* PBXContainerItemProxy */;
		};
/* End PBXTargetDependency section */

/* Begin PBXVariantGroup section */
		D411EDF419C2A59B0054439F /* Main.storyboard */ = {
			isa = PBXVariantGroup;
			children = (
				D411EDF519C2A59B0054439F /* Base */,
			);
			name = Main.storyboard;
			sourceTree = "<group>";
		};
/* End PBXVariantGroup section */

/* Begin XCBuildConfiguration section */
		D411EE0519C2A59C0054439F /* Debug */ = {
			isa = XCBuildConfiguration;
			buildSettings = {
				ALWAYS_SEARCH_USER_PATHS = NO;
				CLANG_CXX_LANGUAGE_STANDARD = "gnu++0x";
				CLANG_CXX_LIBRARY = "libc++";
				CLANG_ENABLE_MODULES = YES;
				CLANG_ENABLE_OBJC_ARC = YES;
				CLANG_WARN_BOOL_CONVERSION = YES;
				CLANG_WARN_CONSTANT_CONVERSION = YES;
				CLANG_WARN_DIRECT_OBJC_ISA_USAGE = YES_ERROR;
				CLANG_WARN_EMPTY_BODY = YES;
				CLANG_WARN_ENUM_CONVERSION = YES;
				CLANG_WARN_INT_CONVERSION = YES;
				CLANG_WARN_OBJC_ROOT_CLASS = YES_ERROR;
				CLANG_WARN_UNREACHABLE_CODE = YES;
				CLANG_WARN__DUPLICATE_METHOD_MATCH = YES;
				"CODE_SIGN_IDENTITY[sdk=iphoneos*]" = "iPhone Developer";
				COPY_PHASE_STRIP = NO;
				ENABLE_STRICT_OBJC_MSGSEND = YES;
				GCC_C_LANGUAGE_STANDARD = gnu99;
				GCC_DYNAMIC_NO_PIC = NO;
				GCC_OPTIMIZATION_LEVEL = 0;
				GCC_PREPROCESSOR_DEFINITIONS = (
					"DEBUG=1",
					"$(inherited)",
				);
				GCC_SYMBOLS_PRIVATE_EXTERN = NO;
				GCC_WARN_64_TO_32_BIT_CONVERSION = YES;
				GCC_WARN_ABOUT_RETURN_TYPE = YES_ERROR;
				GCC_WARN_UNDECLARED_SELECTOR = YES;
				GCC_WARN_UNINITIALIZED_AUTOS = YES_AGGRESSIVE;
				GCC_WARN_UNUSED_FUNCTION = YES;
				GCC_WARN_UNUSED_VARIABLE = YES;
				IPHONEOS_DEPLOYMENT_TARGET = 7.0;
				MTL_ENABLE_DEBUG_INFO = YES;
				ONLY_ACTIVE_ARCH = YES;
				SDKROOT = iphoneos;
				SWIFT_OPTIMIZATION_LEVEL = "-Onone";
				TARGETED_DEVICE_FAMILY = "1,2";
			};
			name = Debug;
		};
		D411EE0619C2A59C0054439F /* Release */ = {
			isa = XCBuildConfiguration;
			buildSettings = {
				ALWAYS_SEARCH_USER_PATHS = NO;
				CLANG_CXX_LANGUAGE_STANDARD = "gnu++0x";
				CLANG_CXX_LIBRARY = "libc++";
				CLANG_ENABLE_MODULES = YES;
				CLANG_ENABLE_OBJC_ARC = YES;
				CLANG_WARN_BOOL_CONVERSION = YES;
				CLANG_WARN_CONSTANT_CONVERSION = YES;
				CLANG_WARN_DIRECT_OBJC_ISA_USAGE = YES_ERROR;
				CLANG_WARN_EMPTY_BODY = YES;
				CLANG_WARN_ENUM_CONVERSION = YES;
				CLANG_WARN_INT_CONVERSION = YES;
				CLANG_WARN_OBJC_ROOT_CLASS = YES_ERROR;
				CLANG_WARN_UNREACHABLE_CODE = YES;
				CLANG_WARN__DUPLICATE_METHOD_MATCH = YES;
				"CODE_SIGN_IDENTITY[sdk=iphoneos*]" = "iPhone Developer";
				COPY_PHASE_STRIP = YES;
				ENABLE_NS_ASSERTIONS = NO;
				ENABLE_STRICT_OBJC_MSGSEND = YES;
				GCC_C_LANGUAGE_STANDARD = gnu99;
				GCC_WARN_64_TO_32_BIT_CONVERSION = YES;
				GCC_WARN_ABOUT_RETURN_TYPE = YES_ERROR;
				GCC_WARN_UNDECLARED_SELECTOR = YES;
				GCC_WARN_UNINITIALIZED_AUTOS = YES_AGGRESSIVE;
				GCC_WARN_UNUSED_FUNCTION = YES;
				GCC_WARN_UNUSED_VARIABLE = YES;
				IPHONEOS_DEPLOYMENT_TARGET = 7.0;
				MTL_ENABLE_DEBUG_INFO = NO;
				SDKROOT = iphoneos;
				TARGETED_DEVICE_FAMILY = "1,2";
				VALIDATE_PRODUCT = YES;
			};
			name = Release;
		};
		D411EE0819C2A59C0054439F /* Debug */ = {
			isa = XCBuildConfiguration;
			buildSettings = {
				ASSETCATALOG_COMPILER_APPICON_NAME = AppIcon;
				ASSETCATALOG_COMPILER_LAUNCHIMAGE_NAME = LaunchImage;
				INFOPLIST_FILE = MiniMonth/Info.plist;
				LD_RUNPATH_SEARCH_PATHS = "$(inherited) @executable_path/Frameworks";
				PRODUCT_NAME = "$(TARGET_NAME)";
			};
			name = Debug;
		};
		D411EE0919C2A59C0054439F /* Release */ = {
			isa = XCBuildConfiguration;
			buildSettings = {
				ASSETCATALOG_COMPILER_APPICON_NAME = AppIcon;
				ASSETCATALOG_COMPILER_LAUNCHIMAGE_NAME = LaunchImage;
				INFOPLIST_FILE = MiniMonth/Info.plist;
				LD_RUNPATH_SEARCH_PATHS = "$(inherited) @executable_path/Frameworks";
				PRODUCT_NAME = "$(TARGET_NAME)";
			};
			name = Release;
		};
		D411EE0B19C2A59C0054439F /* Debug */ = {
			isa = XCBuildConfiguration;
			buildSettings = {
				BUNDLE_LOADER = "$(TEST_HOST)";
				FRAMEWORK_SEARCH_PATHS = (
					"$(SDKROOT)/Developer/Library/Frameworks",
					"$(inherited)",
				);
				GCC_PREPROCESSOR_DEFINITIONS = (
					"DEBUG=1",
					"$(inherited)",
				);
				INFOPLIST_FILE = MiniMonthTests/Info.plist;
				LD_RUNPATH_SEARCH_PATHS = "$(inherited) @executable_path/Frameworks @loader_path/Frameworks";
				PRODUCT_NAME = "$(TARGET_NAME)";
				TEST_HOST = "$(BUILT_PRODUCTS_DIR)/MiniMonth.app/MiniMonth";
			};
			name = Debug;
		};
		D411EE0C19C2A59C0054439F /* Release */ = {
			isa = XCBuildConfiguration;
			buildSettings = {
				BUNDLE_LOADER = "$(TEST_HOST)";
				FRAMEWORK_SEARCH_PATHS = (
					"$(SDKROOT)/Developer/Library/Frameworks",
					"$(inherited)",
				);
				INFOPLIST_FILE = MiniMonthTests/Info.plist;
				LD_RUNPATH_SEARCH_PATHS = "$(inherited) @executable_path/Frameworks @loader_path/Frameworks";
				PRODUCT_NAME = "$(TARGET_NAME)";
				TEST_HOST = "$(BUILT_PRODUCTS_DIR)/MiniMonth.app/MiniMonth";
			};
			name = Release;
		};
		D411EE2219C2A5CD0054439F /* Debug */ = {
			isa = XCBuildConfiguration;
			buildSettings = {
				GCC_PREPROCESSOR_DEFINITIONS = (
					"DEBUG=1",
					"$(inherited)",
				);
				INFOPLIST_FILE = Today/Info.plist;
				IPHONEOS_DEPLOYMENT_TARGET = 8.0;
				LD_RUNPATH_SEARCH_PATHS = "$(inherited) @executable_path/Frameworks @executable_path/../../Frameworks";
				PRODUCT_NAME = "$(TARGET_NAME)";
				SKIP_INSTALL = YES;
			};
			name = Debug;
		};
		D411EE2319C2A5CD0054439F /* Release */ = {
			isa = XCBuildConfiguration;
			buildSettings = {
				INFOPLIST_FILE = Today/Info.plist;
				IPHONEOS_DEPLOYMENT_TARGET = 8.0;
				LD_RUNPATH_SEARCH_PATHS = "$(inherited) @executable_path/Frameworks @executable_path/../../Frameworks";
				PRODUCT_NAME = "$(TARGET_NAME)";
				SKIP_INSTALL = YES;
			};
			name = Release;
		};
/* End XCBuildConfiguration section */

/* Begin XCConfigurationList section */
		D411EDE619C2A59B0054439F /* Build configuration list for PBXProject "MiniMonth" */ = {
			isa = XCConfigurationList;
			buildConfigurations = (
				D411EE0519C2A59C0054439F /* Debug */,
				D411EE0619C2A59C0054439F /* Release */,
			);
			defaultConfigurationIsVisible = 0;
			defaultConfigurationName = Release;
		};
		D411EE0719C2A59C0054439F /* Build configuration list for PBXNativeTarget "MiniMonth" */ = {
			isa = XCConfigurationList;
			buildConfigurations = (
				D411EE0819C2A59C0054439F /* Debug */,
				D411EE0919C2A59C0054439F /* Release */,
			);
			defaultConfigurationIsVisible = 0;
			defaultConfigurationName = Release;
		};
		D411EE0A19C2A59C0054439F /* Build configuration list for PBXNativeTarget "MiniMonthTests" */ = {
			isa = XCConfigurationList;
			buildConfigurations = (
				D411EE0B19C2A59C0054439F /* Debug */,
				D411EE0C19C2A59C0054439F /* Release */,
			);
			defaultConfigurationIsVisible = 0;
			defaultConfigurationName = Release;
		};
		D411EE2119C2A5CD0054439F /* Build configuration list for PBXNativeTarget "Today" */ = {
			isa = XCConfigurationList;
			buildConfigurations = (
				D411EE2219C2A5CD0054439F /* Debug */,
				D411EE2319C2A5CD0054439F /* Release */,
			);
			defaultConfigurationIsVisible = 0;
			defaultConfigurationName = Release;
		};
/* End XCConfigurationList section */
	};
	rootObject = D411EDE319C2A59B0054439F /* Project object */;
}
