// !$*UTF8*$!
{
	archiveVersion = 1;
	classes = {
	};
	objectVersion = 46;
	objects = {

/* Begin PBXBuildFile section */
		7AD455F213FC2B16321EF05B /* Pods_Widget.framework in Frameworks */ = {isa = PBXBuildFile; fileRef = 91D2EC40568CFE27EE2022DC /* Pods_Widget.framework */; };
		7EECCB5FE343DAE90614D369 /* Pods_Hoster.framework in Frameworks */ = {isa = PBXBuildFile; fileRef = 9C1EC1421D97F8B8D435509E /* Pods_Hoster.framework */; };
		D405D3FA236CB336000B1893 /* README.md in Resources */ = {isa = PBXBuildFile; fileRef = D405D3F9236CB336000B1893 /* README.md */; };
		D4071AE424A6AB0F00A22EC5 /* Color+Ext.swift in Sources */ = {isa = PBXBuildFile; fileRef = D4071AE324A6AB0F00A22EC5 /* Color+Ext.swift */; };
		D4071AE624A706C400A22EC5 /* HosterColorPickerNativeSheet.swift in Sources */ = {isa = PBXBuildFile; fileRef = D4071AE524A706C400A22EC5 /* HosterColorPickerNativeSheet.swift */; };
		D411EE1419C2A5CD0054439F /* NotificationCenter.framework in Frameworks */ = {isa = PBXBuildFile; fileRef = D411EE1319C2A5CD0054439F /* NotificationCenter.framework */; };
		D41F997E236EC854007B727F /* Localizable.stringsdict in Resources */ = {isa = PBXBuildFile; fileRef = D41F9980236EC854007B727F /* Localizable.stringsdict */; };
		D41FCB0523642D2100499C19 /* MiniMonth.appex in Embed App Extensions */ = {isa = PBXBuildFile; fileRef = D411EE1119C2A5CC0054439F /* MiniMonth.appex */; settings = {ATTRIBUTES = (RemoveHeadersOnCopy, ); }; };
		D41FCB0C2364B11A00499C19 /* OrientationWatcher.swift in Sources */ = {isa = PBXBuildFile; fileRef = D41FCB0B2364B11A00499C19 /* OrientationWatcher.swift */; };
		D44D33662362428B001C44A1 /* MiniMonth_Shared.h in Headers */ = {isa = PBXBuildFile; fileRef = D44D33642362428B001C44A1 /* MiniMonth_Shared.h */; settings = {ATTRIBUTES = (Public, ); }; };
		D468DB2523631F230085122D /* HosterPreferencesBlock.swift in Sources */ = {isa = PBXBuildFile; fileRef = D468DB2423631F230085122D /* HosterPreferencesBlock.swift */; };
		D468DB2C23633E0C0085122D /* HosterPreferencesInteractor.swift in Sources */ = {isa = PBXBuildFile; fileRef = D468DB2B23633E0C0085122D /* HosterPreferencesInteractor.swift */; };
		D47836C2235EC7F50030238C /* CalendarMonthView.swift in Sources */ = {isa = PBXBuildFile; fileRef = D47836C0235EC7AE0030238C /* CalendarMonthView.swift */; };
		D479375723605A4B006D5EDC /* ViewExtensions.swift in Sources */ = {isa = PBXBuildFile; fileRef = D479375623605A4B006D5EDC /* ViewExtensions.swift */; };
		D479375B236082AD006D5EDC /* RangeExtensions.swift in Sources */ = {isa = PBXBuildFile; fileRef = D479375A236082AD006D5EDC /* RangeExtensions.swift */; };
		D479375E236098BF006D5EDC /* HeightModifier.swift in Sources */ = {isa = PBXBuildFile; fileRef = D479375D236098BF006D5EDC /* HeightModifier.swift */; };
		D47937612360A442006D5EDC /* CalendarHeaderButton.swift in Sources */ = {isa = PBXBuildFile; fileRef = D47937602360A442006D5EDC /* CalendarHeaderButton.swift */; };
		D47937632360A995006D5EDC /* PerformingModifier.swift in Sources */ = {isa = PBXBuildFile; fileRef = D47937622360A995006D5EDC /* PerformingModifier.swift */; };
		D47B16272360E406008A70A4 /* EventService.swift in Sources */ = {isa = PBXBuildFile; fileRef = D47B16262360E406008A70A4 /* EventService.swift */; };
		D47D8F3324B0651700331446 /* Localizable.strings in Resources */ = {isa = PBXBuildFile; fileRef = D47D8F3524B0651700331446 /* Localizable.strings */; };
		D48D4C57236AAEC200A8B921 /* UIScreenExtensions.swift in Sources */ = {isa = PBXBuildFile; fileRef = D48D4C56236AAEC200A8B921 /* UIScreenExtensions.swift */; };
		D48F9A9F24A2584E000CB53D /* Widget2.swift in Sources */ = {isa = PBXBuildFile; fileRef = D48F9A9E24A2584E000CB53D /* Widget2.swift */; };
		D48F9AA124A2584F000CB53D /* Assets.xcassets in Resources */ = {isa = PBXBuildFile; fileRef = D48F9AA024A2584F000CB53D /* Assets.xcassets */; };
		D48F9AA524A2584F000CB53D /* Widget2.appex in Embed App Extensions */ = {isa = PBXBuildFile; fileRef = D48F9A9824A2584E000CB53D /* Widget2.appex */; settings = {ATTRIBUTES = (RemoveHeadersOnCopy, ); }; };
		D48F9AA924A25C7F000CB53D /* DesignBook.swift in Sources */ = {isa = PBXBuildFile; fileRef = D47836C3235EC8D70030238C /* DesignBook.swift */; };
		D48F9AAA24A25C89000CB53D /* DesignTypes.swift in Sources */ = {isa = PBXBuildFile; fileRef = D47836C7235EC9160030238C /* DesignTypes.swift */; };
		D48F9AAB24A25C90000CB53D /* PreferencesDriver.swift in Sources */ = {isa = PBXBuildFile; fileRef = D44D33562361F367001C44A1 /* PreferencesDriver.swift */; };
		D48F9AAC24A25D5E000CB53D /* WidgetKit.framework in Frameworks */ = {isa = PBXBuildFile; fileRef = D48F9A9924A2584E000CB53D /* WidgetKit.framework */; };
		D48F9AAF24A25D63000CB53D /* SwiftUI.framework in Frameworks */ = {isa = PBXBuildFile; fileRef = D48F9A9B24A2584E000CB53D /* SwiftUI.framework */; };
		D48F9AB124A25E76000CB53D /* CalendarInteractor.swift in Sources */ = {isa = PBXBuildFile; fileRef = D4B74270235E3E17003FDFF9 /* CalendarInteractor.swift */; };
		D48F9AB224A25E82000CB53D /* CalendarView.swift in Sources */ = {isa = PBXBuildFile; fileRef = D4B74268235E3036003FDFF9 /* CalendarView.swift */; };
		D48F9AB324A25E8D000CB53D /* CalendarTypes.swift in Sources */ = {isa = PBXBuildFile; fileRef = D4E386C6235F038400F88E28 /* CalendarTypes.swift */; };
		D48F9AB424A25FB3000CB53D /* EventService.swift in Sources */ = {isa = PBXBuildFile; fileRef = D47B16262360E406008A70A4 /* EventService.swift */; };
		D48F9AB524A25FBA000CB53D /* HeightModifier.swift in Sources */ = {isa = PBXBuildFile; fileRef = D479375D236098BF006D5EDC /* HeightModifier.swift */; };
		D48F9AB624A25FC5000CB53D /* ViewExtensions.swift in Sources */ = {isa = PBXBuildFile; fileRef = D479375623605A4B006D5EDC /* ViewExtensions.swift */; };
		D48F9AB724A25FCB000CB53D /* FoundationExtensions.swift in Sources */ = {isa = PBXBuildFile; fileRef = D4D9CCCD236194D100BC5EDF /* FoundationExtensions.swift */; };
		D48F9AB824A25FD0000CB53D /* CalendarHeader.swift in Sources */ = {isa = PBXBuildFile; fileRef = D4B7426C235E3AAA003FDFF9 /* CalendarHeader.swift */; };
		D48F9AB924A25FD7000CB53D /* CalendarHeaderButton.swift in Sources */ = {isa = PBXBuildFile; fileRef = D47937602360A442006D5EDC /* CalendarHeaderButton.swift */; };
		D48F9ABA24A25FDD000CB53D /* CalendarWeekdayBar.swift in Sources */ = {isa = PBXBuildFile; fileRef = D4B74272235E5300003FDFF9 /* CalendarWeekdayBar.swift */; };
		D48F9ABB24A25FE3000CB53D /* CalendarWeeknumBar.swift in Sources */ = {isa = PBXBuildFile; fileRef = D4E386C4235EE4F400F88E28 /* CalendarWeeknumBar.swift */; };
		D48F9ABC24A25FE8000CB53D /* CalendarMonthView.swift in Sources */ = {isa = PBXBuildFile; fileRef = D47836C0235EC7AE0030238C /* CalendarMonthView.swift */; };
		D48F9ABD24A25FEE000CB53D /* CalendarMonthdayView.swift in Sources */ = {isa = PBXBuildFile; fileRef = D4B74279235EBD64003FDFF9 /* CalendarMonthdayView.swift */; };
		D48F9ABE24A25FF3000CB53D /* CalendarViewWrapper.swift in Sources */ = {isa = PBXBuildFile; fileRef = D4CD22C82362F721000409CB /* CalendarViewWrapper.swift */; };
		D48F9ABF24A25FFE000CB53D /* RangeExtensions.swift in Sources */ = {isa = PBXBuildFile; fileRef = D479375A236082AD006D5EDC /* RangeExtensions.swift */; };
		D48F9AC124A26235000CB53D /* BlurredView.swift in Sources */ = {isa = PBXBuildFile; fileRef = D49AFD5C2363914A0033D98F /* BlurredView.swift */; };
		D49AFD5D2363914A0033D98F /* BlurredView.swift in Sources */ = {isa = PBXBuildFile; fileRef = D49AFD5C2363914A0033D98F /* BlurredView.swift */; };
		D4A6988F236DD5D200B34EAC /* InfoPlist.strings in Resources */ = {isa = PBXBuildFile; fileRef = D4A69891236DD5D200B34EAC /* InfoPlist.strings */; };
		D4A69894236DE37F00B34EAC /* UIScreenExtensions.swift in Sources */ = {isa = PBXBuildFile; fileRef = D48D4C56236AAEC200A8B921 /* UIScreenExtensions.swift */; };
		D4AF0CD4236C8333005FEFC6 /* InfoPlist.strings in Resources */ = {isa = PBXBuildFile; fileRef = D4AF0CD6236C8334005FEFC6 /* InfoPlist.strings */; };
		D4B034CA2361AE3C009A7344 /* OptionalExtensions.swift in Sources */ = {isa = PBXBuildFile; fileRef = D4B034C92361AE3C009A7344 /* OptionalExtensions.swift */; };
		D4B0AE4C236AE2DA00DC88C6 /* Pods_Shared.framework in Frameworks */ = {isa = PBXBuildFile; fileRef = 80E245D71F39F7B305C2C7DE /* Pods_Shared.framework */; };
		D4B74269235E3036003FDFF9 /* CalendarView.swift in Sources */ = {isa = PBXBuildFile; fileRef = D4B74268235E3036003FDFF9 /* CalendarView.swift */; };
		D4B7426B235E322A003FDFF9 /* CalendarRootController.swift in Sources */ = {isa = PBXBuildFile; fileRef = D4B7426A235E322A003FDFF9 /* CalendarRootController.swift */; };
		D4B7426D235E3AAA003FDFF9 /* CalendarHeader.swift in Sources */ = {isa = PBXBuildFile; fileRef = D4B7426C235E3AAA003FDFF9 /* CalendarHeader.swift */; };
		D4B74271235E3E17003FDFF9 /* CalendarInteractor.swift in Sources */ = {isa = PBXBuildFile; fileRef = D4B74270235E3E17003FDFF9 /* CalendarInteractor.swift */; };
		D4B74273235E5300003FDFF9 /* CalendarWeekdayBar.swift in Sources */ = {isa = PBXBuildFile; fileRef = D4B74272235E5300003FDFF9 /* CalendarWeekdayBar.swift */; };
		D4B74278235E6058003FDFF9 /* CGFloatExtensions.swift in Sources */ = {isa = PBXBuildFile; fileRef = D4B74277235E6058003FDFF9 /* CGFloatExtensions.swift */; };
		D4B7427A235EBD64003FDFF9 /* CalendarMonthdayView.swift in Sources */ = {isa = PBXBuildFile; fileRef = D4B74279235EBD64003FDFF9 /* CalendarMonthdayView.swift */; };
		D4BB6A55236B06B5008BCAC0 /* LimitedGestureCircleView.swift in Sources */ = {isa = PBXBuildFile; fileRef = D4BB6A2E236B06B5008BCAC0 /* LimitedGestureCircleView.swift */; };
		D4BB6A56236B06B5008BCAC0 /* ColorControlContentView.swift in Sources */ = {isa = PBXBuildFile; fileRef = D4BB6A2F236B06B5008BCAC0 /* ColorControlContentView.swift */; };
		D4BB6A57236B06B5008BCAC0 /* UIViewWithCommonInit.swift in Sources */ = {isa = PBXBuildFile; fileRef = D4BB6A30236B06B5008BCAC0 /* UIViewWithCommonInit.swift */; };
		D4BB6A58236B06B5008BCAC0 /* PaletteAwareScrollView.swift in Sources */ = {isa = PBXBuildFile; fileRef = D4BB6A31236B06B5008BCAC0 /* PaletteAwareScrollView.swift */; };
		D4BB6A59236B06B5008BCAC0 /* ColorPickerThumbView.swift in Sources */ = {isa = PBXBuildFile; fileRef = D4BB6A32236B06B5008BCAC0 /* ColorPickerThumbView.swift */; };
		D4BB6A5A236B06B5008BCAC0 /* GradientView.swift in Sources */ = {isa = PBXBuildFile; fileRef = D4BB6A33236B06B5008BCAC0 /* GradientView.swift */; };
		D4BB6A5B236B06B5008BCAC0 /* CircleShapedView.swift in Sources */ = {isa = PBXBuildFile; fileRef = D4BB6A34236B06B5008BCAC0 /* CircleShapedView.swift */; };
		D4BB6A5C236B06B5008BCAC0 /* CustomColorPickerViewController.swift in Sources */ = {isa = PBXBuildFile; fileRef = D4BB6A35236B06B5008BCAC0 /* CustomColorPickerViewController.swift */; };
		D4BB6A5E236B06B5008BCAC0 /* ColorPickerController.swift in Sources */ = {isa = PBXBuildFile; fileRef = D4BB6A37236B06B5008BCAC0 /* ColorPickerController.swift */; };
		D4BB6A5F236B06B5008BCAC0 /* DefaultColorPickerViewController.swift in Sources */ = {isa = PBXBuildFile; fileRef = D4BB6A38236B06B5008BCAC0 /* DefaultColorPickerViewController.swift */; };
		D4BB6A60236B06B5008BCAC0 /* UIImageViewExtension.swift in Sources */ = {isa = PBXBuildFile; fileRef = D4BB6A3A236B06B5008BCAC0 /* UIImageViewExtension.swift */; };
		D4BB6A61236B06B5008BCAC0 /* UIColorExtension.swift in Sources */ = {isa = PBXBuildFile; fileRef = D4BB6A3B236B06B5008BCAC0 /* UIColorExtension.swift */; };
		D4BB6A62236B06B5008BCAC0 /* LimitedGestureViewDelegate.swift in Sources */ = {isa = PBXBuildFile; fileRef = D4BB6A3C236B06B5008BCAC0 /* LimitedGestureViewDelegate.swift */; };
		D4BB6A63236B06B5008BCAC0 /* CGPointExtension.swift in Sources */ = {isa = PBXBuildFile; fileRef = D4BB6A3D236B06B5008BCAC0 /* CGPointExtension.swift */; };
		D4BB6A64236B06B5008BCAC0 /* UIViewExtension.swift in Sources */ = {isa = PBXBuildFile; fileRef = D4BB6A3E236B06B5008BCAC0 /* UIViewExtension.swift */; };
		D4BB6A65236B06B5008BCAC0 /* CGRectExtension.swift in Sources */ = {isa = PBXBuildFile; fileRef = D4BB6A3F236B06B5008BCAC0 /* CGRectExtension.swift */; };
		D4BB6A66236B06B5008BCAC0 /* UIImageExtension.swift in Sources */ = {isa = PBXBuildFile; fileRef = D4BB6A40236B06B5008BCAC0 /* UIImageExtension.swift */; };
		D4BB6A67236B06B5008BCAC0 /* RadialHSBPaletteDelegate.swift in Sources */ = {isa = PBXBuildFile; fileRef = D4BB6A42236B06B5008BCAC0 /* RadialHSBPaletteDelegate.swift */; };
		D4BB6A68236B06B5008BCAC0 /* RectangularHSBPaletteDelegate.swift in Sources */ = {isa = PBXBuildFile; fileRef = D4BB6A43236B06B5008BCAC0 /* RectangularHSBPaletteDelegate.swift */; };
		D4BB6A69236B06B5008BCAC0 /* ComponentSliderDelegates.swift in Sources */ = {isa = PBXBuildFile; fileRef = D4BB6A44236B06B5008BCAC0 /* ComponentSliderDelegates.swift */; };
		D4BB6A6A236B06B5008BCAC0 /* ColorSliderDelegate.swift in Sources */ = {isa = PBXBuildFile; fileRef = D4BB6A45236B06B5008BCAC0 /* ColorSliderDelegate.swift */; };
		D4BB6A6B236B06B5008BCAC0 /* ColorPaletteDelegate.swift in Sources */ = {isa = PBXBuildFile; fileRef = D4BB6A46236B06B5008BCAC0 /* ColorPaletteDelegate.swift */; };
		D4BB6A6C236B06B5008BCAC0 /* ColorSliderControl.swift in Sources */ = {isa = PBXBuildFile; fileRef = D4BB6A48236B06B5008BCAC0 /* ColorSliderControl.swift */; };
		D4BB6A6D236B06B5008BCAC0 /* PaletteControls.swift in Sources */ = {isa = PBXBuildFile; fileRef = D4BB6A49236B06B5008BCAC0 /* PaletteControls.swift */; };
		D4BB6A6E236B06B5008BCAC0 /* ColorPaletteControl.swift in Sources */ = {isa = PBXBuildFile; fileRef = D4BB6A4A236B06B5008BCAC0 /* ColorPaletteControl.swift */; };
		D4BB6A6F236B06B5008BCAC0 /* AbstractColorControl.swift in Sources */ = {isa = PBXBuildFile; fileRef = D4BB6A4B236B06B5008BCAC0 /* AbstractColorControl.swift */; };
		D4BB6A70236B06B5008BCAC0 /* ColorPreviewWithHex.swift in Sources */ = {isa = PBXBuildFile; fileRef = D4BB6A4C236B06B5008BCAC0 /* ColorPreviewWithHex.swift */; };
		D4BB6A71236B06B5008BCAC0 /* AdjustedHitBoxColorControl.swift in Sources */ = {isa = PBXBuildFile; fileRef = D4BB6A4D236B06B5008BCAC0 /* AdjustedHitBoxColorControl.swift */; };
		D4BB6A72236B06B5008BCAC0 /* ComponentSliderControls.swift in Sources */ = {isa = PBXBuildFile; fileRef = D4BB6A4E236B06B5008BCAC0 /* ComponentSliderControls.swift */; };
		D4BB6A73236B06B5008BCAC0 /* ControlWithThumbView.swift in Sources */ = {isa = PBXBuildFile; fileRef = D4BB6A4F236B06B5008BCAC0 /* ControlWithThumbView.swift */; };
		D4BB6A74236B06B5008BCAC0 /* ColorControl.swift in Sources */ = {isa = PBXBuildFile; fileRef = D4BB6A50236B06B5008BCAC0 /* ColorControl.swift */; };
		D4BB6A75236B06B5008BCAC0 /* ColorPickerDelegate.swift in Sources */ = {isa = PBXBuildFile; fileRef = D4BB6A51236B06B5008BCAC0 /* ColorPickerDelegate.swift */; };
		D4BB6A76236B06B5008BCAC0 /* ColorPickerControllerProtocol.swift in Sources */ = {isa = PBXBuildFile; fileRef = D4BB6A52236B06B5008BCAC0 /* ColorPickerControllerProtocol.swift */; };
		D4BB6A77236B06B5008BCAC0 /* HSBColor.swift in Sources */ = {isa = PBXBuildFile; fileRef = D4BB6A54236B06B5008BCAC0 /* HSBColor.swift */; };
		D4BB6A78236B06FE008BCAC0 /* PreferencesDriver.swift in Sources */ = {isa = PBXBuildFile; fileRef = D44D33562361F367001C44A1 /* PreferencesDriver.swift */; };
		D4BB6A79236B06FF008BCAC0 /* PreferencesDriver.swift in Sources */ = {isa = PBXBuildFile; fileRef = D44D33562361F367001C44A1 /* PreferencesDriver.swift */; };
		D4BB6A7A236B0703008BCAC0 /* DesignTypes.swift in Sources */ = {isa = PBXBuildFile; fileRef = D47836C7235EC9160030238C /* DesignTypes.swift */; };
		D4BB6A7B236B0703008BCAC0 /* DesignBook.swift in Sources */ = {isa = PBXBuildFile; fileRef = D47836C3235EC8D70030238C /* DesignBook.swift */; };
		D4BB6A7C236B0704008BCAC0 /* DesignTypes.swift in Sources */ = {isa = PBXBuildFile; fileRef = D47836C7235EC9160030238C /* DesignTypes.swift */; };
		D4BB6A7D236B0704008BCAC0 /* DesignBook.swift in Sources */ = {isa = PBXBuildFile; fileRef = D47836C3235EC8D70030238C /* DesignBook.swift */; };
		D4BB6A88236B1B5D008BCAC0 /* Localizable.strings in Resources */ = {isa = PBXBuildFile; fileRef = D4BB6A8A236B1B5D008BCAC0 /* Localizable.strings */; };
		D4BBE01F2364CCBD00F14E24 /* HosterContext.swift in Sources */ = {isa = PBXBuildFile; fileRef = D4BBE01E2364CCBD00F14E24 /* HosterContext.swift */; };
		D4BBE0212364D74A00F14E24 /* HosterColorPickerLegacySheet.swift in Sources */ = {isa = PBXBuildFile; fileRef = D4BBE0202364D74A00F14E24 /* HosterColorPickerLegacySheet.swift */; };
		D4CD22AA2362D9EA000409CB /* HosterAppDelegate.swift in Sources */ = {isa = PBXBuildFile; fileRef = D4CD22A92362D9EA000409CB /* HosterAppDelegate.swift */; };
		D4CD22AC2362D9EA000409CB /* HosterSceneDelegate.swift in Sources */ = {isa = PBXBuildFile; fileRef = D4CD22AB2362D9EA000409CB /* HosterSceneDelegate.swift */; };
		D4CD22AE2362D9EA000409CB /* HosterView.swift in Sources */ = {isa = PBXBuildFile; fileRef = D4CD22AD2362D9EA000409CB /* HosterView.swift */; };
		D4CD22B02362D9EB000409CB /* Assets.xcassets in Resources */ = {isa = PBXBuildFile; fileRef = D4CD22AF2362D9EB000409CB /* Assets.xcassets */; };
		D4CD22B32362D9EB000409CB /* Preview Assets.xcassets in Resources */ = {isa = PBXBuildFile; fileRef = D4CD22B22362D9EB000409CB /* Preview Assets.xcassets */; };
		D4CD22B62362D9EB000409CB /* LaunchScreen.storyboard in Resources */ = {isa = PBXBuildFile; fileRef = D4CD22B42362D9EB000409CB /* LaunchScreen.storyboard */; };
		D4CD22BC2362DB56000409CB /* HosterRootController.swift in Sources */ = {isa = PBXBuildFile; fileRef = D4CD22BB2362DB56000409CB /* HosterRootController.swift */; };
		D4CD22C42362E9CA000409CB /* HosterCalendarWrapper.swift in Sources */ = {isa = PBXBuildFile; fileRef = D4CD22C32362E9CA000409CB /* HosterCalendarWrapper.swift */; };
		D4CD22C92362F721000409CB /* CalendarViewWrapper.swift in Sources */ = {isa = PBXBuildFile; fileRef = D4CD22C82362F721000409CB /* CalendarViewWrapper.swift */; };
		D4CD22CC2362FCAD000409CB /* CalendarTypes.swift in Sources */ = {isa = PBXBuildFile; fileRef = D4E386C6235F038400F88E28 /* CalendarTypes.swift */; };
		D4CD22CD2362FCB2000409CB /* CalendarRootController.swift in Sources */ = {isa = PBXBuildFile; fileRef = D4B7426A235E322A003FDFF9 /* CalendarRootController.swift */; };
		D4CD22CE2362FCB2000409CB /* CalendarInteractor.swift in Sources */ = {isa = PBXBuildFile; fileRef = D4B74270235E3E17003FDFF9 /* CalendarInteractor.swift */; };
		D4CD22CF2362FCB2000409CB /* CalendarViewWrapper.swift in Sources */ = {isa = PBXBuildFile; fileRef = D4CD22C82362F721000409CB /* CalendarViewWrapper.swift */; };
		D4CD22D02362FCB2000409CB /* CalendarView.swift in Sources */ = {isa = PBXBuildFile; fileRef = D4B74268235E3036003FDFF9 /* CalendarView.swift */; };
		D4CD22D12362FCB2000409CB /* CalendarHeader.swift in Sources */ = {isa = PBXBuildFile; fileRef = D4B7426C235E3AAA003FDFF9 /* CalendarHeader.swift */; };
		D4CD22D22362FCB2000409CB /* CalendarHeaderButton.swift in Sources */ = {isa = PBXBuildFile; fileRef = D47937602360A442006D5EDC /* CalendarHeaderButton.swift */; };
		D4CD22D32362FCB2000409CB /* CalendarWeekdayBar.swift in Sources */ = {isa = PBXBuildFile; fileRef = D4B74272235E5300003FDFF9 /* CalendarWeekdayBar.swift */; };
		D4CD22D42362FCB2000409CB /* CalendarWeeknumBar.swift in Sources */ = {isa = PBXBuildFile; fileRef = D4E386C4235EE4F400F88E28 /* CalendarWeeknumBar.swift */; };
		D4CD22D52362FCB2000409CB /* CalendarMonthView.swift in Sources */ = {isa = PBXBuildFile; fileRef = D47836C0235EC7AE0030238C /* CalendarMonthView.swift */; };
		D4CD22D62362FCB2000409CB /* CalendarMonthdayView.swift in Sources */ = {isa = PBXBuildFile; fileRef = D4B74279235EBD64003FDFF9 /* CalendarMonthdayView.swift */; };
		D4CD22D72362FCBE000409CB /* EventService.swift in Sources */ = {isa = PBXBuildFile; fileRef = D47B16262360E406008A70A4 /* EventService.swift */; };
		D4CD22D82362FCBE000409CB /* FoundationExtensions.swift in Sources */ = {isa = PBXBuildFile; fileRef = D4D9CCCD236194D100BC5EDF /* FoundationExtensions.swift */; };
		D4CD22D92362FCBE000409CB /* OptionalExtensions.swift in Sources */ = {isa = PBXBuildFile; fileRef = D4B034C92361AE3C009A7344 /* OptionalExtensions.swift */; };
		D4CD22DA2362FCBE000409CB /* CGFloatExtensions.swift in Sources */ = {isa = PBXBuildFile; fileRef = D4B74277235E6058003FDFF9 /* CGFloatExtensions.swift */; };
		D4CD22DB2362FCBE000409CB /* ViewExtensions.swift in Sources */ = {isa = PBXBuildFile; fileRef = D479375623605A4B006D5EDC /* ViewExtensions.swift */; };
		D4CD22DC2362FCBE000409CB /* RangeExtensions.swift in Sources */ = {isa = PBXBuildFile; fileRef = D479375A236082AD006D5EDC /* RangeExtensions.swift */; };
		D4CD22DD2362FCBF000409CB /* CalendarExtensions.swift in Sources */ = {isa = PBXBuildFile; fileRef = D4D9CCCF236199D500BC5EDF /* CalendarExtensions.swift */; };
		D4CD22DE2362FCBF000409CB /* HeightModifier.swift in Sources */ = {isa = PBXBuildFile; fileRef = D479375D236098BF006D5EDC /* HeightModifier.swift */; };
		D4CD22DF2362FCBF000409CB /* PerformingModifier.swift in Sources */ = {isa = PBXBuildFile; fileRef = D47937622360A995006D5EDC /* PerformingModifier.swift */; };
		D4CD22E12363001C000409CB /* HosterColorsBlock.swift in Sources */ = {isa = PBXBuildFile; fileRef = D4CD22E02363001C000409CB /* HosterColorsBlock.swift */; };
		D4CD22E323630048000409CB /* HosterColorControl.swift in Sources */ = {isa = PBXBuildFile; fileRef = D4CD22E223630048000409CB /* HosterColorControl.swift */; };
		D4D9CCCE236194D100BC5EDF /* FoundationExtensions.swift in Sources */ = {isa = PBXBuildFile; fileRef = D4D9CCCD236194D100BC5EDF /* FoundationExtensions.swift */; };
		D4D9CCD0236199D500BC5EDF /* CalendarExtensions.swift in Sources */ = {isa = PBXBuildFile; fileRef = D4D9CCCF236199D500BC5EDF /* CalendarExtensions.swift */; };
		D4E386C5235EE4F400F88E28 /* CalendarWeeknumBar.swift in Sources */ = {isa = PBXBuildFile; fileRef = D4E386C4235EE4F400F88E28 /* CalendarWeeknumBar.swift */; };
		D4E386C7235F038400F88E28 /* CalendarTypes.swift in Sources */ = {isa = PBXBuildFile; fileRef = D4E386C6235F038400F88E28 /* CalendarTypes.swift */; };
/* End PBXBuildFile section */

/* Begin PBXContainerItemProxy section */
		D48F9AA324A2584F000CB53D /* PBXContainerItemProxy */ = {
			isa = PBXContainerItemProxy;
			containerPortal = D411EDE319C2A59B0054439F /* Project object */;
			proxyType = 1;
			remoteGlobalIDString = D48F9A9724A2584E000CB53D;
			remoteInfo = Widget2Extension;
		};
		D4BB6A2B236B0669008BCAC0 /* PBXContainerItemProxy */ = {
			isa = PBXContainerItemProxy;
			containerPortal = D411EDE319C2A59B0054439F /* Project object */;
			proxyType = 1;
			remoteGlobalIDString = D411EE1019C2A5CC0054439F;
			remoteInfo = Widget;
		};
/* End PBXContainerItemProxy section */

/* Begin PBXCopyFilesBuildPhase section */
		D41FCB0823642D2100499C19 /* Embed App Extensions */ = {
			isa = PBXCopyFilesBuildPhase;
			buildActionMask = 2147483647;
			dstPath = "";
			dstSubfolderSpec = 13;
			files = (
				D41FCB0523642D2100499C19 /* MiniMonth.appex in Embed App Extensions */,
				D48F9AA524A2584F000CB53D /* Widget2.appex in Embed App Extensions */,
			);
			name = "Embed App Extensions";
			runOnlyForDeploymentPostprocessing = 0;
		};
/* End PBXCopyFilesBuildPhase section */

/* Begin PBXFileReference section */
		477A47D192D2345B4CCF4AF2 /* Pods-Hoster.release.xcconfig */ = {isa = PBXFileReference; includeInIndex = 1; lastKnownFileType = text.xcconfig; name = "Pods-Hoster.release.xcconfig"; path = "Target Support Files/Pods-Hoster/Pods-Hoster.release.xcconfig"; sourceTree = "<group>"; };
		5CBD01120EF67949BC8DAB77 /* Pods-Widget.debug.xcconfig */ = {isa = PBXFileReference; includeInIndex = 1; lastKnownFileType = text.xcconfig; name = "Pods-Widget.debug.xcconfig"; path = "Target Support Files/Pods-Widget/Pods-Widget.debug.xcconfig"; sourceTree = "<group>"; };
		80E245D71F39F7B305C2C7DE /* Pods_Shared.framework */ = {isa = PBXFileReference; explicitFileType = wrapper.framework; includeInIndex = 0; path = Pods_Shared.framework; sourceTree = BUILT_PRODUCTS_DIR; };
		91D2EC40568CFE27EE2022DC /* Pods_Widget.framework */ = {isa = PBXFileReference; explicitFileType = wrapper.framework; includeInIndex = 0; path = Pods_Widget.framework; sourceTree = BUILT_PRODUCTS_DIR; };
		96EC50B9B1A979629C02E0C7 /* Pods-Shared.debug.xcconfig */ = {isa = PBXFileReference; includeInIndex = 1; lastKnownFileType = text.xcconfig; name = "Pods-Shared.debug.xcconfig"; path = "Target Support Files/Pods-Shared/Pods-Shared.debug.xcconfig"; sourceTree = "<group>"; };
		9C1EC1421D97F8B8D435509E /* Pods_Hoster.framework */ = {isa = PBXFileReference; explicitFileType = wrapper.framework; includeInIndex = 0; path = Pods_Hoster.framework; sourceTree = BUILT_PRODUCTS_DIR; };
		AFED14423E6B7500C2DA861E /* Pods-Widget.release.xcconfig */ = {isa = PBXFileReference; includeInIndex = 1; lastKnownFileType = text.xcconfig; name = "Pods-Widget.release.xcconfig"; path = "Target Support Files/Pods-Widget/Pods-Widget.release.xcconfig"; sourceTree = "<group>"; };
		B9BF114416E440853E417285 /* Pods-Hoster.debug.xcconfig */ = {isa = PBXFileReference; includeInIndex = 1; lastKnownFileType = text.xcconfig; name = "Pods-Hoster.debug.xcconfig"; path = "Target Support Files/Pods-Hoster/Pods-Hoster.debug.xcconfig"; sourceTree = "<group>"; };
		D405D3F9236CB336000B1893 /* README.md */ = {isa = PBXFileReference; lastKnownFileType = net.daringfireball.markdown; path = README.md; sourceTree = "<group>"; };
		D4071AE324A6AB0F00A22EC5 /* Color+Ext.swift */ = {isa = PBXFileReference; lastKnownFileType = sourcecode.swift; path = "Color+Ext.swift"; sourceTree = "<group>"; };
		D4071AE524A706C400A22EC5 /* HosterColorPickerNativeSheet.swift */ = {isa = PBXFileReference; lastKnownFileType = sourcecode.swift; path = HosterColorPickerNativeSheet.swift; sourceTree = "<group>"; };
		D411EE1119C2A5CC0054439F /* MiniMonth.appex */ = {isa = PBXFileReference; explicitFileType = "wrapper.app-extension"; includeInIndex = 0; path = MiniMonth.appex; sourceTree = BUILT_PRODUCTS_DIR; };
		D411EE1319C2A5CD0054439F /* NotificationCenter.framework */ = {isa = PBXFileReference; lastKnownFileType = wrapper.framework; name = NotificationCenter.framework; path = System/Library/Frameworks/NotificationCenter.framework; sourceTree = SDKROOT; };
		D411EE1719C2A5CD0054439F /* Info.plist */ = {isa = PBXFileReference; lastKnownFileType = text.plist.xml; path = Info.plist; sourceTree = "<group>"; };
		D41F997F236EC854007B727F /* en */ = {isa = PBXFileReference; lastKnownFileType = text.plist.stringsdict; name = en; path = en.lproj/Localizable.stringsdict; sourceTree = "<group>"; };
		D41F9981236EC85A007B727F /* ru */ = {isa = PBXFileReference; lastKnownFileType = text.plist.stringsdict; name = ru; path = ru.lproj/Localizable.stringsdict; sourceTree = "<group>"; };
		D41FCB0923642E6100499C19 /* Hoster.entitlements */ = {isa = PBXFileReference; lastKnownFileType = text.plist.entitlements; path = Hoster.entitlements; sourceTree = "<group>"; };
		D41FCB0B2364B11A00499C19 /* OrientationWatcher.swift */ = {isa = PBXFileReference; lastKnownFileType = sourcecode.swift; path = OrientationWatcher.swift; sourceTree = "<group>"; };
		D44D33562361F367001C44A1 /* PreferencesDriver.swift */ = {isa = PBXFileReference; lastKnownFileType = sourcecode.swift; path = PreferencesDriver.swift; sourceTree = "<group>"; };
		D44D33622362428B001C44A1 /* Shared.framework */ = {isa = PBXFileReference; explicitFileType = wrapper.framework; includeInIndex = 0; path = Shared.framework; sourceTree = BUILT_PRODUCTS_DIR; };
		D44D33642362428B001C44A1 /* MiniMonth_Shared.h */ = {isa = PBXFileReference; lastKnownFileType = sourcecode.c.h; path = MiniMonth_Shared.h; sourceTree = "<group>"; };
		D44D33652362428B001C44A1 /* Info.plist */ = {isa = PBXFileReference; lastKnownFileType = text.plist.xml; path = Info.plist; sourceTree = "<group>"; };
		D468DB2423631F230085122D /* HosterPreferencesBlock.swift */ = {isa = PBXFileReference; lastKnownFileType = sourcecode.swift; path = HosterPreferencesBlock.swift; sourceTree = "<group>"; };
		D468DB2B23633E0C0085122D /* HosterPreferencesInteractor.swift */ = {isa = PBXFileReference; lastKnownFileType = sourcecode.swift; path = HosterPreferencesInteractor.swift; sourceTree = "<group>"; };
		D47836C0235EC7AE0030238C /* CalendarMonthView.swift */ = {isa = PBXFileReference; lastKnownFileType = sourcecode.swift; path = CalendarMonthView.swift; sourceTree = "<group>"; };
		D47836C3235EC8D70030238C /* DesignBook.swift */ = {isa = PBXFileReference; lastKnownFileType = sourcecode.swift; path = DesignBook.swift; sourceTree = "<group>"; };
		D47836C7235EC9160030238C /* DesignTypes.swift */ = {isa = PBXFileReference; lastKnownFileType = sourcecode.swift; path = DesignTypes.swift; sourceTree = "<group>"; };
		D479375623605A4B006D5EDC /* ViewExtensions.swift */ = {isa = PBXFileReference; lastKnownFileType = sourcecode.swift; path = ViewExtensions.swift; sourceTree = "<group>"; };
		D479375A236082AD006D5EDC /* RangeExtensions.swift */ = {isa = PBXFileReference; lastKnownFileType = sourcecode.swift; path = RangeExtensions.swift; sourceTree = "<group>"; };
		D479375D236098BF006D5EDC /* HeightModifier.swift */ = {isa = PBXFileReference; lastKnownFileType = sourcecode.swift; path = HeightModifier.swift; sourceTree = "<group>"; };
		D47937602360A442006D5EDC /* CalendarHeaderButton.swift */ = {isa = PBXFileReference; lastKnownFileType = sourcecode.swift; path = CalendarHeaderButton.swift; sourceTree = "<group>"; };
		D47937622360A995006D5EDC /* PerformingModifier.swift */ = {isa = PBXFileReference; lastKnownFileType = sourcecode.swift; path = PerformingModifier.swift; sourceTree = "<group>"; };
		D47B16262360E406008A70A4 /* EventService.swift */ = {isa = PBXFileReference; lastKnownFileType = sourcecode.swift; path = EventService.swift; sourceTree = "<group>"; };
		D47D8F3424B0651700331446 /* en */ = {isa = PBXFileReference; lastKnownFileType = text.plist.strings; name = en; path = en.lproj/Localizable.strings; sourceTree = "<group>"; };
		D47D8F3624B0651B00331446 /* ru */ = {isa = PBXFileReference; lastKnownFileType = text.plist.strings; name = ru; path = ru.lproj/Localizable.strings; sourceTree = "<group>"; };
		D48D4C56236AAEC200A8B921 /* UIScreenExtensions.swift */ = {isa = PBXFileReference; lastKnownFileType = sourcecode.swift; path = UIScreenExtensions.swift; sourceTree = "<group>"; };
		D48F9A9824A2584E000CB53D /* Widget2.appex */ = {isa = PBXFileReference; explicitFileType = "wrapper.app-extension"; includeInIndex = 0; path = Widget2.appex; sourceTree = BUILT_PRODUCTS_DIR; };
		D48F9A9924A2584E000CB53D /* WidgetKit.framework */ = {isa = PBXFileReference; lastKnownFileType = wrapper.framework; name = WidgetKit.framework; path = System/Library/Frameworks/WidgetKit.framework; sourceTree = SDKROOT; };
		D48F9A9B24A2584E000CB53D /* SwiftUI.framework */ = {isa = PBXFileReference; lastKnownFileType = wrapper.framework; name = SwiftUI.framework; path = System/Library/Frameworks/SwiftUI.framework; sourceTree = SDKROOT; };
		D48F9A9E24A2584E000CB53D /* Widget2.swift */ = {isa = PBXFileReference; lastKnownFileType = sourcecode.swift; path = Widget2.swift; sourceTree = "<group>"; };
		D48F9AA024A2584F000CB53D /* Assets.xcassets */ = {isa = PBXFileReference; lastKnownFileType = folder.assetcatalog; path = Assets.xcassets; sourceTree = "<group>"; };
		D48F9AA224A2584F000CB53D /* Info.plist */ = {isa = PBXFileReference; lastKnownFileType = text.plist.xml; path = Info.plist; sourceTree = "<group>"; };
		D48F9AC424A27B11000CB53D /* Widget2.entitlements */ = {isa = PBXFileReference; lastKnownFileType = text.plist.entitlements; path = Widget2.entitlements; sourceTree = "<group>"; };
		D49AFD5C2363914A0033D98F /* BlurredView.swift */ = {isa = PBXFileReference; lastKnownFileType = sourcecode.swift; path = BlurredView.swift; sourceTree = "<group>"; };
		D4A69890236DD5D200B34EAC /* en */ = {isa = PBXFileReference; lastKnownFileType = text.plist.strings; name = en; path = en.lproj/InfoPlist.strings; sourceTree = "<group>"; };
		D4A69892236DD5D400B34EAC /* ru */ = {isa = PBXFileReference; lastKnownFileType = text.plist.strings; name = ru; path = ru.lproj/InfoPlist.strings; sourceTree = "<group>"; };
		D4AF0CD5236C8334005FEFC6 /* en */ = {isa = PBXFileReference; lastKnownFileType = text.plist.strings; name = en; path = en.lproj/InfoPlist.strings; sourceTree = "<group>"; };
		D4AF0CD7236C8339005FEFC6 /* ru */ = {isa = PBXFileReference; lastKnownFileType = text.plist.strings; name = ru; path = ru.lproj/InfoPlist.strings; sourceTree = "<group>"; };
		D4AF0CD8236C8432005FEFC6 /* Info.plist */ = {isa = PBXFileReference; lastKnownFileType = text.plist; name = Info.plist; path = Hoster/Info.plist; sourceTree = SOURCE_ROOT; };
		D4B034C92361AE3C009A7344 /* OptionalExtensions.swift */ = {isa = PBXFileReference; lastKnownFileType = sourcecode.swift; path = OptionalExtensions.swift; sourceTree = "<group>"; };
		D4B74268235E3036003FDFF9 /* CalendarView.swift */ = {isa = PBXFileReference; lastKnownFileType = sourcecode.swift; path = CalendarView.swift; sourceTree = "<group>"; };
		D4B7426A235E322A003FDFF9 /* CalendarRootController.swift */ = {isa = PBXFileReference; lastKnownFileType = sourcecode.swift; path = CalendarRootController.swift; sourceTree = "<group>"; };
		D4B7426C235E3AAA003FDFF9 /* CalendarHeader.swift */ = {isa = PBXFileReference; lastKnownFileType = sourcecode.swift; path = CalendarHeader.swift; sourceTree = "<group>"; };
		D4B74270235E3E17003FDFF9 /* CalendarInteractor.swift */ = {isa = PBXFileReference; lastKnownFileType = sourcecode.swift; path = CalendarInteractor.swift; sourceTree = "<group>"; };
		D4B74272235E5300003FDFF9 /* CalendarWeekdayBar.swift */ = {isa = PBXFileReference; lastKnownFileType = sourcecode.swift; path = CalendarWeekdayBar.swift; sourceTree = "<group>"; };
		D4B74277235E6058003FDFF9 /* CGFloatExtensions.swift */ = {isa = PBXFileReference; lastKnownFileType = sourcecode.swift; path = CGFloatExtensions.swift; sourceTree = "<group>"; };
		D4B74279235EBD64003FDFF9 /* CalendarMonthdayView.swift */ = {isa = PBXFileReference; lastKnownFileType = sourcecode.swift; path = CalendarMonthdayView.swift; sourceTree = "<group>"; };
		D4BB6A2E236B06B5008BCAC0 /* LimitedGestureCircleView.swift */ = {isa = PBXFileReference; fileEncoding = 4; lastKnownFileType = sourcecode.swift; path = LimitedGestureCircleView.swift; sourceTree = "<group>"; };
		D4BB6A2F236B06B5008BCAC0 /* ColorControlContentView.swift */ = {isa = PBXFileReference; fileEncoding = 4; lastKnownFileType = sourcecode.swift; path = ColorControlContentView.swift; sourceTree = "<group>"; };
		D4BB6A30236B06B5008BCAC0 /* UIViewWithCommonInit.swift */ = {isa = PBXFileReference; fileEncoding = 4; lastKnownFileType = sourcecode.swift; path = UIViewWithCommonInit.swift; sourceTree = "<group>"; };
		D4BB6A31236B06B5008BCAC0 /* PaletteAwareScrollView.swift */ = {isa = PBXFileReference; fileEncoding = 4; lastKnownFileType = sourcecode.swift; path = PaletteAwareScrollView.swift; sourceTree = "<group>"; };
		D4BB6A32236B06B5008BCAC0 /* ColorPickerThumbView.swift */ = {isa = PBXFileReference; fileEncoding = 4; lastKnownFileType = sourcecode.swift; path = ColorPickerThumbView.swift; sourceTree = "<group>"; };
		D4BB6A33236B06B5008BCAC0 /* GradientView.swift */ = {isa = PBXFileReference; fileEncoding = 4; lastKnownFileType = sourcecode.swift; path = GradientView.swift; sourceTree = "<group>"; };
		D4BB6A34236B06B5008BCAC0 /* CircleShapedView.swift */ = {isa = PBXFileReference; fileEncoding = 4; lastKnownFileType = sourcecode.swift; path = CircleShapedView.swift; sourceTree = "<group>"; };
		D4BB6A35236B06B5008BCAC0 /* CustomColorPickerViewController.swift */ = {isa = PBXFileReference; fileEncoding = 4; lastKnownFileType = sourcecode.swift; path = CustomColorPickerViewController.swift; sourceTree = "<group>"; };
		D4BB6A37236B06B5008BCAC0 /* ColorPickerController.swift */ = {isa = PBXFileReference; fileEncoding = 4; lastKnownFileType = sourcecode.swift; path = ColorPickerController.swift; sourceTree = "<group>"; };
		D4BB6A38236B06B5008BCAC0 /* DefaultColorPickerViewController.swift */ = {isa = PBXFileReference; fileEncoding = 4; lastKnownFileType = sourcecode.swift; path = DefaultColorPickerViewController.swift; sourceTree = "<group>"; };
		D4BB6A3A236B06B5008BCAC0 /* UIImageViewExtension.swift */ = {isa = PBXFileReference; fileEncoding = 4; lastKnownFileType = sourcecode.swift; path = UIImageViewExtension.swift; sourceTree = "<group>"; };
		D4BB6A3B236B06B5008BCAC0 /* UIColorExtension.swift */ = {isa = PBXFileReference; fileEncoding = 4; lastKnownFileType = sourcecode.swift; path = UIColorExtension.swift; sourceTree = "<group>"; };
		D4BB6A3C236B06B5008BCAC0 /* LimitedGestureViewDelegate.swift */ = {isa = PBXFileReference; fileEncoding = 4; lastKnownFileType = sourcecode.swift; path = LimitedGestureViewDelegate.swift; sourceTree = "<group>"; };
		D4BB6A3D236B06B5008BCAC0 /* CGPointExtension.swift */ = {isa = PBXFileReference; fileEncoding = 4; lastKnownFileType = sourcecode.swift; path = CGPointExtension.swift; sourceTree = "<group>"; };
		D4BB6A3E236B06B5008BCAC0 /* UIViewExtension.swift */ = {isa = PBXFileReference; fileEncoding = 4; lastKnownFileType = sourcecode.swift; path = UIViewExtension.swift; sourceTree = "<group>"; };
		D4BB6A3F236B06B5008BCAC0 /* CGRectExtension.swift */ = {isa = PBXFileReference; fileEncoding = 4; lastKnownFileType = sourcecode.swift; path = CGRectExtension.swift; sourceTree = "<group>"; };
		D4BB6A40236B06B5008BCAC0 /* UIImageExtension.swift */ = {isa = PBXFileReference; fileEncoding = 4; lastKnownFileType = sourcecode.swift; path = UIImageExtension.swift; sourceTree = "<group>"; };
		D4BB6A42236B06B5008BCAC0 /* RadialHSBPaletteDelegate.swift */ = {isa = PBXFileReference; fileEncoding = 4; lastKnownFileType = sourcecode.swift; path = RadialHSBPaletteDelegate.swift; sourceTree = "<group>"; };
		D4BB6A43236B06B5008BCAC0 /* RectangularHSBPaletteDelegate.swift */ = {isa = PBXFileReference; fileEncoding = 4; lastKnownFileType = sourcecode.swift; path = RectangularHSBPaletteDelegate.swift; sourceTree = "<group>"; };
		D4BB6A44236B06B5008BCAC0 /* ComponentSliderDelegates.swift */ = {isa = PBXFileReference; fileEncoding = 4; lastKnownFileType = sourcecode.swift; path = ComponentSliderDelegates.swift; sourceTree = "<group>"; };
		D4BB6A45236B06B5008BCAC0 /* ColorSliderDelegate.swift */ = {isa = PBXFileReference; fileEncoding = 4; lastKnownFileType = sourcecode.swift; path = ColorSliderDelegate.swift; sourceTree = "<group>"; };
		D4BB6A46236B06B5008BCAC0 /* ColorPaletteDelegate.swift */ = {isa = PBXFileReference; fileEncoding = 4; lastKnownFileType = sourcecode.swift; path = ColorPaletteDelegate.swift; sourceTree = "<group>"; };
		D4BB6A48236B06B5008BCAC0 /* ColorSliderControl.swift */ = {isa = PBXFileReference; fileEncoding = 4; lastKnownFileType = sourcecode.swift; path = ColorSliderControl.swift; sourceTree = "<group>"; };
		D4BB6A49236B06B5008BCAC0 /* PaletteControls.swift */ = {isa = PBXFileReference; fileEncoding = 4; lastKnownFileType = sourcecode.swift; path = PaletteControls.swift; sourceTree = "<group>"; };
		D4BB6A4A236B06B5008BCAC0 /* ColorPaletteControl.swift */ = {isa = PBXFileReference; fileEncoding = 4; lastKnownFileType = sourcecode.swift; path = ColorPaletteControl.swift; sourceTree = "<group>"; };
		D4BB6A4B236B06B5008BCAC0 /* AbstractColorControl.swift */ = {isa = PBXFileReference; fileEncoding = 4; lastKnownFileType = sourcecode.swift; path = AbstractColorControl.swift; sourceTree = "<group>"; };
		D4BB6A4C236B06B5008BCAC0 /* ColorPreviewWithHex.swift */ = {isa = PBXFileReference; fileEncoding = 4; lastKnownFileType = sourcecode.swift; path = ColorPreviewWithHex.swift; sourceTree = "<group>"; };
		D4BB6A4D236B06B5008BCAC0 /* AdjustedHitBoxColorControl.swift */ = {isa = PBXFileReference; fileEncoding = 4; lastKnownFileType = sourcecode.swift; path = AdjustedHitBoxColorControl.swift; sourceTree = "<group>"; };
		D4BB6A4E236B06B5008BCAC0 /* ComponentSliderControls.swift */ = {isa = PBXFileReference; fileEncoding = 4; lastKnownFileType = sourcecode.swift; path = ComponentSliderControls.swift; sourceTree = "<group>"; };
		D4BB6A4F236B06B5008BCAC0 /* ControlWithThumbView.swift */ = {isa = PBXFileReference; fileEncoding = 4; lastKnownFileType = sourcecode.swift; path = ControlWithThumbView.swift; sourceTree = "<group>"; };
		D4BB6A50236B06B5008BCAC0 /* ColorControl.swift */ = {isa = PBXFileReference; fileEncoding = 4; lastKnownFileType = sourcecode.swift; path = ColorControl.swift; sourceTree = "<group>"; };
		D4BB6A51236B06B5008BCAC0 /* ColorPickerDelegate.swift */ = {isa = PBXFileReference; fileEncoding = 4; lastKnownFileType = sourcecode.swift; path = ColorPickerDelegate.swift; sourceTree = "<group>"; };
		D4BB6A52236B06B5008BCAC0 /* ColorPickerControllerProtocol.swift */ = {isa = PBXFileReference; fileEncoding = 4; lastKnownFileType = sourcecode.swift; path = ColorPickerControllerProtocol.swift; sourceTree = "<group>"; };
		D4BB6A53236B06B5008BCAC0 /* FlexColorPicker.h */ = {isa = PBXFileReference; fileEncoding = 4; lastKnownFileType = sourcecode.c.h; path = FlexColorPicker.h; sourceTree = "<group>"; };
		D4BB6A54236B06B5008BCAC0 /* HSBColor.swift */ = {isa = PBXFileReference; fileEncoding = 4; lastKnownFileType = sourcecode.swift; path = HSBColor.swift; sourceTree = "<group>"; };
		D4BB6A89236B1B5D008BCAC0 /* ru */ = {isa = PBXFileReference; lastKnownFileType = text.plist.strings; name = ru; path = ru.lproj/Localizable.strings; sourceTree = "<group>"; };
		D4BB6A8C236B1B88008BCAC0 /* Base */ = {isa = PBXFileReference; lastKnownFileType = file.storyboard; name = Base; path = Base.lproj/LaunchScreen.storyboard; sourceTree = "<group>"; };
		D4BB6A8D236B1BA3008BCAC0 /* en */ = {isa = PBXFileReference; lastKnownFileType = text.plist.strings; name = en; path = en.lproj/Localizable.strings; sourceTree = "<group>"; };
		D4BBE01E2364CCBD00F14E24 /* HosterContext.swift */ = {isa = PBXFileReference; lastKnownFileType = sourcecode.swift; path = HosterContext.swift; sourceTree = "<group>"; };
		D4BBE0202364D74A00F14E24 /* HosterColorPickerLegacySheet.swift */ = {isa = PBXFileReference; lastKnownFileType = sourcecode.swift; path = HosterColorPickerLegacySheet.swift; sourceTree = "<group>"; };
		D4C735AA19FFBAEC0066A6E8 /* Widget.entitlements */ = {isa = PBXFileReference; lastKnownFileType = text.plist.entitlements; path = Widget.entitlements; sourceTree = "<group>"; };
		D4CD22A72362D9EA000409CB /* Hoster.app */ = {isa = PBXFileReference; explicitFileType = wrapper.application; includeInIndex = 0; path = Hoster.app; sourceTree = BUILT_PRODUCTS_DIR; };
		D4CD22A92362D9EA000409CB /* HosterAppDelegate.swift */ = {isa = PBXFileReference; lastKnownFileType = sourcecode.swift; path = HosterAppDelegate.swift; sourceTree = "<group>"; };
		D4CD22AB2362D9EA000409CB /* HosterSceneDelegate.swift */ = {isa = PBXFileReference; lastKnownFileType = sourcecode.swift; path = HosterSceneDelegate.swift; sourceTree = "<group>"; };
		D4CD22AD2362D9EA000409CB /* HosterView.swift */ = {isa = PBXFileReference; lastKnownFileType = sourcecode.swift; path = HosterView.swift; sourceTree = "<group>"; };
		D4CD22AF2362D9EB000409CB /* Assets.xcassets */ = {isa = PBXFileReference; lastKnownFileType = folder.assetcatalog; path = Assets.xcassets; sourceTree = "<group>"; };
		D4CD22B22362D9EB000409CB /* Preview Assets.xcassets */ = {isa = PBXFileReference; lastKnownFileType = folder.assetcatalog; path = "Preview Assets.xcassets"; sourceTree = "<group>"; };
		D4CD22BB2362DB56000409CB /* HosterRootController.swift */ = {isa = PBXFileReference; lastKnownFileType = sourcecode.swift; path = HosterRootController.swift; sourceTree = "<group>"; };
		D4CD22C32362E9CA000409CB /* HosterCalendarWrapper.swift */ = {isa = PBXFileReference; lastKnownFileType = sourcecode.swift; path = HosterCalendarWrapper.swift; sourceTree = "<group>"; };
		D4CD22C82362F721000409CB /* CalendarViewWrapper.swift */ = {isa = PBXFileReference; lastKnownFileType = sourcecode.swift; path = CalendarViewWrapper.swift; sourceTree = "<group>"; };
		D4CD22E02363001C000409CB /* HosterColorsBlock.swift */ = {isa = PBXFileReference; lastKnownFileType = sourcecode.swift; path = HosterColorsBlock.swift; sourceTree = "<group>"; };
		D4CD22E223630048000409CB /* HosterColorControl.swift */ = {isa = PBXFileReference; lastKnownFileType = sourcecode.swift; path = HosterColorControl.swift; sourceTree = "<group>"; };
		D4D9CCCD236194D100BC5EDF /* FoundationExtensions.swift */ = {isa = PBXFileReference; lastKnownFileType = sourcecode.swift; path = FoundationExtensions.swift; sourceTree = "<group>"; };
		D4D9CCCF236199D500BC5EDF /* CalendarExtensions.swift */ = {isa = PBXFileReference; lastKnownFileType = sourcecode.swift; path = CalendarExtensions.swift; sourceTree = "<group>"; };
		D4E386C4235EE4F400F88E28 /* CalendarWeeknumBar.swift */ = {isa = PBXFileReference; lastKnownFileType = sourcecode.swift; path = CalendarWeeknumBar.swift; sourceTree = "<group>"; };
		D4E386C6235F038400F88E28 /* CalendarTypes.swift */ = {isa = PBXFileReference; lastKnownFileType = sourcecode.swift; path = CalendarTypes.swift; sourceTree = "<group>"; };
		D9011AD970F14306A6810DC6 /* Pods-Shared.release.xcconfig */ = {isa = PBXFileReference; includeInIndex = 1; lastKnownFileType = text.xcconfig; name = "Pods-Shared.release.xcconfig"; path = "Target Support Files/Pods-Shared/Pods-Shared.release.xcconfig"; sourceTree = "<group>"; };
/* End PBXFileReference section */

/* Begin PBXFrameworksBuildPhase section */
		D411EE0E19C2A5CC0054439F /* Frameworks */ = {
			isa = PBXFrameworksBuildPhase;
			buildActionMask = 2147483647;
			files = (
				D411EE1419C2A5CD0054439F /* NotificationCenter.framework in Frameworks */,
				7AD455F213FC2B16321EF05B /* Pods_Widget.framework in Frameworks */,
			);
			runOnlyForDeploymentPostprocessing = 0;
		};
		D44D335F2362428B001C44A1 /* Frameworks */ = {
			isa = PBXFrameworksBuildPhase;
			buildActionMask = 2147483647;
			files = (
				D4B0AE4C236AE2DA00DC88C6 /* Pods_Shared.framework in Frameworks */,
			);
			runOnlyForDeploymentPostprocessing = 0;
		};
		D48F9A9524A2584E000CB53D /* Frameworks */ = {
			isa = PBXFrameworksBuildPhase;
			buildActionMask = 2147483647;
			files = (
				D48F9AAF24A25D63000CB53D /* SwiftUI.framework in Frameworks */,
				D48F9AAC24A25D5E000CB53D /* WidgetKit.framework in Frameworks */,
			);
			runOnlyForDeploymentPostprocessing = 0;
		};
		D4CD22A42362D9EA000409CB /* Frameworks */ = {
			isa = PBXFrameworksBuildPhase;
			buildActionMask = 2147483647;
			files = (
				7EECCB5FE343DAE90614D369 /* Pods_Hoster.framework in Frameworks */,
			);
			runOnlyForDeploymentPostprocessing = 0;
		};
/* End PBXFrameworksBuildPhase section */

/* Begin PBXGroup section */
		B5D164EBDA701216C73B96CC /* Pods */ = {
			isa = PBXGroup;
			children = (
				B9BF114416E440853E417285 /* Pods-Hoster.debug.xcconfig */,
				477A47D192D2345B4CCF4AF2 /* Pods-Hoster.release.xcconfig */,
				96EC50B9B1A979629C02E0C7 /* Pods-Shared.debug.xcconfig */,
				D9011AD970F14306A6810DC6 /* Pods-Shared.release.xcconfig */,
				5CBD01120EF67949BC8DAB77 /* Pods-Widget.debug.xcconfig */,
				AFED14423E6B7500C2DA861E /* Pods-Widget.release.xcconfig */,
			);
			path = Pods;
			sourceTree = "<group>";
		};
		D4070DD72361A9B000879694 /* Modules */ = {
			isa = PBXGroup;
			children = (
				D4070DD82361A9C700879694 /* Calendar */,
			);
			path = Modules;
			sourceTree = "<group>";
		};
		D4070DD82361A9C700879694 /* Calendar */ = {
			isa = PBXGroup;
			children = (
				D4E386C6235F038400F88E28 /* CalendarTypes.swift */,
				D4B7426A235E322A003FDFF9 /* CalendarRootController.swift */,
				D4B74270235E3E17003FDFF9 /* CalendarInteractor.swift */,
				D4CD22C82362F721000409CB /* CalendarViewWrapper.swift */,
				D4B74268235E3036003FDFF9 /* CalendarView.swift */,
				D4B7426C235E3AAA003FDFF9 /* CalendarHeader.swift */,
				D47937602360A442006D5EDC /* CalendarHeaderButton.swift */,
				D4B74272235E5300003FDFF9 /* CalendarWeekdayBar.swift */,
				D4E386C4235EE4F400F88E28 /* CalendarWeeknumBar.swift */,
				D47836C0235EC7AE0030238C /* CalendarMonthView.swift */,
				D4B74279235EBD64003FDFF9 /* CalendarMonthdayView.swift */,
			);
			path = Calendar;
			sourceTree = "<group>";
		};
		D4070DD92361AA7C00879694 /* EventService */ = {
			isa = PBXGroup;
			children = (
				D47B16262360E406008A70A4 /* EventService.swift */,
			);
			path = EventService;
			sourceTree = "<group>";
		};
		D4071AE224A6AB0600A22EC5 /* Extensions */ = {
			isa = PBXGroup;
			children = (
				D4071AE324A6AB0F00A22EC5 /* Color+Ext.swift */,
			);
			path = Extensions;
			sourceTree = "<group>";
		};
		D411EDE219C2A59B0054439F = {
			isa = PBXGroup;
			children = (
				D4E066EE236B060600647791 /* Libs */,
				D44D33632362428B001C44A1 /* Shared */,
				D4CD22A82362D9EA000409CB /* Hoster */,
				D4B74267235E2512003FDFF9 /* Widget */,
				D48F9A9D24A2584E000CB53D /* Widget2 */,
				D411EE1219C2A5CD0054439F /* Frameworks */,
				D411EDEC19C2A59B0054439F /* Products */,
				B5D164EBDA701216C73B96CC /* Pods */,
			);
			sourceTree = "<group>";
		};
		D411EDEC19C2A59B0054439F /* Products */ = {
			isa = PBXGroup;
			children = (
				D411EE1119C2A5CC0054439F /* MiniMonth.appex */,
				D44D33622362428B001C44A1 /* Shared.framework */,
				D4CD22A72362D9EA000409CB /* Hoster.app */,
				D48F9A9824A2584E000CB53D /* Widget2.appex */,
			);
			name = Products;
			sourceTree = "<group>";
		};
		D411EE1219C2A5CD0054439F /* Frameworks */ = {
			isa = PBXGroup;
			children = (
				D411EE1319C2A5CD0054439F /* NotificationCenter.framework */,
				9C1EC1421D97F8B8D435509E /* Pods_Hoster.framework */,
				80E245D71F39F7B305C2C7DE /* Pods_Shared.framework */,
				91D2EC40568CFE27EE2022DC /* Pods_Widget.framework */,
				D48F9A9924A2584E000CB53D /* WidgetKit.framework */,
				D48F9A9B24A2584E000CB53D /* SwiftUI.framework */,
			);
			name = Frameworks;
			sourceTree = "<group>";
		};
		D41FCB0A2364B0AB00499C19 /* Wrappers */ = {
			isa = PBXGroup;
			children = (
				D41FCB0B2364B11A00499C19 /* OrientationWatcher.swift */,
			);
			path = Wrappers;
			sourceTree = "<group>";
		};
		D44995C12361B23100167A92 /* Shared */ = {
			isa = PBXGroup;
			children = (
				D4B74276235E6041003FDFF9 /* Extensions */,
				D479375C236098AC006D5EDC /* Modifiers */,
			);
			path = Shared;
			sourceTree = "<group>";
		};
		D44D33542361F337001C44A1 /* Drivers */ = {
			isa = PBXGroup;
			children = (
				D44D33552361F33F001C44A1 /* PreferencesDriver */,
			);
			path = Drivers;
			sourceTree = "<group>";
		};
		D44D33552361F33F001C44A1 /* PreferencesDriver */ = {
			isa = PBXGroup;
			children = (
				D44D33562361F367001C44A1 /* PreferencesDriver.swift */,
			);
			path = PreferencesDriver;
			sourceTree = "<group>";
		};
		D44D33632362428B001C44A1 /* Shared */ = {
			isa = PBXGroup;
			children = (
				D44D33642362428B001C44A1 /* MiniMonth_Shared.h */,
				D44D33652362428B001C44A1 /* Info.plist */,
				D44D33542361F337001C44A1 /* Drivers */,
				D4A69893236DE36300B34EAC /* Extensions */,
				D47836C6235EC9050030238C /* DesignBook */,
			);
			path = Shared;
			sourceTree = "<group>";
		};
		D468DB26236320B90085122D /* Shared */ = {
			isa = PBXGroup;
			children = (
				D49AFD5A2363912B0033D98F /* Views */,
				D4071AE224A6AB0600A22EC5 /* Extensions */,
				D41FCB0A2364B0AB00499C19 /* Wrappers */,
			);
			path = Shared;
			sourceTree = "<group>";
		};
		D468DB2A23633DF30085122D /* HosterPreferencesBlock */ = {
			isa = PBXGroup;
			children = (
				D468DB2423631F230085122D /* HosterPreferencesBlock.swift */,
				D468DB2B23633E0C0085122D /* HosterPreferencesInteractor.swift */,
				D4CD22E02363001C000409CB /* HosterColorsBlock.swift */,
				D4CD22E223630048000409CB /* HosterColorControl.swift */,
				D4BBE0202364D74A00F14E24 /* HosterColorPickerLegacySheet.swift */,
				D4071AE524A706C400A22EC5 /* HosterColorPickerNativeSheet.swift */,
			);
			path = HosterPreferencesBlock;
			sourceTree = "<group>";
		};
		D47836C6235EC9050030238C /* DesignBook */ = {
			isa = PBXGroup;
			children = (
				D47836C7235EC9160030238C /* DesignTypes.swift */,
				D47836C3235EC8D70030238C /* DesignBook.swift */,
			);
			path = DesignBook;
			sourceTree = "<group>";
		};
		D479375C236098AC006D5EDC /* Modifiers */ = {
			isa = PBXGroup;
			children = (
				D479375D236098BF006D5EDC /* HeightModifier.swift */,
				D47937622360A995006D5EDC /* PerformingModifier.swift */,
			);
			path = Modifiers;
			sourceTree = "<group>";
		};
		D48F9A9D24A2584E000CB53D /* Widget2 */ = {
			isa = PBXGroup;
			children = (
				D48F9AC424A27B11000CB53D /* Widget2.entitlements */,
				D48F9A9E24A2584E000CB53D /* Widget2.swift */,
				D48F9AA024A2584F000CB53D /* Assets.xcassets */,
				D48F9AA224A2584F000CB53D /* Info.plist */,
				D47D8F3524B0651700331446 /* Localizable.strings */,
			);
			path = Widget2;
			sourceTree = "<group>";
		};
		D49AFD5A2363912B0033D98F /* Views */ = {
			isa = PBXGroup;
			children = (
				D49AFD5C2363914A0033D98F /* BlurredView.swift */,
			);
			path = Views;
			sourceTree = "<group>";
		};
		D4A69893236DE36300B34EAC /* Extensions */ = {
			isa = PBXGroup;
			children = (
				D48D4C56236AAEC200A8B921 /* UIScreenExtensions.swift */,
			);
			path = Extensions;
			sourceTree = "<group>";
		};
		D4B74267235E2512003FDFF9 /* Widget */ = {
			isa = PBXGroup;
			children = (
				D411EE1719C2A5CD0054439F /* Info.plist */,
				D4A69891236DD5D200B34EAC /* InfoPlist.strings */,
				D4C735AA19FFBAEC0066A6E8 /* Widget.entitlements */,
				D4B7426E235E3B21003FDFF9 /* Services */,
				D44995C12361B23100167A92 /* Shared */,
				D4070DD72361A9B000879694 /* Modules */,
			);
			path = Widget;
			sourceTree = "<group>";
		};
		D4B7426E235E3B21003FDFF9 /* Services */ = {
			isa = PBXGroup;
			children = (
				D4070DD92361AA7C00879694 /* EventService */,
			);
			path = Services;
			sourceTree = "<group>";
		};
		D4B74276235E6041003FDFF9 /* Extensions */ = {
			isa = PBXGroup;
			children = (
				D4D9CCCD236194D100BC5EDF /* FoundationExtensions.swift */,
				D4B034C92361AE3C009A7344 /* OptionalExtensions.swift */,
				D4B74277235E6058003FDFF9 /* CGFloatExtensions.swift */,
				D479375623605A4B006D5EDC /* ViewExtensions.swift */,
				D479375A236082AD006D5EDC /* RangeExtensions.swift */,
				D4D9CCCF236199D500BC5EDF /* CalendarExtensions.swift */,
			);
			path = Extensions;
			sourceTree = "<group>";
		};
		D4BB6A2D236B06B5008BCAC0 /* Views */ = {
			isa = PBXGroup;
			children = (
				D4BB6A2E236B06B5008BCAC0 /* LimitedGestureCircleView.swift */,
				D4BB6A2F236B06B5008BCAC0 /* ColorControlContentView.swift */,
				D4BB6A30236B06B5008BCAC0 /* UIViewWithCommonInit.swift */,
				D4BB6A31236B06B5008BCAC0 /* PaletteAwareScrollView.swift */,
				D4BB6A32236B06B5008BCAC0 /* ColorPickerThumbView.swift */,
				D4BB6A33236B06B5008BCAC0 /* GradientView.swift */,
				D4BB6A34236B06B5008BCAC0 /* CircleShapedView.swift */,
			);
			path = Views;
			sourceTree = "<group>";
		};
		D4BB6A39236B06B5008BCAC0 /* Utilities */ = {
			isa = PBXGroup;
			children = (
				D4BB6A3A236B06B5008BCAC0 /* UIImageViewExtension.swift */,
				D4BB6A3B236B06B5008BCAC0 /* UIColorExtension.swift */,
				D4BB6A3C236B06B5008BCAC0 /* LimitedGestureViewDelegate.swift */,
				D4BB6A3D236B06B5008BCAC0 /* CGPointExtension.swift */,
				D4BB6A3E236B06B5008BCAC0 /* UIViewExtension.swift */,
				D4BB6A3F236B06B5008BCAC0 /* CGRectExtension.swift */,
				D4BB6A40236B06B5008BCAC0 /* UIImageExtension.swift */,
			);
			path = Utilities;
			sourceTree = "<group>";
		};
		D4BB6A41236B06B5008BCAC0 /* ControlDelegates */ = {
			isa = PBXGroup;
			children = (
				D4BB6A42236B06B5008BCAC0 /* RadialHSBPaletteDelegate.swift */,
				D4BB6A43236B06B5008BCAC0 /* RectangularHSBPaletteDelegate.swift */,
				D4BB6A44236B06B5008BCAC0 /* ComponentSliderDelegates.swift */,
				D4BB6A45236B06B5008BCAC0 /* ColorSliderDelegate.swift */,
				D4BB6A46236B06B5008BCAC0 /* ColorPaletteDelegate.swift */,
			);
			path = ControlDelegates;
			sourceTree = "<group>";
		};
		D4BB6A47236B06B5008BCAC0 /* Controls */ = {
			isa = PBXGroup;
			children = (
				D4BB6A48236B06B5008BCAC0 /* ColorSliderControl.swift */,
				D4BB6A49236B06B5008BCAC0 /* PaletteControls.swift */,
				D4BB6A4A236B06B5008BCAC0 /* ColorPaletteControl.swift */,
				D4BB6A4B236B06B5008BCAC0 /* AbstractColorControl.swift */,
				D4BB6A4C236B06B5008BCAC0 /* ColorPreviewWithHex.swift */,
				D4BB6A4D236B06B5008BCAC0 /* AdjustedHitBoxColorControl.swift */,
				D4BB6A4E236B06B5008BCAC0 /* ComponentSliderControls.swift */,
				D4BB6A4F236B06B5008BCAC0 /* ControlWithThumbView.swift */,
				D4BB6A50236B06B5008BCAC0 /* ColorControl.swift */,
			);
			path = Controls;
			sourceTree = "<group>";
		};
		D4CD22A82362D9EA000409CB /* Hoster */ = {
			isa = PBXGroup;
			children = (
				D41FCB0923642E6100499C19 /* Hoster.entitlements */,
				D4AF0CD8236C8432005FEFC6 /* Info.plist */,
				D4CD22B42362D9EB000409CB /* LaunchScreen.storyboard */,
				D4AF0CD6236C8334005FEFC6 /* InfoPlist.strings */,
				D4BB6A8A236B1B5D008BCAC0 /* Localizable.strings */,
				D41F9980236EC854007B727F /* Localizable.stringsdict */,
				D4CD22AF2362D9EB000409CB /* Assets.xcassets */,
				D468DB26236320B90085122D /* Shared */,
				D4CD22A92362D9EA000409CB /* HosterAppDelegate.swift */,
				D4CD22AB2362D9EA000409CB /* HosterSceneDelegate.swift */,
				D4CD22BB2362DB56000409CB /* HosterRootController.swift */,
				D4BBE01E2364CCBD00F14E24 /* HosterContext.swift */,
				D4CD22AD2362D9EA000409CB /* HosterView.swift */,
				D4CD22C32362E9CA000409CB /* HosterCalendarWrapper.swift */,
				D468DB2A23633DF30085122D /* HosterPreferencesBlock */,
				D4CD22B12362D9EB000409CB /* Preview Content */,
				D405D3F9236CB336000B1893 /* README.md */,
			);
			path = Hoster;
			sourceTree = "<group>";
		};
		D4CD22B12362D9EB000409CB /* Preview Content */ = {
			isa = PBXGroup;
			children = (
				D4CD22B22362D9EB000409CB /* Preview Assets.xcassets */,
			);
			path = "Preview Content";
			sourceTree = "<group>";
		};
		D4E066EE236B060600647791 /* Libs */ = {
			isa = PBXGroup;
			children = (
				D4E066EF236B060F00647791 /* FlexColorPicker */,
			);
			path = Libs;
			sourceTree = "<group>";
		};
		D4E066EF236B060F00647791 /* FlexColorPicker */ = {
			isa = PBXGroup;
			children = (
				D4BB6A37236B06B5008BCAC0 /* ColorPickerController.swift */,
				D4BB6A52236B06B5008BCAC0 /* ColorPickerControllerProtocol.swift */,
				D4BB6A51236B06B5008BCAC0 /* ColorPickerDelegate.swift */,
				D4BB6A41236B06B5008BCAC0 /* ControlDelegates */,
				D4BB6A47236B06B5008BCAC0 /* Controls */,
				D4BB6A35236B06B5008BCAC0 /* CustomColorPickerViewController.swift */,
				D4BB6A38236B06B5008BCAC0 /* DefaultColorPickerViewController.swift */,
				D4BB6A53236B06B5008BCAC0 /* FlexColorPicker.h */,
				D4BB6A54236B06B5008BCAC0 /* HSBColor.swift */,
				D4BB6A39236B06B5008BCAC0 /* Utilities */,
				D4BB6A2D236B06B5008BCAC0 /* Views */,
			);
			path = FlexColorPicker;
			sourceTree = "<group>";
		};
/* End PBXGroup section */

/* Begin PBXHeadersBuildPhase section */
		D44D335D2362428B001C44A1 /* Headers */ = {
			isa = PBXHeadersBuildPhase;
			buildActionMask = 2147483647;
			files = (
				D44D33662362428B001C44A1 /* MiniMonth_Shared.h in Headers */,
			);
			runOnlyForDeploymentPostprocessing = 0;
		};
/* End PBXHeadersBuildPhase section */

/* Begin PBXNativeTarget section */
		D411EE1019C2A5CC0054439F /* Widget */ = {
			isa = PBXNativeTarget;
			buildConfigurationList = D411EE2119C2A5CD0054439F /* Build configuration list for PBXNativeTarget "Widget" */;
			buildPhases = (
				6F2A71F909EF99E59262052A /* [CP] Check Pods Manifest.lock */,
				D411EE0D19C2A5CC0054439F /* Sources */,
				D411EE0E19C2A5CC0054439F /* Frameworks */,
				D411EE0F19C2A5CC0054439F /* Resources */,
			);
			buildRules = (
			);
			dependencies = (
			);
			name = Widget;
			productName = Today;
			productReference = D411EE1119C2A5CC0054439F /* MiniMonth.appex */;
			productType = "com.apple.product-type.app-extension";
		};
		D44D33612362428B001C44A1 /* Shared */ = {
			isa = PBXNativeTarget;
			buildConfigurationList = D44D336B2362428B001C44A1 /* Build configuration list for PBXNativeTarget "Shared" */;
			buildPhases = (
				7E08F40FF8F79266DA49E054 /* [CP] Check Pods Manifest.lock */,
				D44D335D2362428B001C44A1 /* Headers */,
				D44D335E2362428B001C44A1 /* Sources */,
				D44D335F2362428B001C44A1 /* Frameworks */,
				D44D33602362428B001C44A1 /* Resources */,
			);
			buildRules = (
			);
			dependencies = (
			);
			name = Shared;
			productName = "MiniMonth-Shared";
			productReference = D44D33622362428B001C44A1 /* Shared.framework */;
			productType = "com.apple.product-type.framework";
		};
		D48F9A9724A2584E000CB53D /* Widget2 */ = {
			isa = PBXNativeTarget;
			buildConfigurationList = D48F9AA824A2584F000CB53D /* Build configuration list for PBXNativeTarget "Widget2" */;
			buildPhases = (
				D48F9A9424A2584E000CB53D /* Sources */,
				D48F9A9524A2584E000CB53D /* Frameworks */,
				D48F9A9624A2584E000CB53D /* Resources */,
			);
			buildRules = (
			);
			dependencies = (
			);
			name = Widget2;
			productName = Widget2Extension;
			productReference = D48F9A9824A2584E000CB53D /* Widget2.appex */;
			productType = "com.apple.product-type.app-extension";
		};
		D4CD22A62362D9EA000409CB /* Hoster */ = {
			isa = PBXNativeTarget;
			buildConfigurationList = D4CD22B82362D9EB000409CB /* Build configuration list for PBXNativeTarget "Hoster" */;
			buildPhases = (
				930807AB48E0D19B50E2EEE5 /* [CP] Check Pods Manifest.lock */,
				D4CD22A32362D9EA000409CB /* Sources */,
				D4CD22A42362D9EA000409CB /* Frameworks */,
				D4CD22A52362D9EA000409CB /* Resources */,
				D41FCB0823642D2100499C19 /* Embed App Extensions */,
			);
			buildRules = (
			);
			dependencies = (
				D4BB6A2C236B0669008BCAC0 /* PBXTargetDependency */,
				D48F9AA424A2584F000CB53D /* PBXTargetDependency */,
			);
			name = Hoster;
			productName = "MiniMonth-Hoster";
			productReference = D4CD22A72362D9EA000409CB /* Hoster.app */;
			productType = "com.apple.product-type.application";
		};
/* End PBXNativeTarget section */

/* Begin PBXProject section */
		D411EDE319C2A59B0054439F /* Project object */ = {
			isa = PBXProject;
			attributes = {
				DefaultBuildSystemTypeForWorkspace = Original;
				LastSwiftUpdateCheck = 1200;
				LastUpgradeCheck = 1100;
				ORGANIZATIONNAME = bronenos;
				TargetAttributes = {
					D411EE1019C2A5CC0054439F = {
						CreatedOnToolsVersion = 6.0;
						DevelopmentTeam = V8NCXSZ3T7;
						LastSwiftMigration = 0900;
						ProvisioningStyle = Automatic;
						SystemCapabilities = {
							com.apple.ApplicationGroups.iOS = {
								enabled = 1;
							};
						};
					};
					D44D33612362428B001C44A1 = {
						CreatedOnToolsVersion = 11.0;
						ProvisioningStyle = Manual;
					};
					D48F9A9724A2584E000CB53D = {
						CreatedOnToolsVersion = 12.0;
						DevelopmentTeam = V8NCXSZ3T7;
						ProvisioningStyle = Automatic;
					};
					D4CD22A62362D9EA000409CB = {
						CreatedOnToolsVersion = 11.0;
						DevelopmentTeam = V8NCXSZ3T7;
						ProvisioningStyle = Automatic;
					};
				};
			};
			buildConfigurationList = D411EDE619C2A59B0054439F /* Build configuration list for PBXProject "MiniMonth" */;
			compatibilityVersion = "Xcode 3.2";
			developmentRegion = en;
			hasScannedForEncodings = 0;
			knownRegions = (
				en,
				ru,
				Base,
			);
			mainGroup = D411EDE219C2A59B0054439F;
			productRefGroup = D411EDEC19C2A59B0054439F /* Products */;
			projectDirPath = "";
			projectRoot = "";
			targets = (
				D44D33612362428B001C44A1 /* Shared */,
				D4CD22A62362D9EA000409CB /* Hoster */,
				D411EE1019C2A5CC0054439F /* Widget */,
				D48F9A9724A2584E000CB53D /* Widget2 */,
			);
		};
/* End PBXProject section */

/* Begin PBXResourcesBuildPhase section */
		D411EE0F19C2A5CC0054439F /* Resources */ = {
			isa = PBXResourcesBuildPhase;
			buildActionMask = 2147483647;
			files = (
				D4A6988F236DD5D200B34EAC /* InfoPlist.strings in Resources */,
			);
			runOnlyForDeploymentPostprocessing = 0;
		};
		D44D33602362428B001C44A1 /* Resources */ = {
			isa = PBXResourcesBuildPhase;
			buildActionMask = 2147483647;
			files = (
			);
			runOnlyForDeploymentPostprocessing = 0;
		};
		D48F9A9624A2584E000CB53D /* Resources */ = {
			isa = PBXResourcesBuildPhase;
			buildActionMask = 2147483647;
			files = (
				D48F9AA124A2584F000CB53D /* Assets.xcassets in Resources */,
				D47D8F3324B0651700331446 /* Localizable.strings in Resources */,
			);
			runOnlyForDeploymentPostprocessing = 0;
		};
		D4CD22A52362D9EA000409CB /* Resources */ = {
			isa = PBXResourcesBuildPhase;
			buildActionMask = 2147483647;
			files = (
				D405D3FA236CB336000B1893 /* README.md in Resources */,
				D4CD22B62362D9EB000409CB /* LaunchScreen.storyboard in Resources */,
				D4BB6A88236B1B5D008BCAC0 /* Localizable.strings in Resources */,
				D4CD22B32362D9EB000409CB /* Preview Assets.xcassets in Resources */,
				D4CD22B02362D9EB000409CB /* Assets.xcassets in Resources */,
				D4AF0CD4236C8333005FEFC6 /* InfoPlist.strings in Resources */,
				D41F997E236EC854007B727F /* Localizable.stringsdict in Resources */,
			);
			runOnlyForDeploymentPostprocessing = 0;
		};
/* End PBXResourcesBuildPhase section */

/* Begin PBXShellScriptBuildPhase section */
		6F2A71F909EF99E59262052A /* [CP] Check Pods Manifest.lock */ = {
			isa = PBXShellScriptBuildPhase;
			buildActionMask = 2147483647;
			files = (
			);
			inputFileListPaths = (
			);
			inputPaths = (
				"${PODS_PODFILE_DIR_PATH}/Podfile.lock",
				"${PODS_ROOT}/Manifest.lock",
			);
			name = "[CP] Check Pods Manifest.lock";
			outputFileListPaths = (
			);
			outputPaths = (
				"$(DERIVED_FILE_DIR)/Pods-Widget-checkManifestLockResult.txt",
			);
			runOnlyForDeploymentPostprocessing = 0;
			shellPath = /bin/sh;
			shellScript = "diff \"${PODS_PODFILE_DIR_PATH}/Podfile.lock\" \"${PODS_ROOT}/Manifest.lock\" > /dev/null\nif [ $? != 0 ] ; then\n    # print error to STDERR\n    echo \"error: The sandbox is not in sync with the Podfile.lock. Run 'pod install' or update your CocoaPods installation.\" >&2\n    exit 1\nfi\n# This output is used by Xcode 'outputs' to avoid re-running this script phase.\necho \"SUCCESS\" > \"${SCRIPT_OUTPUT_FILE_0}\"\n";
			showEnvVarsInLog = 0;
		};
		7E08F40FF8F79266DA49E054 /* [CP] Check Pods Manifest.lock */ = {
			isa = PBXShellScriptBuildPhase;
			buildActionMask = 2147483647;
			files = (
			);
			inputFileListPaths = (
			);
			inputPaths = (
				"${PODS_PODFILE_DIR_PATH}/Podfile.lock",
				"${PODS_ROOT}/Manifest.lock",
			);
			name = "[CP] Check Pods Manifest.lock";
			outputFileListPaths = (
			);
			outputPaths = (
				"$(DERIVED_FILE_DIR)/Pods-Shared-checkManifestLockResult.txt",
			);
			runOnlyForDeploymentPostprocessing = 0;
			shellPath = /bin/sh;
			shellScript = "diff \"${PODS_PODFILE_DIR_PATH}/Podfile.lock\" \"${PODS_ROOT}/Manifest.lock\" > /dev/null\nif [ $? != 0 ] ; then\n    # print error to STDERR\n    echo \"error: The sandbox is not in sync with the Podfile.lock. Run 'pod install' or update your CocoaPods installation.\" >&2\n    exit 1\nfi\n# This output is used by Xcode 'outputs' to avoid re-running this script phase.\necho \"SUCCESS\" > \"${SCRIPT_OUTPUT_FILE_0}\"\n";
			showEnvVarsInLog = 0;
		};
		930807AB48E0D19B50E2EEE5 /* [CP] Check Pods Manifest.lock */ = {
			isa = PBXShellScriptBuildPhase;
			buildActionMask = 2147483647;
			files = (
			);
			inputFileListPaths = (
			);
			inputPaths = (
				"${PODS_PODFILE_DIR_PATH}/Podfile.lock",
				"${PODS_ROOT}/Manifest.lock",
			);
			name = "[CP] Check Pods Manifest.lock";
			outputFileListPaths = (
			);
			outputPaths = (
				"$(DERIVED_FILE_DIR)/Pods-Hoster-checkManifestLockResult.txt",
			);
			runOnlyForDeploymentPostprocessing = 0;
			shellPath = /bin/sh;
			shellScript = "diff \"${PODS_PODFILE_DIR_PATH}/Podfile.lock\" \"${PODS_ROOT}/Manifest.lock\" > /dev/null\nif [ $? != 0 ] ; then\n    # print error to STDERR\n    echo \"error: The sandbox is not in sync with the Podfile.lock. Run 'pod install' or update your CocoaPods installation.\" >&2\n    exit 1\nfi\n# This output is used by Xcode 'outputs' to avoid re-running this script phase.\necho \"SUCCESS\" > \"${SCRIPT_OUTPUT_FILE_0}\"\n";
			showEnvVarsInLog = 0;
		};
/* End PBXShellScriptBuildPhase section */

/* Begin PBXSourcesBuildPhase section */
		D411EE0D19C2A5CC0054439F /* Sources */ = {
			isa = PBXSourcesBuildPhase;
			buildActionMask = 2147483647;
			files = (
				D4E386C5235EE4F400F88E28 /* CalendarWeeknumBar.swift in Sources */,
				D48F9AC124A26235000CB53D /* BlurredView.swift in Sources */,
				D479375723605A4B006D5EDC /* ViewExtensions.swift in Sources */,
				D4B74273235E5300003FDFF9 /* CalendarWeekdayBar.swift in Sources */,
				D4E386C7235F038400F88E28 /* CalendarTypes.swift in Sources */,
				D47937632360A995006D5EDC /* PerformingModifier.swift in Sources */,
				D4D9CCD0236199D500BC5EDF /* CalendarExtensions.swift in Sources */,
				D47937612360A442006D5EDC /* CalendarHeaderButton.swift in Sources */,
				D479375B236082AD006D5EDC /* RangeExtensions.swift in Sources */,
				D4B7427A235EBD64003FDFF9 /* CalendarMonthdayView.swift in Sources */,
				D4B74269235E3036003FDFF9 /* CalendarView.swift in Sources */,
				D47B16272360E406008A70A4 /* EventService.swift in Sources */,
				D4BB6A79236B06FF008BCAC0 /* PreferencesDriver.swift in Sources */,
				D4B034CA2361AE3C009A7344 /* OptionalExtensions.swift in Sources */,
				D4B74278235E6058003FDFF9 /* CGFloatExtensions.swift in Sources */,
				D4BB6A7D236B0704008BCAC0 /* DesignBook.swift in Sources */,
				D47836C2235EC7F50030238C /* CalendarMonthView.swift in Sources */,
				D4B74271235E3E17003FDFF9 /* CalendarInteractor.swift in Sources */,
				D4A69894236DE37F00B34EAC /* UIScreenExtensions.swift in Sources */,
				D4D9CCCE236194D100BC5EDF /* FoundationExtensions.swift in Sources */,
				D4B7426D235E3AAA003FDFF9 /* CalendarHeader.swift in Sources */,
				D4B7426B235E322A003FDFF9 /* CalendarRootController.swift in Sources */,
				D4CD22C92362F721000409CB /* CalendarViewWrapper.swift in Sources */,
				D479375E236098BF006D5EDC /* HeightModifier.swift in Sources */,
				D4BB6A7C236B0704008BCAC0 /* DesignTypes.swift in Sources */,
			);
			runOnlyForDeploymentPostprocessing = 0;
		};
		D44D335E2362428B001C44A1 /* Sources */ = {
			isa = PBXSourcesBuildPhase;
			buildActionMask = 2147483647;
			files = (
			);
			runOnlyForDeploymentPostprocessing = 0;
		};
		D48F9A9424A2584E000CB53D /* Sources */ = {
			isa = PBXSourcesBuildPhase;
			buildActionMask = 2147483647;
			files = (
				D48F9AB424A25FB3000CB53D /* EventService.swift in Sources */,
				D48F9ABB24A25FE3000CB53D /* CalendarWeeknumBar.swift in Sources */,
				D48F9AAB24A25C90000CB53D /* PreferencesDriver.swift in Sources */,
				D48F9AB824A25FD0000CB53D /* CalendarHeader.swift in Sources */,
				D48F9AB324A25E8D000CB53D /* CalendarTypes.swift in Sources */,
				D48F9AB524A25FBA000CB53D /* HeightModifier.swift in Sources */,
				D48F9AAA24A25C89000CB53D /* DesignTypes.swift in Sources */,
				D48F9ABA24A25FDD000CB53D /* CalendarWeekdayBar.swift in Sources */,
				D48F9AB924A25FD7000CB53D /* CalendarHeaderButton.swift in Sources */,
				D48F9ABD24A25FEE000CB53D /* CalendarMonthdayView.swift in Sources */,
				D48F9AB224A25E82000CB53D /* CalendarView.swift in Sources */,
				D48F9AA924A25C7F000CB53D /* DesignBook.swift in Sources */,
				D48F9AB124A25E76000CB53D /* CalendarInteractor.swift in Sources */,
				D48F9AB624A25FC5000CB53D /* ViewExtensions.swift in Sources */,
				D48F9ABC24A25FE8000CB53D /* CalendarMonthView.swift in Sources */,
				D48F9AB724A25FCB000CB53D /* FoundationExtensions.swift in Sources */,
				D48F9ABE24A25FF3000CB53D /* CalendarViewWrapper.swift in Sources */,
				D48F9ABF24A25FFE000CB53D /* RangeExtensions.swift in Sources */,
				D48F9A9F24A2584E000CB53D /* Widget2.swift in Sources */,
			);
			runOnlyForDeploymentPostprocessing = 0;
		};
		D4CD22A32362D9EA000409CB /* Sources */ = {
			isa = PBXSourcesBuildPhase;
			buildActionMask = 2147483647;
			files = (
				D4BB6A70236B06B5008BCAC0 /* ColorPreviewWithHex.swift in Sources */,
				D468DB2C23633E0C0085122D /* HosterPreferencesInteractor.swift in Sources */,
				D4CD22D22362FCB2000409CB /* CalendarHeaderButton.swift in Sources */,
				D4BB6A66236B06B5008BCAC0 /* UIImageExtension.swift in Sources */,
				D4BB6A63236B06B5008BCAC0 /* CGPointExtension.swift in Sources */,
				D4CD22DB2362FCBE000409CB /* ViewExtensions.swift in Sources */,
				D4BB6A72236B06B5008BCAC0 /* ComponentSliderControls.swift in Sources */,
				D4BB6A71236B06B5008BCAC0 /* AdjustedHitBoxColorControl.swift in Sources */,
				D4CD22D12362FCB2000409CB /* CalendarHeader.swift in Sources */,
				D4CD22D72362FCBE000409CB /* EventService.swift in Sources */,
				D4BB6A60236B06B5008BCAC0 /* UIImageViewExtension.swift in Sources */,
				D4CD22E12363001C000409CB /* HosterColorsBlock.swift in Sources */,
				D4BB6A67236B06B5008BCAC0 /* RadialHSBPaletteDelegate.swift in Sources */,
				D4BB6A73236B06B5008BCAC0 /* ControlWithThumbView.swift in Sources */,
				D4CD22D02362FCB2000409CB /* CalendarView.swift in Sources */,
				D4CD22CE2362FCB2000409CB /* CalendarInteractor.swift in Sources */,
				D4BB6A58236B06B5008BCAC0 /* PaletteAwareScrollView.swift in Sources */,
				D4BB6A64236B06B5008BCAC0 /* UIViewExtension.swift in Sources */,
				D4BBE01F2364CCBD00F14E24 /* HosterContext.swift in Sources */,
				D4CD22AA2362D9EA000409CB /* HosterAppDelegate.swift in Sources */,
				D4CD22CD2362FCB2000409CB /* CalendarRootController.swift in Sources */,
				D468DB2523631F230085122D /* HosterPreferencesBlock.swift in Sources */,
				D4BB6A7B236B0703008BCAC0 /* DesignBook.swift in Sources */,
				D49AFD5D2363914A0033D98F /* BlurredView.swift in Sources */,
				D4CD22CC2362FCAD000409CB /* CalendarTypes.swift in Sources */,
				D4CD22D82362FCBE000409CB /* FoundationExtensions.swift in Sources */,
				D4BBE0212364D74A00F14E24 /* HosterColorPickerLegacySheet.swift in Sources */,
				D4BB6A6B236B06B5008BCAC0 /* ColorPaletteDelegate.swift in Sources */,
				D4BB6A7A236B0703008BCAC0 /* DesignTypes.swift in Sources */,
				D41FCB0C2364B11A00499C19 /* OrientationWatcher.swift in Sources */,
				D4CD22AC2362D9EA000409CB /* HosterSceneDelegate.swift in Sources */,
				D4BB6A68236B06B5008BCAC0 /* RectangularHSBPaletteDelegate.swift in Sources */,
				D4BB6A75236B06B5008BCAC0 /* ColorPickerDelegate.swift in Sources */,
				D4CD22BC2362DB56000409CB /* HosterRootController.swift in Sources */,
				D4CD22D52362FCB2000409CB /* CalendarMonthView.swift in Sources */,
				D4CD22DC2362FCBE000409CB /* RangeExtensions.swift in Sources */,
				D4BB6A74236B06B5008BCAC0 /* ColorControl.swift in Sources */,
				D4BB6A6D236B06B5008BCAC0 /* PaletteControls.swift in Sources */,
				D4BB6A5A236B06B5008BCAC0 /* GradientView.swift in Sources */,
				D4BB6A6E236B06B5008BCAC0 /* ColorPaletteControl.swift in Sources */,
				D4CD22D32362FCB2000409CB /* CalendarWeekdayBar.swift in Sources */,
				D4CD22DE2362FCBF000409CB /* HeightModifier.swift in Sources */,
				D4CD22D42362FCB2000409CB /* CalendarWeeknumBar.swift in Sources */,
				D4BB6A61236B06B5008BCAC0 /* UIColorExtension.swift in Sources */,
				D4CD22DA2362FCBE000409CB /* CGFloatExtensions.swift in Sources */,
				D4BB6A5C236B06B5008BCAC0 /* CustomColorPickerViewController.swift in Sources */,
				D4BB6A78236B06FE008BCAC0 /* PreferencesDriver.swift in Sources */,
				D4BB6A6C236B06B5008BCAC0 /* ColorSliderControl.swift in Sources */,
				D4CD22D92362FCBE000409CB /* OptionalExtensions.swift in Sources */,
				D4BB6A55236B06B5008BCAC0 /* LimitedGestureCircleView.swift in Sources */,
				D4CD22C42362E9CA000409CB /* HosterCalendarWrapper.swift in Sources */,
				D4071AE424A6AB0F00A22EC5 /* Color+Ext.swift in Sources */,
				D4CD22CF2362FCB2000409CB /* CalendarViewWrapper.swift in Sources */,
				D4071AE624A706C400A22EC5 /* HosterColorPickerNativeSheet.swift in Sources */,
				D4BB6A62236B06B5008BCAC0 /* LimitedGestureViewDelegate.swift in Sources */,
				D4CD22D62362FCB2000409CB /* CalendarMonthdayView.swift in Sources */,
				D4BB6A76236B06B5008BCAC0 /* ColorPickerControllerProtocol.swift in Sources */,
				D4CD22DD2362FCBF000409CB /* CalendarExtensions.swift in Sources */,
				D4BB6A59236B06B5008BCAC0 /* ColorPickerThumbView.swift in Sources */,
				D4CD22DF2362FCBF000409CB /* PerformingModifier.swift in Sources */,
				D48D4C57236AAEC200A8B921 /* UIScreenExtensions.swift in Sources */,
				D4BB6A57236B06B5008BCAC0 /* UIViewWithCommonInit.swift in Sources */,
				D4CD22E323630048000409CB /* HosterColorControl.swift in Sources */,
				D4BB6A6A236B06B5008BCAC0 /* ColorSliderDelegate.swift in Sources */,
				D4BB6A69236B06B5008BCAC0 /* ComponentSliderDelegates.swift in Sources */,
				D4BB6A5E236B06B5008BCAC0 /* ColorPickerController.swift in Sources */,
				D4BB6A77236B06B5008BCAC0 /* HSBColor.swift in Sources */,
				D4BB6A65236B06B5008BCAC0 /* CGRectExtension.swift in Sources */,
				D4BB6A56236B06B5008BCAC0 /* ColorControlContentView.swift in Sources */,
				D4BB6A5B236B06B5008BCAC0 /* CircleShapedView.swift in Sources */,
				D4BB6A6F236B06B5008BCAC0 /* AbstractColorControl.swift in Sources */,
				D4BB6A5F236B06B5008BCAC0 /* DefaultColorPickerViewController.swift in Sources */,
				D4CD22AE2362D9EA000409CB /* HosterView.swift in Sources */,
			);
			runOnlyForDeploymentPostprocessing = 0;
		};
/* End PBXSourcesBuildPhase section */

/* Begin PBXTargetDependency section */
		D48F9AA424A2584F000CB53D /* PBXTargetDependency */ = {
			isa = PBXTargetDependency;
			target = D48F9A9724A2584E000CB53D /* Widget2 */;
			targetProxy = D48F9AA324A2584F000CB53D /* PBXContainerItemProxy */;
		};
		D4BB6A2C236B0669008BCAC0 /* PBXTargetDependency */ = {
			isa = PBXTargetDependency;
			target = D411EE1019C2A5CC0054439F /* Widget */;
			targetProxy = D4BB6A2B236B0669008BCAC0 /* PBXContainerItemProxy */;
		};
/* End PBXTargetDependency section */

/* Begin PBXVariantGroup section */
		D41F9980236EC854007B727F /* Localizable.stringsdict */ = {
			isa = PBXVariantGroup;
			children = (
				D41F997F236EC854007B727F /* en */,
				D41F9981236EC85A007B727F /* ru */,
			);
			name = Localizable.stringsdict;
			sourceTree = "<group>";
		};
		D47D8F3524B0651700331446 /* Localizable.strings */ = {
			isa = PBXVariantGroup;
			children = (
				D47D8F3424B0651700331446 /* en */,
				D47D8F3624B0651B00331446 /* ru */,
			);
			name = Localizable.strings;
			sourceTree = "<group>";
		};
		D4A69891236DD5D200B34EAC /* InfoPlist.strings */ = {
			isa = PBXVariantGroup;
			children = (
				D4A69890236DD5D200B34EAC /* en */,
				D4A69892236DD5D400B34EAC /* ru */,
			);
			name = InfoPlist.strings;
			sourceTree = "<group>";
		};
		D4AF0CD6236C8334005FEFC6 /* InfoPlist.strings */ = {
			isa = PBXVariantGroup;
			children = (
				D4AF0CD5236C8334005FEFC6 /* en */,
				D4AF0CD7236C8339005FEFC6 /* ru */,
			);
			name = InfoPlist.strings;
			sourceTree = "<group>";
		};
		D4BB6A8A236B1B5D008BCAC0 /* Localizable.strings */ = {
			isa = PBXVariantGroup;
			children = (
				D4BB6A89236B1B5D008BCAC0 /* ru */,
				D4BB6A8D236B1BA3008BCAC0 /* en */,
			);
			name = Localizable.strings;
			sourceTree = "<group>";
		};
		D4CD22B42362D9EB000409CB /* LaunchScreen.storyboard */ = {
			isa = PBXVariantGroup;
			children = (
				D4BB6A8C236B1B88008BCAC0 /* Base */,
			);
			name = LaunchScreen.storyboard;
			sourceTree = "<group>";
		};
/* End PBXVariantGroup section */

/* Begin XCBuildConfiguration section */
		D411EE0519C2A59C0054439F /* Debug */ = {
			isa = XCBuildConfiguration;
			buildSettings = {
				ALWAYS_SEARCH_USER_PATHS = NO;
				CLANG_ANALYZER_LOCALIZABILITY_NONLOCALIZED = YES;
				CLANG_CXX_LANGUAGE_STANDARD = "gnu++0x";
				CLANG_CXX_LIBRARY = "libc++";
				CLANG_ENABLE_MODULES = YES;
				CLANG_ENABLE_OBJC_ARC = YES;
				CLANG_WARN_BLOCK_CAPTURE_AUTORELEASING = YES;
				CLANG_WARN_BOOL_CONVERSION = YES;
				CLANG_WARN_COMMA = YES;
				CLANG_WARN_CONSTANT_CONVERSION = YES;
				CLANG_WARN_DEPRECATED_OBJC_IMPLEMENTATIONS = YES;
				CLANG_WARN_DIRECT_OBJC_ISA_USAGE = YES_ERROR;
				CLANG_WARN_EMPTY_BODY = YES;
				CLANG_WARN_ENUM_CONVERSION = YES;
				CLANG_WARN_INFINITE_RECURSION = YES;
				CLANG_WARN_INT_CONVERSION = YES;
				CLANG_WARN_NON_LITERAL_NULL_CONVERSION = YES;
				CLANG_WARN_OBJC_IMPLICIT_RETAIN_SELF = YES;
				CLANG_WARN_OBJC_LITERAL_CONVERSION = YES;
				CLANG_WARN_OBJC_ROOT_CLASS = YES_ERROR;
				CLANG_WARN_RANGE_LOOP_ANALYSIS = YES;
				CLANG_WARN_STRICT_PROTOTYPES = YES;
				CLANG_WARN_SUSPICIOUS_MOVE = YES;
				CLANG_WARN_UNREACHABLE_CODE = YES;
				CLANG_WARN__DUPLICATE_METHOD_MATCH = YES;
				"CODE_SIGN_IDENTITY[sdk=iphoneos*]" = "iPhone Developer";
				COPY_PHASE_STRIP = NO;
				ENABLE_STRICT_OBJC_MSGSEND = YES;
				ENABLE_TESTABILITY = YES;
				GCC_C_LANGUAGE_STANDARD = gnu99;
				GCC_DYNAMIC_NO_PIC = NO;
				GCC_NO_COMMON_BLOCKS = YES;
				GCC_OPTIMIZATION_LEVEL = 0;
				GCC_PREPROCESSOR_DEFINITIONS = (
					"DEBUG=1",
					"$(inherited)",
				);
				GCC_SYMBOLS_PRIVATE_EXTERN = NO;
				GCC_WARN_64_TO_32_BIT_CONVERSION = YES;
				GCC_WARN_ABOUT_RETURN_TYPE = YES_ERROR;
				GCC_WARN_UNDECLARED_SELECTOR = YES;
				GCC_WARN_UNINITIALIZED_AUTOS = YES_AGGRESSIVE;
				GCC_WARN_UNUSED_FUNCTION = YES;
				GCC_WARN_UNUSED_VARIABLE = YES;
				IPHONEOS_DEPLOYMENT_TARGET = 13.2;
				MTL_ENABLE_DEBUG_INFO = YES;
				ONLY_ACTIVE_ARCH = YES;
				PROVISIONING_PROFILE = "";
				SDKROOT = iphoneos;
				STRINGS_FILE_OUTPUT_ENCODING = "UTF-16";
				SWIFT_OPTIMIZATION_LEVEL = "-Onone";
				SWIFT_VERSION = 5.0;
				TARGETED_DEVICE_FAMILY = "1,2";
			};
			name = Debug;
		};
		D411EE0619C2A59C0054439F /* Release */ = {
			isa = XCBuildConfiguration;
			buildSettings = {
				ALWAYS_SEARCH_USER_PATHS = NO;
				CLANG_ANALYZER_LOCALIZABILITY_NONLOCALIZED = YES;
				CLANG_CXX_LANGUAGE_STANDARD = "gnu++0x";
				CLANG_CXX_LIBRARY = "libc++";
				CLANG_ENABLE_MODULES = YES;
				CLANG_ENABLE_OBJC_ARC = YES;
				CLANG_WARN_BLOCK_CAPTURE_AUTORELEASING = YES;
				CLANG_WARN_BOOL_CONVERSION = YES;
				CLANG_WARN_COMMA = YES;
				CLANG_WARN_CONSTANT_CONVERSION = YES;
				CLANG_WARN_DEPRECATED_OBJC_IMPLEMENTATIONS = YES;
				CLANG_WARN_DIRECT_OBJC_ISA_USAGE = YES_ERROR;
				CLANG_WARN_EMPTY_BODY = YES;
				CLANG_WARN_ENUM_CONVERSION = YES;
				CLANG_WARN_INFINITE_RECURSION = YES;
				CLANG_WARN_INT_CONVERSION = YES;
				CLANG_WARN_NON_LITERAL_NULL_CONVERSION = YES;
				CLANG_WARN_OBJC_IMPLICIT_RETAIN_SELF = YES;
				CLANG_WARN_OBJC_LITERAL_CONVERSION = YES;
				CLANG_WARN_OBJC_ROOT_CLASS = YES_ERROR;
				CLANG_WARN_RANGE_LOOP_ANALYSIS = YES;
				CLANG_WARN_STRICT_PROTOTYPES = YES;
				CLANG_WARN_SUSPICIOUS_MOVE = YES;
				CLANG_WARN_UNREACHABLE_CODE = YES;
				CLANG_WARN__DUPLICATE_METHOD_MATCH = YES;
				"CODE_SIGN_IDENTITY[sdk=iphoneos*]" = "iPhone Distribution: Stanislav Potemkin (V8NCXSZ3T7)";
				COPY_PHASE_STRIP = YES;
				ENABLE_NS_ASSERTIONS = NO;
				ENABLE_STRICT_OBJC_MSGSEND = YES;
				GCC_C_LANGUAGE_STANDARD = gnu99;
				GCC_NO_COMMON_BLOCKS = YES;
				GCC_WARN_64_TO_32_BIT_CONVERSION = YES;
				GCC_WARN_ABOUT_RETURN_TYPE = YES_ERROR;
				GCC_WARN_UNDECLARED_SELECTOR = YES;
				GCC_WARN_UNINITIALIZED_AUTOS = YES_AGGRESSIVE;
				GCC_WARN_UNUSED_FUNCTION = YES;
				GCC_WARN_UNUSED_VARIABLE = YES;
				IPHONEOS_DEPLOYMENT_TARGET = 13.2;
				MTL_ENABLE_DEBUG_INFO = NO;
				PROVISIONING_PROFILE = "";
				SDKROOT = iphoneos;
				STRINGS_FILE_OUTPUT_ENCODING = "UTF-16";
				SWIFT_COMPILATION_MODE = wholemodule;
				SWIFT_VERSION = 5.0;
				TARGETED_DEVICE_FAMILY = "1,2";
				VALIDATE_PRODUCT = YES;
			};
			name = Release;
		};
		D411EE2219C2A5CD0054439F /* Debug */ = {
			isa = XCBuildConfiguration;
			baseConfigurationReference = 5CBD01120EF67949BC8DAB77 /* Pods-Widget.debug.xcconfig */;
			buildSettings = {
				CODE_SIGN_ENTITLEMENTS = Widget/Widget.entitlements;
				CODE_SIGN_IDENTITY = "Apple Development";
				"CODE_SIGN_IDENTITY[sdk=iphoneos*]" = "Apple Development";
				CODE_SIGN_STYLE = Automatic;
				CURRENT_PROJECT_VERSION = 31;
				DEVELOPMENT_TEAM = "";
				GCC_PREPROCESSOR_DEFINITIONS = (
					"DEBUG=1",
					"$(inherited)",
				);
				INFOPLIST_FILE = Widget/Info.plist;
				LD_RUNPATH_SEARCH_PATHS = "$(inherited) @executable_path/Frameworks @executable_path/../../Frameworks";
				MARKETING_VERSION = 2.1;
				PRODUCT_BUNDLE_IDENTIFIER = me.bronenos.MiniMonth.Today;
				PRODUCT_NAME = MiniMonth;
				PROVISIONING_PROFILE = "";
				PROVISIONING_PROFILE_SPECIFIER = "";
				SKIP_INSTALL = YES;
			};
			name = Debug;
		};
		D411EE2319C2A5CD0054439F /* Release */ = {
			isa = XCBuildConfiguration;
			baseConfigurationReference = AFED14423E6B7500C2DA861E /* Pods-Widget.release.xcconfig */;
			buildSettings = {
				CODE_SIGN_ENTITLEMENTS = Widget/Widget.entitlements;
				CODE_SIGN_IDENTITY = "iPhone Developer";
				"CODE_SIGN_IDENTITY[sdk=iphoneos*]" = "iPhone Distribution";
				CODE_SIGN_STYLE = Manual;
				CURRENT_PROJECT_VERSION = 31;
				DEVELOPMENT_TEAM = V8NCXSZ3T7;
				INFOPLIST_FILE = Widget/Info.plist;
				LD_RUNPATH_SEARCH_PATHS = "$(inherited) @executable_path/Frameworks @executable_path/../../Frameworks";
				MARKETING_VERSION = 2.1;
				PRODUCT_BUNDLE_IDENTIFIER = me.bronenos.MiniMonth.Today;
				PRODUCT_NAME = MiniMonth;
				PROVISIONING_PROFILE = "28a03db7-b62b-485a-8d3e-83d87a4f2c9c";
				PROVISIONING_PROFILE_SPECIFIER = "MiniMonth Today AppStore";
				SKIP_INSTALL = YES;
			};
			name = Release;
		};
		D44D336C2362428B001C44A1 /* Debug */ = {
			isa = XCBuildConfiguration;
			baseConfigurationReference = 96EC50B9B1A979629C02E0C7 /* Pods-Shared.debug.xcconfig */;
			buildSettings = {
				APPLICATION_EXTENSION_API_ONLY = YES;
				CLANG_ANALYZER_NONNULL = YES;
				CLANG_ANALYZER_NUMBER_OBJECT_CONVERSION = YES_AGGRESSIVE;
				CLANG_CXX_LANGUAGE_STANDARD = "gnu++14";
				CLANG_ENABLE_OBJC_WEAK = YES;
				CLANG_WARN_DOCUMENTATION_COMMENTS = YES;
				CLANG_WARN_UNGUARDED_AVAILABILITY = YES_AGGRESSIVE;
				CODE_SIGN_IDENTITY = "Apple Development";
				"CODE_SIGN_IDENTITY[sdk=iphoneos*]" = "Apple Development";
				CODE_SIGN_STYLE = Manual;
				CURRENT_PROJECT_VERSION = 1;
				DEBUG_INFORMATION_FORMAT = dwarf;
				DEFINES_MODULE = YES;
				DEVELOPMENT_TEAM = "";
				DYLIB_COMPATIBILITY_VERSION = 1;
				DYLIB_CURRENT_VERSION = 1;
				DYLIB_INSTALL_NAME_BASE = "@rpath";
				GCC_C_LANGUAGE_STANDARD = gnu11;
				INFOPLIST_FILE = Shared/Info.plist;
				INSTALL_PATH = "$(LOCAL_LIBRARY_DIR)/Frameworks";
				LD_RUNPATH_SEARCH_PATHS = "$(inherited) @executable_path/Frameworks @loader_path/Frameworks";
				MTL_ENABLE_DEBUG_INFO = INCLUDE_SOURCE;
				MTL_FAST_MATH = YES;
				PRODUCT_BUNDLE_IDENTIFIER = "me.bronenos.MiniMonth-Shared";
				PRODUCT_NAME = "$(TARGET_NAME:c99extidentifier)";
				PROVISIONING_PROFILE_SPECIFIER = "";
				"PROVISIONING_PROFILE_SPECIFIER[sdk=macosx*]" = "";
				SKIP_INSTALL = YES;
				SUPPORTS_MACCATALYST = NO;
				SWIFT_ACTIVE_COMPILATION_CONDITIONS = DEBUG;
				SWIFT_VERSION = 5.0;
				TARGETED_DEVICE_FAMILY = "1,2";
				VERSIONING_SYSTEM = "apple-generic";
				VERSION_INFO_PREFIX = "";
			};
			name = Debug;
		};
		D44D336D2362428B001C44A1 /* Release */ = {
			isa = XCBuildConfiguration;
			baseConfigurationReference = D9011AD970F14306A6810DC6 /* Pods-Shared.release.xcconfig */;
			buildSettings = {
				APPLICATION_EXTENSION_API_ONLY = YES;
				CLANG_ANALYZER_NONNULL = YES;
				CLANG_ANALYZER_NUMBER_OBJECT_CONVERSION = YES_AGGRESSIVE;
				CLANG_CXX_LANGUAGE_STANDARD = "gnu++14";
				CLANG_ENABLE_OBJC_WEAK = YES;
				CLANG_WARN_DOCUMENTATION_COMMENTS = YES;
				CLANG_WARN_UNGUARDED_AVAILABILITY = YES_AGGRESSIVE;
				CODE_SIGN_IDENTITY = "Apple Development";
				"CODE_SIGN_IDENTITY[sdk=iphoneos*]" = "iPhone Distribution";
				CODE_SIGN_STYLE = Manual;
				COPY_PHASE_STRIP = NO;
				CURRENT_PROJECT_VERSION = 1;
				DEBUG_INFORMATION_FORMAT = "dwarf-with-dsym";
				DEFINES_MODULE = YES;
				DEVELOPMENT_TEAM = V8NCXSZ3T7;
				DYLIB_COMPATIBILITY_VERSION = 1;
				DYLIB_CURRENT_VERSION = 1;
				DYLIB_INSTALL_NAME_BASE = "@rpath";
				GCC_C_LANGUAGE_STANDARD = gnu11;
				INFOPLIST_FILE = Shared/Info.plist;
				INSTALL_PATH = "$(LOCAL_LIBRARY_DIR)/Frameworks";
				LD_RUNPATH_SEARCH_PATHS = "$(inherited) @executable_path/Frameworks @loader_path/Frameworks";
				MTL_FAST_MATH = YES;
				PRODUCT_BUNDLE_IDENTIFIER = "me.bronenos.MiniMonth-Shared";
				PRODUCT_NAME = "$(TARGET_NAME:c99extidentifier)";
				PROVISIONING_PROFILE_SPECIFIER = "";
				"PROVISIONING_PROFILE_SPECIFIER[sdk=macosx*]" = "";
				SKIP_INSTALL = YES;
				SUPPORTS_MACCATALYST = NO;
				SWIFT_OPTIMIZATION_LEVEL = "-O";
				SWIFT_VERSION = 5.0;
				TARGETED_DEVICE_FAMILY = "1,2";
				VERSIONING_SYSTEM = "apple-generic";
				VERSION_INFO_PREFIX = "";
			};
			name = Release;
		};
		D48F9AA624A2584F000CB53D /* Debug */ = {
			isa = XCBuildConfiguration;
			buildSettings = {
				ASSETCATALOG_COMPILER_GLOBAL_ACCENT_COLOR_NAME = AccentColor;
				ASSETCATALOG_COMPILER_WIDGET_BACKGROUND_COLOR_NAME = WidgetBackground;
				CLANG_ANALYZER_NONNULL = YES;
				CLANG_ANALYZER_NUMBER_OBJECT_CONVERSION = YES_AGGRESSIVE;
				CLANG_CXX_LANGUAGE_STANDARD = "gnu++14";
				CLANG_ENABLE_OBJC_WEAK = YES;
				CLANG_WARN_DOCUMENTATION_COMMENTS = YES;
				CLANG_WARN_QUOTED_INCLUDE_IN_FRAMEWORK_HEADER = YES;
				CLANG_WARN_UNGUARDED_AVAILABILITY = YES_AGGRESSIVE;
				CODE_SIGN_ENTITLEMENTS = Widget2/Widget2.entitlements;
				CODE_SIGN_STYLE = Automatic;
				CURRENT_PROJECT_VERSION = 31;
				DEBUG_INFORMATION_FORMAT = dwarf;
				DEVELOPMENT_TEAM = V8NCXSZ3T7;
				GCC_C_LANGUAGE_STANDARD = gnu11;
				INFOPLIST_FILE = Widget2/Info.plist;
				IPHONEOS_DEPLOYMENT_TARGET = 14.0;
				LD_RUNPATH_SEARCH_PATHS = "$(inherited) @executable_path/Frameworks @executable_path/../../Frameworks";
				MARKETING_VERSION = 2.1;
				MTL_ENABLE_DEBUG_INFO = INCLUDE_SOURCE;
				MTL_FAST_MATH = YES;
				PRODUCT_BUNDLE_IDENTIFIER = me.bronenos.MiniMonth.Widget2;
				PRODUCT_NAME = "$(TARGET_NAME)";
				SKIP_INSTALL = YES;
				SWIFT_ACTIVE_COMPILATION_CONDITIONS = DEBUG;
				SWIFT_VERSION = 5.0;
				TARGETED_DEVICE_FAMILY = "1,2";
			};
			name = Debug;
		};
		D48F9AA724A2584F000CB53D /* Release */ = {
			isa = XCBuildConfiguration;
			buildSettings = {
				ASSETCATALOG_COMPILER_GLOBAL_ACCENT_COLOR_NAME = AccentColor;
				ASSETCATALOG_COMPILER_WIDGET_BACKGROUND_COLOR_NAME = WidgetBackground;
				CLANG_ANALYZER_NONNULL = YES;
				CLANG_ANALYZER_NUMBER_OBJECT_CONVERSION = YES_AGGRESSIVE;
				CLANG_CXX_LANGUAGE_STANDARD = "gnu++14";
				CLANG_ENABLE_OBJC_WEAK = YES;
				CLANG_WARN_DOCUMENTATION_COMMENTS = YES;
				CLANG_WARN_QUOTED_INCLUDE_IN_FRAMEWORK_HEADER = YES;
				CLANG_WARN_UNGUARDED_AVAILABILITY = YES_AGGRESSIVE;
				CODE_SIGN_ENTITLEMENTS = Widget2/Widget2.entitlements;
				CODE_SIGN_IDENTITY = "iPhone Distribution";
				CODE_SIGN_STYLE = Manual;
				COPY_PHASE_STRIP = NO;
				CURRENT_PROJECT_VERSION = 31;
				DEBUG_INFORMATION_FORMAT = "dwarf-with-dsym";
				DEVELOPMENT_TEAM = V8NCXSZ3T7;
				GCC_C_LANGUAGE_STANDARD = gnu11;
				INFOPLIST_FILE = Widget2/Info.plist;
				IPHONEOS_DEPLOYMENT_TARGET = 14.0;
				LD_RUNPATH_SEARCH_PATHS = "$(inherited) @executable_path/Frameworks @executable_path/../../Frameworks";
				MARKETING_VERSION = 2.1;
				MTL_FAST_MATH = YES;
				PRODUCT_BUNDLE_IDENTIFIER = me.bronenos.MiniMonth.Widget2;
				PRODUCT_NAME = "$(TARGET_NAME)";
				PROVISIONING_PROFILE_SPECIFIER = "MiniMonth Widget AppStore";
				SKIP_INSTALL = YES;
				SWIFT_OPTIMIZATION_LEVEL = "-O";
				SWIFT_VERSION = 5.0;
				TARGETED_DEVICE_FAMILY = "1,2";
			};
			name = Release;
		};
		D4CD22B92362D9EB000409CB /* Debug */ = {
			isa = XCBuildConfiguration;
			baseConfigurationReference = B9BF114416E440853E417285 /* Pods-Hoster.debug.xcconfig */;
			buildSettings = {
				ALWAYS_EMBED_SWIFT_STANDARD_LIBRARIES = YES;
				ASSETCATALOG_COMPILER_APPICON_NAME = AppIcon;
				CLANG_ANALYZER_NONNULL = YES;
				CLANG_ANALYZER_NUMBER_OBJECT_CONVERSION = YES_AGGRESSIVE;
				CLANG_CXX_LANGUAGE_STANDARD = "gnu++14";
				CLANG_ENABLE_OBJC_WEAK = YES;
				CLANG_WARN_DOCUMENTATION_COMMENTS = YES;
				CLANG_WARN_UNGUARDED_AVAILABILITY = YES_AGGRESSIVE;
				CODE_SIGN_ENTITLEMENTS = Hoster/Hoster.entitlements;
				CODE_SIGN_STYLE = Automatic;
				CURRENT_PROJECT_VERSION = 31;
				DEBUG_INFORMATION_FORMAT = dwarf;
				DEVELOPMENT_ASSET_PATHS = "\"Hoster/Preview Content\"";
				DEVELOPMENT_TEAM = V8NCXSZ3T7;
				ENABLE_PREVIEWS = YES;
				GCC_C_LANGUAGE_STANDARD = gnu11;
				INFOPLIST_FILE = Hoster/Info.plist;
				LD_RUNPATH_SEARCH_PATHS = "$(inherited) @executable_path/Frameworks";
				MARKETING_VERSION = 2.1;
				MTL_ENABLE_DEBUG_INFO = INCLUDE_SOURCE;
				MTL_FAST_MATH = YES;
				PRODUCT_BUNDLE_IDENTIFIER = me.bronenos.MiniMonth;
				PRODUCT_NAME = "$(TARGET_NAME)";
				SWIFT_ACTIVE_COMPILATION_CONDITIONS = DEBUG;
				SWIFT_VERSION = 5.0;
				TARGETED_DEVICE_FAMILY = "1,2";
			};
			name = Debug;
		};
		D4CD22BA2362D9EB000409CB /* Release */ = {
			isa = XCBuildConfiguration;
			baseConfigurationReference = 477A47D192D2345B4CCF4AF2 /* Pods-Hoster.release.xcconfig */;
			buildSettings = {
				ALWAYS_EMBED_SWIFT_STANDARD_LIBRARIES = YES;
				ASSETCATALOG_COMPILER_APPICON_NAME = AppIcon;
				CLANG_ANALYZER_NONNULL = YES;
				CLANG_ANALYZER_NUMBER_OBJECT_CONVERSION = YES_AGGRESSIVE;
				CLANG_CXX_LANGUAGE_STANDARD = "gnu++14";
				CLANG_ENABLE_OBJC_WEAK = YES;
				CLANG_WARN_DOCUMENTATION_COMMENTS = YES;
				CLANG_WARN_UNGUARDED_AVAILABILITY = YES_AGGRESSIVE;
				CODE_SIGN_ENTITLEMENTS = Hoster/Hoster.entitlements;
				CODE_SIGN_IDENTITY = "Apple Distribution";
				CODE_SIGN_STYLE = Manual;
				COPY_PHASE_STRIP = NO;
				CURRENT_PROJECT_VERSION = 31;
				DEBUG_INFORMATION_FORMAT = "dwarf-with-dsym";
				DEVELOPMENT_ASSET_PATHS = "\"Hoster/Preview Content\"";
				DEVELOPMENT_TEAM = V8NCXSZ3T7;
				ENABLE_PREVIEWS = YES;
				GCC_C_LANGUAGE_STANDARD = gnu11;
				INFOPLIST_FILE = Hoster/Info.plist;
				LD_RUNPATH_SEARCH_PATHS = "$(inherited) @executable_path/Frameworks";
				MARKETING_VERSION = 2.1;
				MTL_FAST_MATH = YES;
				PRODUCT_BUNDLE_IDENTIFIER = me.bronenos.MiniMonth;
				PRODUCT_NAME = "$(TARGET_NAME)";
				PROVISIONING_PROFILE_SPECIFIER = "MiniMonth AppStore";
				SWIFT_OPTIMIZATION_LEVEL = "-O";
				SWIFT_VERSION = 5.0;
				TARGETED_DEVICE_FAMILY = "1,2";
			};
			name = Release;
		};
/* End XCBuildConfiguration section */

/* Begin XCConfigurationList section */
		D411EDE619C2A59B0054439F /* Build configuration list for PBXProject "MiniMonth" */ = {
			isa = XCConfigurationList;
			buildConfigurations = (
				D411EE0519C2A59C0054439F /* Debug */,
				D411EE0619C2A59C0054439F /* Release */,
			);
			defaultConfigurationIsVisible = 0;
			defaultConfigurationName = Release;
		};
		D411EE2119C2A5CD0054439F /* Build configuration list for PBXNativeTarget "Widget" */ = {
			isa = XCConfigurationList;
			buildConfigurations = (
				D411EE2219C2A5CD0054439F /* Debug */,
				D411EE2319C2A5CD0054439F /* Release */,
			);
			defaultConfigurationIsVisible = 0;
			defaultConfigurationName = Release;
		};
		D44D336B2362428B001C44A1 /* Build configuration list for PBXNativeTarget "Shared" */ = {
			isa = XCConfigurationList;
			buildConfigurations = (
				D44D336C2362428B001C44A1 /* Debug */,
				D44D336D2362428B001C44A1 /* Release */,
			);
			defaultConfigurationIsVisible = 0;
			defaultConfigurationName = Release;
		};
		D48F9AA824A2584F000CB53D /* Build configuration list for PBXNativeTarget "Widget2" */ = {
			isa = XCConfigurationList;
			buildConfigurations = (
				D48F9AA624A2584F000CB53D /* Debug */,
				D48F9AA724A2584F000CB53D /* Release */,
			);
			defaultConfigurationIsVisible = 0;
			defaultConfigurationName = Release;
		};
		D4CD22B82362D9EB000409CB /* Build configuration list for PBXNativeTarget "Hoster" */ = {
			isa = XCConfigurationList;
			buildConfigurations = (
				D4CD22B92362D9EB000409CB /* Debug */,
				D4CD22BA2362D9EB000409CB /* Release */,
			);
			defaultConfigurationIsVisible = 0;
			defaultConfigurationName = Release;
		};
/* End XCConfigurationList section */
	};
	rootObject = D411EDE319C2A59B0054439F /* Project object */;
}
