// !$*UTF8*$!
{
	archiveVersion = 1;
	classes = {
	};
	objectVersion = 46;
	objects = {

/* Begin PBXBuildFile section */
		D4073B2B19C2AD5B00056370 /* TodayMonthLabel.swift in Sources */ = {isa = PBXBuildFile; fileRef = D4073B2A19C2AD5B00056370 /* TodayMonthLabel.swift */; };
		D4073B2D19C2ADB400056370 /* TodayDayLabel.swift in Sources */ = {isa = PBXBuildFile; fileRef = D4073B2C19C2ADB400056370 /* TodayDayLabel.swift */; };
		D4073B2F19C377A600056370 /* TodayWeekdayLabel.swift in Sources */ = {isa = PBXBuildFile; fileRef = D4073B2E19C377A600056370 /* TodayWeekdayLabel.swift */; };
		D411EE1419C2A5CD0054439F /* NotificationCenter.framework in Frameworks */ = {isa = PBXBuildFile; fileRef = D411EE1319C2A5CD0054439F /* NotificationCenter.framework */; };
		D411EE1919C2A5CD0054439F /* TodayViewController.swift in Sources */ = {isa = PBXBuildFile; fileRef = D411EE1819C2A5CD0054439F /* TodayViewController.swift */; };
		D411EE1B19C2A5CD0054439F /* MainInterface.storyboard in Resources */ = {isa = PBXBuildFile; fileRef = D411EE1A19C2A5CD0054439F /* MainInterface.storyboard */; };
		D41FCB0223642D0F00499C19 /* Shared.framework in Frameworks */ = {isa = PBXBuildFile; fileRef = D44D33622362428B001C44A1 /* Shared.framework */; };
		D41FCB0323642D0F00499C19 /* Shared.framework in Embed Frameworks */ = {isa = PBXBuildFile; fileRef = D44D33622362428B001C44A1 /* Shared.framework */; settings = {ATTRIBUTES = (RemoveHeadersOnCopy, ); }; };
		D41FCB0523642D2100499C19 /* Widget.appex in Embed App Extensions */ = {isa = PBXBuildFile; fileRef = D411EE1119C2A5CC0054439F /* Widget.appex */; settings = {ATTRIBUTES = (RemoveHeadersOnCopy, ); }; };
		D41FCB0C2364B11A00499C19 /* OrientationWatcher.swift in Sources */ = {isa = PBXBuildFile; fileRef = D41FCB0B2364B11A00499C19 /* OrientationWatcher.swift */; };
		D44D33662362428B001C44A1 /* MiniMonth_Shared.h in Headers */ = {isa = PBXBuildFile; fileRef = D44D33642362428B001C44A1 /* MiniMonth_Shared.h */; settings = {ATTRIBUTES = (Public, ); }; };
		D44D336F23624301001C44A1 /* PreferencesDriver.swift in Sources */ = {isa = PBXBuildFile; fileRef = D44D33562361F367001C44A1 /* PreferencesDriver.swift */; };
		D44D337023624370001C44A1 /* DesignTypes.swift in Sources */ = {isa = PBXBuildFile; fileRef = D47836C7235EC9160030238C /* DesignTypes.swift */; };
		D44D337123624409001C44A1 /* DesignBook.swift in Sources */ = {isa = PBXBuildFile; fileRef = D47836C3235EC8D70030238C /* DesignBook.swift */; };
		D468DB2523631F230085122D /* HosterPreferencesBlock.swift in Sources */ = {isa = PBXBuildFile; fileRef = D468DB2423631F230085122D /* HosterPreferencesBlock.swift */; };
		D468DB2C23633E0C0085122D /* HosterPreferencesInteractor.swift in Sources */ = {isa = PBXBuildFile; fileRef = D468DB2B23633E0C0085122D /* HosterPreferencesInteractor.swift */; };
		D47836C2235EC7F50030238C /* CalendarMonthView.swift in Sources */ = {isa = PBXBuildFile; fileRef = D47836C0235EC7AE0030238C /* CalendarMonthView.swift */; };
		D479375723605A4B006D5EDC /* ViewExtensions.swift in Sources */ = {isa = PBXBuildFile; fileRef = D479375623605A4B006D5EDC /* ViewExtensions.swift */; };
		D479375B236082AD006D5EDC /* RangeExtensions.swift in Sources */ = {isa = PBXBuildFile; fileRef = D479375A236082AD006D5EDC /* RangeExtensions.swift */; };
		D479375E236098BF006D5EDC /* HeightModifier.swift in Sources */ = {isa = PBXBuildFile; fileRef = D479375D236098BF006D5EDC /* HeightModifier.swift */; };
		D47937612360A442006D5EDC /* CalendarHeaderButton.swift in Sources */ = {isa = PBXBuildFile; fileRef = D47937602360A442006D5EDC /* CalendarHeaderButton.swift */; };
		D47937632360A995006D5EDC /* PerformingModifier.swift in Sources */ = {isa = PBXBuildFile; fileRef = D47937622360A995006D5EDC /* PerformingModifier.swift */; };
		D47B16272360E406008A70A4 /* EventService.swift in Sources */ = {isa = PBXBuildFile; fileRef = D47B16262360E406008A70A4 /* EventService.swift */; };
		D47DAE63235D8AC400460B03 /* TodayWeekLabel.swift in Sources */ = {isa = PBXBuildFile; fileRef = D47DAE62235D8AC400460B03 /* TodayWeekLabel.swift */; };
		D49AFD5D2363914A0033D98F /* BlurredView.swift in Sources */ = {isa = PBXBuildFile; fileRef = D49AFD5C2363914A0033D98F /* BlurredView.swift */; };
		D4A5112819C6F78000555E1C /* TodayWeekView.swift in Sources */ = {isa = PBXBuildFile; fileRef = D4A5112719C6F78000555E1C /* TodayWeekView.swift */; };
		D4B034CA2361AE3C009A7344 /* OptionalExtensions.swift in Sources */ = {isa = PBXBuildFile; fileRef = D4B034C92361AE3C009A7344 /* OptionalExtensions.swift */; };
		D4B74269235E3036003FDFF9 /* CalendarView.swift in Sources */ = {isa = PBXBuildFile; fileRef = D4B74268235E3036003FDFF9 /* CalendarView.swift */; };
		D4B7426B235E322A003FDFF9 /* CalendarRootController.swift in Sources */ = {isa = PBXBuildFile; fileRef = D4B7426A235E322A003FDFF9 /* CalendarRootController.swift */; };
		D4B7426D235E3AAA003FDFF9 /* CalendarHeader.swift in Sources */ = {isa = PBXBuildFile; fileRef = D4B7426C235E3AAA003FDFF9 /* CalendarHeader.swift */; };
		D4B74271235E3E17003FDFF9 /* CalendarInteractor.swift in Sources */ = {isa = PBXBuildFile; fileRef = D4B74270235E3E17003FDFF9 /* CalendarInteractor.swift */; };
		D4B74273235E5300003FDFF9 /* CalendarWeekdayBar.swift in Sources */ = {isa = PBXBuildFile; fileRef = D4B74272235E5300003FDFF9 /* CalendarWeekdayBar.swift */; };
		D4B74278235E6058003FDFF9 /* CGFloatExtensions.swift in Sources */ = {isa = PBXBuildFile; fileRef = D4B74277235E6058003FDFF9 /* CGFloatExtensions.swift */; };
		D4B7427A235EBD64003FDFF9 /* CalendarMonthdayView.swift in Sources */ = {isa = PBXBuildFile; fileRef = D4B74279235EBD64003FDFF9 /* CalendarMonthdayView.swift */; };
		D4CD22AA2362D9EA000409CB /* HosterAppDelegate.swift in Sources */ = {isa = PBXBuildFile; fileRef = D4CD22A92362D9EA000409CB /* HosterAppDelegate.swift */; };
		D4CD22AC2362D9EA000409CB /* HosterSceneDelegate.swift in Sources */ = {isa = PBXBuildFile; fileRef = D4CD22AB2362D9EA000409CB /* HosterSceneDelegate.swift */; };
		D4CD22AE2362D9EA000409CB /* HosterView.swift in Sources */ = {isa = PBXBuildFile; fileRef = D4CD22AD2362D9EA000409CB /* HosterView.swift */; };
		D4CD22B02362D9EB000409CB /* Assets.xcassets in Resources */ = {isa = PBXBuildFile; fileRef = D4CD22AF2362D9EB000409CB /* Assets.xcassets */; };
		D4CD22B32362D9EB000409CB /* Preview Assets.xcassets in Resources */ = {isa = PBXBuildFile; fileRef = D4CD22B22362D9EB000409CB /* Preview Assets.xcassets */; };
		D4CD22B62362D9EB000409CB /* LaunchScreen.storyboard in Resources */ = {isa = PBXBuildFile; fileRef = D4CD22B42362D9EB000409CB /* LaunchScreen.storyboard */; };
		D4CD22BC2362DB56000409CB /* HosterRootController.swift in Sources */ = {isa = PBXBuildFile; fileRef = D4CD22BB2362DB56000409CB /* HosterRootController.swift */; };
		D4CD22C42362E9CA000409CB /* HosterCalendarWrapper.swift in Sources */ = {isa = PBXBuildFile; fileRef = D4CD22C32362E9CA000409CB /* HosterCalendarWrapper.swift */; };
		D4CD22C92362F721000409CB /* CalendarViewWrapper.swift in Sources */ = {isa = PBXBuildFile; fileRef = D4CD22C82362F721000409CB /* CalendarViewWrapper.swift */; };
		D4CD22CC2362FCAD000409CB /* CalendarTypes.swift in Sources */ = {isa = PBXBuildFile; fileRef = D4E386C6235F038400F88E28 /* CalendarTypes.swift */; };
		D4CD22CD2362FCB2000409CB /* CalendarRootController.swift in Sources */ = {isa = PBXBuildFile; fileRef = D4B7426A235E322A003FDFF9 /* CalendarRootController.swift */; };
		D4CD22CE2362FCB2000409CB /* CalendarInteractor.swift in Sources */ = {isa = PBXBuildFile; fileRef = D4B74270235E3E17003FDFF9 /* CalendarInteractor.swift */; };
		D4CD22CF2362FCB2000409CB /* CalendarViewWrapper.swift in Sources */ = {isa = PBXBuildFile; fileRef = D4CD22C82362F721000409CB /* CalendarViewWrapper.swift */; };
		D4CD22D02362FCB2000409CB /* CalendarView.swift in Sources */ = {isa = PBXBuildFile; fileRef = D4B74268235E3036003FDFF9 /* CalendarView.swift */; };
		D4CD22D12362FCB2000409CB /* CalendarHeader.swift in Sources */ = {isa = PBXBuildFile; fileRef = D4B7426C235E3AAA003FDFF9 /* CalendarHeader.swift */; };
		D4CD22D22362FCB2000409CB /* CalendarHeaderButton.swift in Sources */ = {isa = PBXBuildFile; fileRef = D47937602360A442006D5EDC /* CalendarHeaderButton.swift */; };
		D4CD22D32362FCB2000409CB /* CalendarWeekdayBar.swift in Sources */ = {isa = PBXBuildFile; fileRef = D4B74272235E5300003FDFF9 /* CalendarWeekdayBar.swift */; };
		D4CD22D42362FCB2000409CB /* CalendarWeeknumBar.swift in Sources */ = {isa = PBXBuildFile; fileRef = D4E386C4235EE4F400F88E28 /* CalendarWeeknumBar.swift */; };
		D4CD22D52362FCB2000409CB /* CalendarMonthView.swift in Sources */ = {isa = PBXBuildFile; fileRef = D47836C0235EC7AE0030238C /* CalendarMonthView.swift */; };
		D4CD22D62362FCB2000409CB /* CalendarMonthdayView.swift in Sources */ = {isa = PBXBuildFile; fileRef = D4B74279235EBD64003FDFF9 /* CalendarMonthdayView.swift */; };
		D4CD22D72362FCBE000409CB /* EventService.swift in Sources */ = {isa = PBXBuildFile; fileRef = D47B16262360E406008A70A4 /* EventService.swift */; };
		D4CD22D82362FCBE000409CB /* FoundationExtensions.swift in Sources */ = {isa = PBXBuildFile; fileRef = D4D9CCCD236194D100BC5EDF /* FoundationExtensions.swift */; };
		D4CD22D92362FCBE000409CB /* OptionalExtensions.swift in Sources */ = {isa = PBXBuildFile; fileRef = D4B034C92361AE3C009A7344 /* OptionalExtensions.swift */; };
		D4CD22DA2362FCBE000409CB /* CGFloatExtensions.swift in Sources */ = {isa = PBXBuildFile; fileRef = D4B74277235E6058003FDFF9 /* CGFloatExtensions.swift */; };
		D4CD22DB2362FCBE000409CB /* ViewExtensions.swift in Sources */ = {isa = PBXBuildFile; fileRef = D479375623605A4B006D5EDC /* ViewExtensions.swift */; };
		D4CD22DC2362FCBE000409CB /* RangeExtensions.swift in Sources */ = {isa = PBXBuildFile; fileRef = D479375A236082AD006D5EDC /* RangeExtensions.swift */; };
		D4CD22DD2362FCBF000409CB /* CalendarExtensions.swift in Sources */ = {isa = PBXBuildFile; fileRef = D4D9CCCF236199D500BC5EDF /* CalendarExtensions.swift */; };
		D4CD22DE2362FCBF000409CB /* HeightModifier.swift in Sources */ = {isa = PBXBuildFile; fileRef = D479375D236098BF006D5EDC /* HeightModifier.swift */; };
		D4CD22DF2362FCBF000409CB /* PerformingModifier.swift in Sources */ = {isa = PBXBuildFile; fileRef = D47937622360A995006D5EDC /* PerformingModifier.swift */; };
		D4CD22E12363001C000409CB /* HosterColorsBlock.swift in Sources */ = {isa = PBXBuildFile; fileRef = D4CD22E02363001C000409CB /* HosterColorsBlock.swift */; };
		D4CD22E323630048000409CB /* HosterColorControl.swift in Sources */ = {isa = PBXBuildFile; fileRef = D4CD22E223630048000409CB /* HosterColorControl.swift */; };
		D4D9CCCE236194D100BC5EDF /* FoundationExtensions.swift in Sources */ = {isa = PBXBuildFile; fileRef = D4D9CCCD236194D100BC5EDF /* FoundationExtensions.swift */; };
		D4D9CCD0236199D500BC5EDF /* CalendarExtensions.swift in Sources */ = {isa = PBXBuildFile; fileRef = D4D9CCCF236199D500BC5EDF /* CalendarExtensions.swift */; };
		D4E386C5235EE4F400F88E28 /* CalendarWeeknumBar.swift in Sources */ = {isa = PBXBuildFile; fileRef = D4E386C4235EE4F400F88E28 /* CalendarWeeknumBar.swift */; };
		D4E386C7235F038400F88E28 /* CalendarTypes.swift in Sources */ = {isa = PBXBuildFile; fileRef = D4E386C6235F038400F88E28 /* CalendarTypes.swift */; };
/* End PBXBuildFile section */

/* Begin PBXContainerItemProxy section */
		D41FCB0623642D2100499C19 /* PBXContainerItemProxy */ = {
			isa = PBXContainerItemProxy;
			containerPortal = D411EDE319C2A59B0054439F /* Project object */;
			proxyType = 1;
			remoteGlobalIDString = D411EE1019C2A5CC0054439F;
			remoteInfo = Widget;
		};
		D4CD22BF2362E38E000409CB /* PBXContainerItemProxy */ = {
			isa = PBXContainerItemProxy;
			containerPortal = D411EDE319C2A59B0054439F /* Project object */;
			proxyType = 1;
			remoteGlobalIDString = D44D33612362428B001C44A1;
			remoteInfo = Shared;
		};
		D4CD22E4236309AC000409CB /* PBXContainerItemProxy */ = {
			isa = PBXContainerItemProxy;
			containerPortal = D411EDE319C2A59B0054439F /* Project object */;
			proxyType = 1;
			remoteGlobalIDString = D411EE1019C2A5CC0054439F;
			remoteInfo = Widget;
		};
/* End PBXContainerItemProxy section */

/* Begin PBXCopyFilesBuildPhase section */
		D41FCB0423642D0F00499C19 /* Embed Frameworks */ = {
			isa = PBXCopyFilesBuildPhase;
			buildActionMask = 2147483647;
			dstPath = "";
			dstSubfolderSpec = 10;
			files = (
				D41FCB0323642D0F00499C19 /* Shared.framework in Embed Frameworks */,
			);
			name = "Embed Frameworks";
			runOnlyForDeploymentPostprocessing = 0;
		};
		D41FCB0823642D2100499C19 /* Embed App Extensions */ = {
			isa = PBXCopyFilesBuildPhase;
			buildActionMask = 2147483647;
			dstPath = "";
			dstSubfolderSpec = 13;
			files = (
				D41FCB0523642D2100499C19 /* Widget.appex in Embed App Extensions */,
			);
			name = "Embed App Extensions";
			runOnlyForDeploymentPostprocessing = 0;
		};
/* End PBXCopyFilesBuildPhase section */

/* Begin PBXFileReference section */
		D4073B2A19C2AD5B00056370 /* TodayMonthLabel.swift */ = {isa = PBXFileReference; fileEncoding = 4; lastKnownFileType = sourcecode.swift; path = TodayMonthLabel.swift; sourceTree = "<group>"; };
		D4073B2C19C2ADB400056370 /* TodayDayLabel.swift */ = {isa = PBXFileReference; fileEncoding = 4; lastKnownFileType = sourcecode.swift; path = TodayDayLabel.swift; sourceTree = "<group>"; };
		D4073B2E19C377A600056370 /* TodayWeekdayLabel.swift */ = {isa = PBXFileReference; fileEncoding = 4; lastKnownFileType = sourcecode.swift; path = TodayWeekdayLabel.swift; sourceTree = "<group>"; };
		D411EDEF19C2A59B0054439F /* Info.plist */ = {isa = PBXFileReference; lastKnownFileType = text.plist.xml; path = Info.plist; sourceTree = "<group>"; };
		D411EDF019C2A59B0054439F /* AppDelegate.swift */ = {isa = PBXFileReference; lastKnownFileType = sourcecode.swift; path = AppDelegate.swift; sourceTree = "<group>"; };
		D411EDF719C2A59B0054439F /* Images.xcassets */ = {isa = PBXFileReference; lastKnownFileType = folder.assetcatalog; path = Images.xcassets; sourceTree = "<group>"; };
		D411EE1119C2A5CC0054439F /* Widget.appex */ = {isa = PBXFileReference; explicitFileType = "wrapper.app-extension"; includeInIndex = 0; path = Widget.appex; sourceTree = BUILT_PRODUCTS_DIR; };
		D411EE1319C2A5CD0054439F /* NotificationCenter.framework */ = {isa = PBXFileReference; lastKnownFileType = wrapper.framework; name = NotificationCenter.framework; path = System/Library/Frameworks/NotificationCenter.framework; sourceTree = SDKROOT; };
		D411EE1719C2A5CD0054439F /* Info.plist */ = {isa = PBXFileReference; lastKnownFileType = text.plist.xml; path = Info.plist; sourceTree = "<group>"; };
		D411EE1819C2A5CD0054439F /* TodayViewController.swift */ = {isa = PBXFileReference; lastKnownFileType = sourcecode.swift; path = TodayViewController.swift; sourceTree = "<group>"; };
		D411EE1A19C2A5CD0054439F /* MainInterface.storyboard */ = {isa = PBXFileReference; lastKnownFileType = file.storyboard; path = MainInterface.storyboard; sourceTree = "<group>"; };
		D41FCB0923642E6100499C19 /* Hoster.entitlements */ = {isa = PBXFileReference; lastKnownFileType = text.plist.entitlements; path = Hoster.entitlements; sourceTree = "<group>"; };
		D41FCB0B2364B11A00499C19 /* OrientationWatcher.swift */ = {isa = PBXFileReference; lastKnownFileType = sourcecode.swift; path = OrientationWatcher.swift; sourceTree = "<group>"; };
		D4400DC71A0E1ED100F8D1A3 /* Base */ = {isa = PBXFileReference; fileEncoding = 10; lastKnownFileType = text.plist.strings; name = Base; path = Base.lproj/Localizable.strings; sourceTree = "<group>"; };
		D4400DC91A0E1ED400F8D1A3 /* ru */ = {isa = PBXFileReference; fileEncoding = 10; lastKnownFileType = text.plist.strings; name = ru; path = ru.lproj/Localizable.strings; sourceTree = "<group>"; };
		D44013971D10A22100FEC39E /* Launch Screen.storyboard */ = {isa = PBXFileReference; fileEncoding = 4; lastKnownFileType = file.storyboard; path = "Launch Screen.storyboard"; sourceTree = "<group>"; };
		D44D33562361F367001C44A1 /* PreferencesDriver.swift */ = {isa = PBXFileReference; lastKnownFileType = sourcecode.swift; path = PreferencesDriver.swift; sourceTree = "<group>"; };
		D44D33622362428B001C44A1 /* Shared.framework */ = {isa = PBXFileReference; explicitFileType = wrapper.framework; includeInIndex = 0; path = Shared.framework; sourceTree = BUILT_PRODUCTS_DIR; };
		D44D33642362428B001C44A1 /* MiniMonth_Shared.h */ = {isa = PBXFileReference; lastKnownFileType = sourcecode.c.h; path = MiniMonth_Shared.h; sourceTree = "<group>"; };
		D44D33652362428B001C44A1 /* Info.plist */ = {isa = PBXFileReference; lastKnownFileType = text.plist.xml; path = Info.plist; sourceTree = "<group>"; };
		D450C39719FF6F45006DAA83 /* AppViewController.swift */ = {isa = PBXFileReference; fileEncoding = 4; lastKnownFileType = sourcecode.swift; path = AppViewController.swift; sourceTree = "<group>"; };
		D450C3B319FF7C4A006DAA83 /* Bridging-Header.h */ = {isa = PBXFileReference; lastKnownFileType = sourcecode.c.h; path = "Bridging-Header.h"; sourceTree = "<group>"; };
		D450C3B519FF7CA2006DAA83 /* HRBrightnessCursor.h */ = {isa = PBXFileReference; fileEncoding = 4; lastKnownFileType = sourcecode.c.h; path = HRBrightnessCursor.h; sourceTree = "<group>"; };
		D450C3B619FF7CA2006DAA83 /* HRBrightnessCursor.m */ = {isa = PBXFileReference; fileEncoding = 4; lastKnownFileType = sourcecode.c.objc; path = HRBrightnessCursor.m; sourceTree = "<group>"; };
		D450C3B719FF7CA2006DAA83 /* HRBrightnessSlider.h */ = {isa = PBXFileReference; fileEncoding = 4; lastKnownFileType = sourcecode.c.h; path = HRBrightnessSlider.h; sourceTree = "<group>"; };
		D450C3B819FF7CA2006DAA83 /* HRBrightnessSlider.m */ = {isa = PBXFileReference; fileEncoding = 4; lastKnownFileType = sourcecode.c.objc; path = HRBrightnessSlider.m; sourceTree = "<group>"; };
		D450C3B919FF7CA2006DAA83 /* HRColorCursor.h */ = {isa = PBXFileReference; fileEncoding = 4; lastKnownFileType = sourcecode.c.h; path = HRColorCursor.h; sourceTree = "<group>"; };
		D450C3BA19FF7CA2006DAA83 /* HRColorCursor.m */ = {isa = PBXFileReference; fileEncoding = 4; lastKnownFileType = sourcecode.c.objc; path = HRColorCursor.m; sourceTree = "<group>"; };
		D450C3BB19FF7CA2006DAA83 /* HRColorInfoView.h */ = {isa = PBXFileReference; fileEncoding = 4; lastKnownFileType = sourcecode.c.h; path = HRColorInfoView.h; sourceTree = "<group>"; };
		D450C3BC19FF7CA2006DAA83 /* HRColorInfoView.m */ = {isa = PBXFileReference; fileEncoding = 4; lastKnownFileType = sourcecode.c.objc; path = HRColorInfoView.m; sourceTree = "<group>"; };
		D450C3BD19FF7CA2006DAA83 /* HRColorMapView.h */ = {isa = PBXFileReference; fileEncoding = 4; lastKnownFileType = sourcecode.c.h; path = HRColorMapView.h; sourceTree = "<group>"; };
		D450C3BE19FF7CA2006DAA83 /* HRColorMapView.m */ = {isa = PBXFileReference; fileEncoding = 4; lastKnownFileType = sourcecode.c.objc; path = HRColorMapView.m; sourceTree = "<group>"; };
		D450C3BF19FF7CA2006DAA83 /* HRColorPickerView.h */ = {isa = PBXFileReference; fileEncoding = 4; lastKnownFileType = sourcecode.c.h; path = HRColorPickerView.h; sourceTree = "<group>"; };
		D450C3C019FF7CA2006DAA83 /* HRColorPickerView.m */ = {isa = PBXFileReference; fileEncoding = 4; lastKnownFileType = sourcecode.c.objc; path = HRColorPickerView.m; sourceTree = "<group>"; };
		D450C3C119FF7CA2006DAA83 /* HRHSVColorUtil.h */ = {isa = PBXFileReference; fileEncoding = 4; lastKnownFileType = sourcecode.c.h; path = HRHSVColorUtil.h; sourceTree = "<group>"; };
		D450C3C219FF7CA2006DAA83 /* HRHSVColorUtil.m */ = {isa = PBXFileReference; fileEncoding = 4; lastKnownFileType = sourcecode.c.objc; path = HRHSVColorUtil.m; sourceTree = "<group>"; };
		D450C3C319FF7CA2006DAA83 /* UIImage+CoreGraphics.h */ = {isa = PBXFileReference; fileEncoding = 4; lastKnownFileType = sourcecode.c.h; path = "UIImage+CoreGraphics.h"; sourceTree = "<group>"; };
		D450C3C419FF7CA2006DAA83 /* UIImage+CoreGraphics.m */ = {isa = PBXFileReference; fileEncoding = 4; lastKnownFileType = sourcecode.c.objc; path = "UIImage+CoreGraphics.m"; sourceTree = "<group>"; };
		D450C3CD19FF7D62006DAA83 /* ColorViewController.swift */ = {isa = PBXFileReference; fileEncoding = 4; lastKnownFileType = sourcecode.swift; path = ColorViewController.swift; sourceTree = "<group>"; };
		D468DB2423631F230085122D /* HosterPreferencesBlock.swift */ = {isa = PBXFileReference; lastKnownFileType = sourcecode.swift; path = HosterPreferencesBlock.swift; sourceTree = "<group>"; };
		D468DB2B23633E0C0085122D /* HosterPreferencesInteractor.swift */ = {isa = PBXFileReference; lastKnownFileType = sourcecode.swift; path = HosterPreferencesInteractor.swift; sourceTree = "<group>"; };
		D47836C0235EC7AE0030238C /* CalendarMonthView.swift */ = {isa = PBXFileReference; lastKnownFileType = sourcecode.swift; path = CalendarMonthView.swift; sourceTree = "<group>"; };
		D47836C3235EC8D70030238C /* DesignBook.swift */ = {isa = PBXFileReference; lastKnownFileType = sourcecode.swift; path = DesignBook.swift; sourceTree = "<group>"; };
		D47836C7235EC9160030238C /* DesignTypes.swift */ = {isa = PBXFileReference; lastKnownFileType = sourcecode.swift; path = DesignTypes.swift; sourceTree = "<group>"; };
		D479375623605A4B006D5EDC /* ViewExtensions.swift */ = {isa = PBXFileReference; lastKnownFileType = sourcecode.swift; path = ViewExtensions.swift; sourceTree = "<group>"; };
		D479375A236082AD006D5EDC /* RangeExtensions.swift */ = {isa = PBXFileReference; lastKnownFileType = sourcecode.swift; path = RangeExtensions.swift; sourceTree = "<group>"; };
		D479375D236098BF006D5EDC /* HeightModifier.swift */ = {isa = PBXFileReference; lastKnownFileType = sourcecode.swift; path = HeightModifier.swift; sourceTree = "<group>"; };
		D47937602360A442006D5EDC /* CalendarHeaderButton.swift */ = {isa = PBXFileReference; lastKnownFileType = sourcecode.swift; path = CalendarHeaderButton.swift; sourceTree = "<group>"; };
		D47937622360A995006D5EDC /* PerformingModifier.swift */ = {isa = PBXFileReference; lastKnownFileType = sourcecode.swift; path = PerformingModifier.swift; sourceTree = "<group>"; };
		D47B16262360E406008A70A4 /* EventService.swift */ = {isa = PBXFileReference; lastKnownFileType = sourcecode.swift; path = EventService.swift; sourceTree = "<group>"; };
		D47DAE62235D8AC400460B03 /* TodayWeekLabel.swift */ = {isa = PBXFileReference; lastKnownFileType = sourcecode.swift; path = TodayWeekLabel.swift; sourceTree = "<group>"; };
		D49AFD5C2363914A0033D98F /* BlurredView.swift */ = {isa = PBXFileReference; lastKnownFileType = sourcecode.swift; path = BlurredView.swift; sourceTree = "<group>"; };
		D4A5112719C6F78000555E1C /* TodayWeekView.swift */ = {isa = PBXFileReference; fileEncoding = 4; lastKnownFileType = sourcecode.swift; path = TodayWeekView.swift; sourceTree = "<group>"; };
		D4B034C92361AE3C009A7344 /* OptionalExtensions.swift */ = {isa = PBXFileReference; lastKnownFileType = sourcecode.swift; path = OptionalExtensions.swift; sourceTree = "<group>"; };
		D4B74268235E3036003FDFF9 /* CalendarView.swift */ = {isa = PBXFileReference; lastKnownFileType = sourcecode.swift; path = CalendarView.swift; sourceTree = "<group>"; };
		D4B7426A235E322A003FDFF9 /* CalendarRootController.swift */ = {isa = PBXFileReference; lastKnownFileType = sourcecode.swift; path = CalendarRootController.swift; sourceTree = "<group>"; };
		D4B7426C235E3AAA003FDFF9 /* CalendarHeader.swift */ = {isa = PBXFileReference; lastKnownFileType = sourcecode.swift; path = CalendarHeader.swift; sourceTree = "<group>"; };
		D4B74270235E3E17003FDFF9 /* CalendarInteractor.swift */ = {isa = PBXFileReference; lastKnownFileType = sourcecode.swift; path = CalendarInteractor.swift; sourceTree = "<group>"; };
		D4B74272235E5300003FDFF9 /* CalendarWeekdayBar.swift */ = {isa = PBXFileReference; lastKnownFileType = sourcecode.swift; path = CalendarWeekdayBar.swift; sourceTree = "<group>"; };
		D4B74277235E6058003FDFF9 /* CGFloatExtensions.swift */ = {isa = PBXFileReference; lastKnownFileType = sourcecode.swift; path = CGFloatExtensions.swift; sourceTree = "<group>"; };
		D4B74279235EBD64003FDFF9 /* CalendarMonthdayView.swift */ = {isa = PBXFileReference; lastKnownFileType = sourcecode.swift; path = CalendarMonthdayView.swift; sourceTree = "<group>"; };
		D4C036E31A0CFA7200D53141 /* ConfigCell.swift */ = {isa = PBXFileReference; fileEncoding = 4; lastKnownFileType = sourcecode.swift; path = ConfigCell.swift; sourceTree = "<group>"; };
		D4C036E51A0D2FC200D53141 /* wallpaper.jpg */ = {isa = PBXFileReference; lastKnownFileType = image.jpeg; path = wallpaper.jpg; sourceTree = "<group>"; };
		D4C735A919FFBAE20066A6E8 /* MiniMonth.entitlements */ = {isa = PBXFileReference; lastKnownFileType = text.xml; path = MiniMonth.entitlements; sourceTree = "<group>"; };
		D4C735AA19FFBAEC0066A6E8 /* Widget.entitlements */ = {isa = PBXFileReference; lastKnownFileType = text.plist.entitlements; path = Widget.entitlements; sourceTree = "<group>"; };
		D4C735B419FFC34F0066A6E8 /* Base */ = {isa = PBXFileReference; lastKnownFileType = file.storyboard; name = Base; path = Base.lproj/Storyboard.storyboard; sourceTree = "<group>"; };
		D4CD22A72362D9EA000409CB /* Hoster.app */ = {isa = PBXFileReference; explicitFileType = wrapper.application; includeInIndex = 0; path = Hoster.app; sourceTree = BUILT_PRODUCTS_DIR; };
		D4CD22A92362D9EA000409CB /* HosterAppDelegate.swift */ = {isa = PBXFileReference; lastKnownFileType = sourcecode.swift; path = HosterAppDelegate.swift; sourceTree = "<group>"; };
		D4CD22AB2362D9EA000409CB /* HosterSceneDelegate.swift */ = {isa = PBXFileReference; lastKnownFileType = sourcecode.swift; path = HosterSceneDelegate.swift; sourceTree = "<group>"; };
		D4CD22AD2362D9EA000409CB /* HosterView.swift */ = {isa = PBXFileReference; lastKnownFileType = sourcecode.swift; path = HosterView.swift; sourceTree = "<group>"; };
		D4CD22AF2362D9EB000409CB /* Assets.xcassets */ = {isa = PBXFileReference; lastKnownFileType = folder.assetcatalog; path = Assets.xcassets; sourceTree = "<group>"; };
		D4CD22B22362D9EB000409CB /* Preview Assets.xcassets */ = {isa = PBXFileReference; lastKnownFileType = folder.assetcatalog; path = "Preview Assets.xcassets"; sourceTree = "<group>"; };
		D4CD22B52362D9EB000409CB /* Base */ = {isa = PBXFileReference; lastKnownFileType = file.storyboard; name = Base; path = Base.lproj/LaunchScreen.storyboard; sourceTree = "<group>"; };
		D4CD22B72362D9EB000409CB /* Info.plist */ = {isa = PBXFileReference; lastKnownFileType = text.plist.xml; path = Info.plist; sourceTree = "<group>"; };
		D4CD22BB2362DB56000409CB /* HosterRootController.swift */ = {isa = PBXFileReference; lastKnownFileType = sourcecode.swift; path = HosterRootController.swift; sourceTree = "<group>"; };
		D4CD22C32362E9CA000409CB /* HosterCalendarWrapper.swift */ = {isa = PBXFileReference; lastKnownFileType = sourcecode.swift; path = HosterCalendarWrapper.swift; sourceTree = "<group>"; };
		D4CD22C82362F721000409CB /* CalendarViewWrapper.swift */ = {isa = PBXFileReference; lastKnownFileType = sourcecode.swift; path = CalendarViewWrapper.swift; sourceTree = "<group>"; };
		D4CD22E02363001C000409CB /* HosterColorsBlock.swift */ = {isa = PBXFileReference; lastKnownFileType = sourcecode.swift; path = HosterColorsBlock.swift; sourceTree = "<group>"; };
		D4CD22E223630048000409CB /* HosterColorControl.swift */ = {isa = PBXFileReference; lastKnownFileType = sourcecode.swift; path = HosterColorControl.swift; sourceTree = "<group>"; };
		D4D9CCCD236194D100BC5EDF /* FoundationExtensions.swift */ = {isa = PBXFileReference; lastKnownFileType = sourcecode.swift; path = FoundationExtensions.swift; sourceTree = "<group>"; };
		D4D9CCCF236199D500BC5EDF /* CalendarExtensions.swift */ = {isa = PBXFileReference; lastKnownFileType = sourcecode.swift; path = CalendarExtensions.swift; sourceTree = "<group>"; };
		D4E386C4235EE4F400F88E28 /* CalendarWeeknumBar.swift */ = {isa = PBXFileReference; lastKnownFileType = sourcecode.swift; path = CalendarWeeknumBar.swift; sourceTree = "<group>"; };
		D4E386C6235F038400F88E28 /* CalendarTypes.swift */ = {isa = PBXFileReference; lastKnownFileType = sourcecode.swift; path = CalendarTypes.swift; sourceTree = "<group>"; };
/* End PBXFileReference section */

/* Begin PBXFrameworksBuildPhase section */
		D411EE0E19C2A5CC0054439F /* Frameworks */ = {
			isa = PBXFrameworksBuildPhase;
			buildActionMask = 2147483647;
			files = (
				D411EE1419C2A5CD0054439F /* NotificationCenter.framework in Frameworks */,
			);
			runOnlyForDeploymentPostprocessing = 0;
		};
		D44D335F2362428B001C44A1 /* Frameworks */ = {
			isa = PBXFrameworksBuildPhase;
			buildActionMask = 2147483647;
			files = (
			);
			runOnlyForDeploymentPostprocessing = 0;
		};
		D4CD22A42362D9EA000409CB /* Frameworks */ = {
			isa = PBXFrameworksBuildPhase;
			buildActionMask = 2147483647;
			files = (
				D41FCB0223642D0F00499C19 /* Shared.framework in Frameworks */,
			);
			runOnlyForDeploymentPostprocessing = 0;
		};
/* End PBXFrameworksBuildPhase section */

/* Begin PBXGroup section */
		D4070DD72361A9B000879694 /* Modules */ = {
			isa = PBXGroup;
			children = (
				D4070DD82361A9C700879694 /* Calendar */,
			);
			path = Modules;
			sourceTree = "<group>";
		};
		D4070DD82361A9C700879694 /* Calendar */ = {
			isa = PBXGroup;
			children = (
				D4E386C6235F038400F88E28 /* CalendarTypes.swift */,
				D4B7426A235E322A003FDFF9 /* CalendarRootController.swift */,
				D4B74270235E3E17003FDFF9 /* CalendarInteractor.swift */,
				D4CD22C82362F721000409CB /* CalendarViewWrapper.swift */,
				D4B74268235E3036003FDFF9 /* CalendarView.swift */,
				D4B7426C235E3AAA003FDFF9 /* CalendarHeader.swift */,
				D47937602360A442006D5EDC /* CalendarHeaderButton.swift */,
				D4B74272235E5300003FDFF9 /* CalendarWeekdayBar.swift */,
				D4E386C4235EE4F400F88E28 /* CalendarWeeknumBar.swift */,
				D47836C0235EC7AE0030238C /* CalendarMonthView.swift */,
				D4B74279235EBD64003FDFF9 /* CalendarMonthdayView.swift */,
			);
			path = Calendar;
			sourceTree = "<group>";
		};
		D4070DD92361AA7C00879694 /* EventService */ = {
			isa = PBXGroup;
			children = (
				D47B16262360E406008A70A4 /* EventService.swift */,
			);
			path = EventService;
			sourceTree = "<group>";
		};
		D411EDE219C2A59B0054439F = {
			isa = PBXGroup;
			children = (
				D44D33632362428B001C44A1 /* Shared */,
				D411EDED19C2A59B0054439F /* MiniMonth */,
				D411EE1519C2A5CD0054439F /* _Today_ */,
				D4CD22A82362D9EA000409CB /* Hoster */,
				D4B74267235E2512003FDFF9 /* Widget */,
				D411EE1219C2A5CD0054439F /* Frameworks */,
				D411EDEC19C2A59B0054439F /* Products */,
			);
			sourceTree = "<group>";
		};
		D411EDEC19C2A59B0054439F /* Products */ = {
			isa = PBXGroup;
			children = (
				D411EE1119C2A5CC0054439F /* Widget.appex */,
				D44D33622362428B001C44A1 /* Shared.framework */,
				D4CD22A72362D9EA000409CB /* Hoster.app */,
			);
			name = Products;
			sourceTree = "<group>";
		};
		D411EDED19C2A59B0054439F /* MiniMonth */ = {
			isa = PBXGroup;
			children = (
				D4C735A919FFBAE20066A6E8 /* MiniMonth.entitlements */,
				D450C3B419FF7CA2006DAA83 /* ColorPicker */,
				D450C3B319FF7C4A006DAA83 /* Bridging-Header.h */,
				D44013971D10A22100FEC39E /* Launch Screen.storyboard */,
				D452388719F2433C007A1181 /* Storyboard.storyboard */,
				D411EDF019C2A59B0054439F /* AppDelegate.swift */,
				D411EDF719C2A59B0054439F /* Images.xcassets */,
				D411EDEE19C2A59B0054439F /* Supporting Files */,
				D450C39719FF6F45006DAA83 /* AppViewController.swift */,
				D450C3CD19FF7D62006DAA83 /* ColorViewController.swift */,
				D4C036E31A0CFA7200D53141 /* ConfigCell.swift */,
			);
			path = MiniMonth;
			sourceTree = "<group>";
		};
		D411EDEE19C2A59B0054439F /* Supporting Files */ = {
			isa = PBXGroup;
			children = (
				D411EDEF19C2A59B0054439F /* Info.plist */,
				D4C036E51A0D2FC200D53141 /* wallpaper.jpg */,
				D4400DC81A0E1ED100F8D1A3 /* Localizable.strings */,
			);
			name = "Supporting Files";
			sourceTree = "<group>";
		};
		D411EE1219C2A5CD0054439F /* Frameworks */ = {
			isa = PBXGroup;
			children = (
				D411EE1319C2A5CD0054439F /* NotificationCenter.framework */,
			);
			name = Frameworks;
			sourceTree = "<group>";
		};
		D411EE1519C2A5CD0054439F /* _Today_ */ = {
			isa = PBXGroup;
			children = (
				D411EE1A19C2A5CD0054439F /* MainInterface.storyboard */,
				D411EE1619C2A5CD0054439F /* Supporting Files */,
				D411EE1819C2A5CD0054439F /* TodayViewController.swift */,
				D4073B2A19C2AD5B00056370 /* TodayMonthLabel.swift */,
				D4073B2E19C377A600056370 /* TodayWeekdayLabel.swift */,
				D4A5112719C6F78000555E1C /* TodayWeekView.swift */,
				D4073B2C19C2ADB400056370 /* TodayDayLabel.swift */,
				D47DAE62235D8AC400460B03 /* TodayWeekLabel.swift */,
			);
			path = _Today_;
			sourceTree = "<group>";
		};
		D411EE1619C2A5CD0054439F /* Supporting Files */ = {
			isa = PBXGroup;
			children = (
			);
			name = "Supporting Files";
			sourceTree = "<group>";
		};
		D41FCB0A2364B0AB00499C19 /* Wrappers */ = {
			isa = PBXGroup;
			children = (
				D41FCB0B2364B11A00499C19 /* OrientationWatcher.swift */,
			);
			path = Wrappers;
			sourceTree = "<group>";
		};
		D44995C12361B23100167A92 /* Shared */ = {
			isa = PBXGroup;
			children = (
				D4B74276235E6041003FDFF9 /* Extensions */,
				D479375C236098AC006D5EDC /* Modifiers */,
			);
			path = Shared;
			sourceTree = "<group>";
		};
		D44D33542361F337001C44A1 /* Drivers */ = {
			isa = PBXGroup;
			children = (
				D44D33552361F33F001C44A1 /* PreferencesDriver */,
			);
			path = Drivers;
			sourceTree = "<group>";
		};
		D44D33552361F33F001C44A1 /* PreferencesDriver */ = {
			isa = PBXGroup;
			children = (
				D44D33562361F367001C44A1 /* PreferencesDriver.swift */,
			);
			path = PreferencesDriver;
			sourceTree = "<group>";
		};
		D44D33632362428B001C44A1 /* Shared */ = {
			isa = PBXGroup;
			children = (
				D44D33642362428B001C44A1 /* MiniMonth_Shared.h */,
				D44D33652362428B001C44A1 /* Info.plist */,
				D44D33542361F337001C44A1 /* Drivers */,
				D47836C6235EC9050030238C /* DesignBook */,
			);
			path = Shared;
			sourceTree = "<group>";
		};
		D450C3B419FF7CA2006DAA83 /* ColorPicker */ = {
			isa = PBXGroup;
			children = (
				D450C3B519FF7CA2006DAA83 /* HRBrightnessCursor.h */,
				D450C3B619FF7CA2006DAA83 /* HRBrightnessCursor.m */,
				D450C3B719FF7CA2006DAA83 /* HRBrightnessSlider.h */,
				D450C3B819FF7CA2006DAA83 /* HRBrightnessSlider.m */,
				D450C3B919FF7CA2006DAA83 /* HRColorCursor.h */,
				D450C3BA19FF7CA2006DAA83 /* HRColorCursor.m */,
				D450C3BB19FF7CA2006DAA83 /* HRColorInfoView.h */,
				D450C3BC19FF7CA2006DAA83 /* HRColorInfoView.m */,
				D450C3BD19FF7CA2006DAA83 /* HRColorMapView.h */,
				D450C3BE19FF7CA2006DAA83 /* HRColorMapView.m */,
				D450C3BF19FF7CA2006DAA83 /* HRColorPickerView.h */,
				D450C3C019FF7CA2006DAA83 /* HRColorPickerView.m */,
				D450C3C119FF7CA2006DAA83 /* HRHSVColorUtil.h */,
				D450C3C219FF7CA2006DAA83 /* HRHSVColorUtil.m */,
				D450C3C319FF7CA2006DAA83 /* UIImage+CoreGraphics.h */,
				D450C3C419FF7CA2006DAA83 /* UIImage+CoreGraphics.m */,
			);
			path = ColorPicker;
			sourceTree = "<group>";
		};
		D468DB26236320B90085122D /* Shared */ = {
			isa = PBXGroup;
			children = (
				D49AFD5A2363912B0033D98F /* Views */,
				D468DB27236320C00085122D /* Extensions */,
				D41FCB0A2364B0AB00499C19 /* Wrappers */,
			);
			path = Shared;
			sourceTree = "<group>";
		};
		D468DB27236320C00085122D /* Extensions */ = {
			isa = PBXGroup;
			children = (
			);
			path = Extensions;
			sourceTree = "<group>";
		};
		D468DB2A23633DF30085122D /* HosterPreferencesBlock */ = {
			isa = PBXGroup;
			children = (
				D468DB2423631F230085122D /* HosterPreferencesBlock.swift */,
				D468DB2B23633E0C0085122D /* HosterPreferencesInteractor.swift */,
				D4CD22E02363001C000409CB /* HosterColorsBlock.swift */,
				D4CD22E223630048000409CB /* HosterColorControl.swift */,
			);
			path = HosterPreferencesBlock;
			sourceTree = "<group>";
		};
		D47836C6235EC9050030238C /* DesignBook */ = {
			isa = PBXGroup;
			children = (
				D47836C7235EC9160030238C /* DesignTypes.swift */,
				D47836C3235EC8D70030238C /* DesignBook.swift */,
			);
			path = DesignBook;
			sourceTree = "<group>";
		};
		D479375C236098AC006D5EDC /* Modifiers */ = {
			isa = PBXGroup;
			children = (
				D479375D236098BF006D5EDC /* HeightModifier.swift */,
				D47937622360A995006D5EDC /* PerformingModifier.swift */,
			);
			path = Modifiers;
			sourceTree = "<group>";
		};
		D49AFD5A2363912B0033D98F /* Views */ = {
			isa = PBXGroup;
			children = (
				D49AFD5C2363914A0033D98F /* BlurredView.swift */,
			);
			path = Views;
			sourceTree = "<group>";
		};
		D4B74267235E2512003FDFF9 /* Widget */ = {
			isa = PBXGroup;
			children = (
				D411EE1719C2A5CD0054439F /* Info.plist */,
				D4C735AA19FFBAEC0066A6E8 /* Widget.entitlements */,
				D4B7426E235E3B21003FDFF9 /* Services */,
				D44995C12361B23100167A92 /* Shared */,
				D4070DD72361A9B000879694 /* Modules */,
			);
			path = Widget;
			sourceTree = "<group>";
		};
		D4B7426E235E3B21003FDFF9 /* Services */ = {
			isa = PBXGroup;
			children = (
				D4070DD92361AA7C00879694 /* EventService */,
			);
			path = Services;
			sourceTree = "<group>";
		};
		D4B74276235E6041003FDFF9 /* Extensions */ = {
			isa = PBXGroup;
			children = (
				D4D9CCCD236194D100BC5EDF /* FoundationExtensions.swift */,
				D4B034C92361AE3C009A7344 /* OptionalExtensions.swift */,
				D4B74277235E6058003FDFF9 /* CGFloatExtensions.swift */,
				D479375623605A4B006D5EDC /* ViewExtensions.swift */,
				D479375A236082AD006D5EDC /* RangeExtensions.swift */,
				D4D9CCCF236199D500BC5EDF /* CalendarExtensions.swift */,
			);
			path = Extensions;
			sourceTree = "<group>";
		};
		D4CD22A82362D9EA000409CB /* Hoster */ = {
			isa = PBXGroup;
			children = (
				D41FCB0923642E6100499C19 /* Hoster.entitlements */,
				D468DB26236320B90085122D /* Shared */,
				D4CD22B72362D9EB000409CB /* Info.plist */,
				D4CD22B42362D9EB000409CB /* LaunchScreen.storyboard */,
				D4CD22AF2362D9EB000409CB /* Assets.xcassets */,
				D4CD22A92362D9EA000409CB /* HosterAppDelegate.swift */,
				D4CD22AB2362D9EA000409CB /* HosterSceneDelegate.swift */,
				D4CD22BB2362DB56000409CB /* HosterRootController.swift */,
				D4CD22AD2362D9EA000409CB /* HosterView.swift */,
				D4CD22C32362E9CA000409CB /* HosterCalendarWrapper.swift */,
				D468DB2A23633DF30085122D /* HosterPreferencesBlock */,
				D4CD22B12362D9EB000409CB /* Preview Content */,
			);
			path = Hoster;
			sourceTree = "<group>";
		};
		D4CD22B12362D9EB000409CB /* Preview Content */ = {
			isa = PBXGroup;
			children = (
				D4CD22B22362D9EB000409CB /* Preview Assets.xcassets */,
			);
			path = "Preview Content";
			sourceTree = "<group>";
		};
/* End PBXGroup section */

/* Begin PBXHeadersBuildPhase section */
		D44D335D2362428B001C44A1 /* Headers */ = {
			isa = PBXHeadersBuildPhase;
			buildActionMask = 2147483647;
			files = (
				D44D33662362428B001C44A1 /* MiniMonth_Shared.h in Headers */,
			);
			runOnlyForDeploymentPostprocessing = 0;
		};
/* End PBXHeadersBuildPhase section */

/* Begin PBXNativeTarget section */
		D411EE1019C2A5CC0054439F /* Widget */ = {
			isa = PBXNativeTarget;
			buildConfigurationList = D411EE2119C2A5CD0054439F /* Build configuration list for PBXNativeTarget "Widget" */;
			buildPhases = (
				D411EE0D19C2A5CC0054439F /* Sources */,
				D411EE0E19C2A5CC0054439F /* Frameworks */,
				D411EE0F19C2A5CC0054439F /* Resources */,
			);
			buildRules = (
			);
			dependencies = (
				D4CD22C02362E38E000409CB /* PBXTargetDependency */,
			);
			name = Widget;
			productName = Today;
			productReference = D411EE1119C2A5CC0054439F /* Widget.appex */;
			productType = "com.apple.product-type.app-extension";
		};
		D44D33612362428B001C44A1 /* Shared */ = {
			isa = PBXNativeTarget;
			buildConfigurationList = D44D336B2362428B001C44A1 /* Build configuration list for PBXNativeTarget "Shared" */;
			buildPhases = (
				D44D335D2362428B001C44A1 /* Headers */,
				D44D335E2362428B001C44A1 /* Sources */,
				D44D335F2362428B001C44A1 /* Frameworks */,
				D44D33602362428B001C44A1 /* Resources */,
			);
			buildRules = (
			);
			dependencies = (
			);
			name = Shared;
			productName = "MiniMonth-Shared";
			productReference = D44D33622362428B001C44A1 /* Shared.framework */;
			productType = "com.apple.product-type.framework";
		};
		D4CD22A62362D9EA000409CB /* Hoster */ = {
			isa = PBXNativeTarget;
			buildConfigurationList = D4CD22B82362D9EB000409CB /* Build configuration list for PBXNativeTarget "Hoster" */;
			buildPhases = (
				D4CD22A32362D9EA000409CB /* Sources */,
				D4CD22A42362D9EA000409CB /* Frameworks */,
				D4CD22A52362D9EA000409CB /* Resources */,
				D41FCB0423642D0F00499C19 /* Embed Frameworks */,
				D41FCB0823642D2100499C19 /* Embed App Extensions */,
			);
			buildRules = (
			);
			dependencies = (
				D4CD22E5236309AC000409CB /* PBXTargetDependency */,
				D41FCB0723642D2100499C19 /* PBXTargetDependency */,
			);
			name = Hoster;
			productName = "MiniMonth-Hoster";
			productReference = D4CD22A72362D9EA000409CB /* Hoster.app */;
			productType = "com.apple.product-type.application";
		};
/* End PBXNativeTarget section */

/* Begin PBXProject section */
		D411EDE319C2A59B0054439F /* Project object */ = {
			isa = PBXProject;
			attributes = {
				LastSwiftUpdateCheck = 1100;
				LastUpgradeCheck = 1100;
				ORGANIZATIONNAME = bronenos;
				TargetAttributes = {
					D411EE1019C2A5CC0054439F = {
						CreatedOnToolsVersion = 6.0;
						DevelopmentTeam = V8NCXSZ3T7;
						LastSwiftMigration = 0900;
						ProvisioningStyle = Manual;
						SystemCapabilities = {
							com.apple.ApplicationGroups.iOS = {
								enabled = 1;
							};
						};
					};
					D44D33612362428B001C44A1 = {
						CreatedOnToolsVersion = 11.0;
						DevelopmentTeam = V8NCXSZ3T7;
						ProvisioningStyle = Automatic;
					};
					D4CD22A62362D9EA000409CB = {
						CreatedOnToolsVersion = 11.0;
						DevelopmentTeam = V8NCXSZ3T7;
						ProvisioningStyle = Automatic;
					};
				};
			};
			buildConfigurationList = D411EDE619C2A59B0054439F /* Build configuration list for PBXProject "MiniMonth" */;
			compatibilityVersion = "Xcode 3.2";
			developmentRegion = en;
			hasScannedForEncodings = 0;
			knownRegions = (
				en,
				Base,
				ru,
			);
			mainGroup = D411EDE219C2A59B0054439F;
			productRefGroup = D411EDEC19C2A59B0054439F /* Products */;
			projectDirPath = "";
			projectRoot = "";
			targets = (
				D44D33612362428B001C44A1 /* Shared */,
				D4CD22A62362D9EA000409CB /* Hoster */,
				D411EE1019C2A5CC0054439F /* Widget */,
			);
		};
/* End PBXProject section */

/* Begin PBXResourcesBuildPhase section */
		D411EE0F19C2A5CC0054439F /* Resources */ = {
			isa = PBXResourcesBuildPhase;
			buildActionMask = 2147483647;
			files = (
				D411EE1B19C2A5CD0054439F /* MainInterface.storyboard in Resources */,
			);
			runOnlyForDeploymentPostprocessing = 0;
		};
		D44D33602362428B001C44A1 /* Resources */ = {
			isa = PBXResourcesBuildPhase;
			buildActionMask = 2147483647;
			files = (
			);
			runOnlyForDeploymentPostprocessing = 0;
		};
		D4CD22A52362D9EA000409CB /* Resources */ = {
			isa = PBXResourcesBuildPhase;
			buildActionMask = 2147483647;
			files = (
				D4CD22B62362D9EB000409CB /* LaunchScreen.storyboard in Resources */,
				D4CD22B32362D9EB000409CB /* Preview Assets.xcassets in Resources */,
				D4CD22B02362D9EB000409CB /* Assets.xcassets in Resources */,
			);
			runOnlyForDeploymentPostprocessing = 0;
		};
/* End PBXResourcesBuildPhase section */

/* Begin PBXSourcesBuildPhase section */
		D411EE0D19C2A5CC0054439F /* Sources */ = {
			isa = PBXSourcesBuildPhase;
			buildActionMask = 2147483647;
			files = (
				D4E386C5235EE4F400F88E28 /* CalendarWeeknumBar.swift in Sources */,
				D479375723605A4B006D5EDC /* ViewExtensions.swift in Sources */,
				D4B74273235E5300003FDFF9 /* CalendarWeekdayBar.swift in Sources */,
				D4E386C7235F038400F88E28 /* CalendarTypes.swift in Sources */,
				D47937632360A995006D5EDC /* PerformingModifier.swift in Sources */,
				D47DAE63235D8AC400460B03 /* TodayWeekLabel.swift in Sources */,
				D4D9CCD0236199D500BC5EDF /* CalendarExtensions.swift in Sources */,
				D47937612360A442006D5EDC /* CalendarHeaderButton.swift in Sources */,
				D411EE1919C2A5CD0054439F /* TodayViewController.swift in Sources */,
				D4073B2F19C377A600056370 /* TodayWeekdayLabel.swift in Sources */,
				D479375B236082AD006D5EDC /* RangeExtensions.swift in Sources */,
				D4B7427A235EBD64003FDFF9 /* CalendarMonthdayView.swift in Sources */,
				D4B74269235E3036003FDFF9 /* CalendarView.swift in Sources */,
				D47B16272360E406008A70A4 /* EventService.swift in Sources */,
				D4B034CA2361AE3C009A7344 /* OptionalExtensions.swift in Sources */,
				D4073B2B19C2AD5B00056370 /* TodayMonthLabel.swift in Sources */,
				D4B74278235E6058003FDFF9 /* CGFloatExtensions.swift in Sources */,
				D4A5112819C6F78000555E1C /* TodayWeekView.swift in Sources */,
				D47836C2235EC7F50030238C /* CalendarMonthView.swift in Sources */,
				D4B74271235E3E17003FDFF9 /* CalendarInteractor.swift in Sources */,
				D4073B2D19C2ADB400056370 /* TodayDayLabel.swift in Sources */,
				D4D9CCCE236194D100BC5EDF /* FoundationExtensions.swift in Sources */,
				D4B7426D235E3AAA003FDFF9 /* CalendarHeader.swift in Sources */,
				D4B7426B235E322A003FDFF9 /* CalendarRootController.swift in Sources */,
				D4CD22C92362F721000409CB /* CalendarViewWrapper.swift in Sources */,
				D479375E236098BF006D5EDC /* HeightModifier.swift in Sources */,
			);
			runOnlyForDeploymentPostprocessing = 0;
		};
		D44D335E2362428B001C44A1 /* Sources */ = {
			isa = PBXSourcesBuildPhase;
			buildActionMask = 2147483647;
			files = (
				D44D336F23624301001C44A1 /* PreferencesDriver.swift in Sources */,
				D44D337123624409001C44A1 /* DesignBook.swift in Sources */,
				D44D337023624370001C44A1 /* DesignTypes.swift in Sources */,
			);
			runOnlyForDeploymentPostprocessing = 0;
		};
		D4CD22A32362D9EA000409CB /* Sources */ = {
			isa = PBXSourcesBuildPhase;
			buildActionMask = 2147483647;
			files = (
				D468DB2C23633E0C0085122D /* HosterPreferencesInteractor.swift in Sources */,
				D4CD22D22362FCB2000409CB /* CalendarHeaderButton.swift in Sources */,
				D4CD22DB2362FCBE000409CB /* ViewExtensions.swift in Sources */,
				D4CD22D12362FCB2000409CB /* CalendarHeader.swift in Sources */,
				D4CD22D72362FCBE000409CB /* EventService.swift in Sources */,
				D4CD22E12363001C000409CB /* HosterColorsBlock.swift in Sources */,
				D4CD22D02362FCB2000409CB /* CalendarView.swift in Sources */,
				D4CD22CE2362FCB2000409CB /* CalendarInteractor.swift in Sources */,
				D4CD22AA2362D9EA000409CB /* HosterAppDelegate.swift in Sources */,
				D4CD22CD2362FCB2000409CB /* CalendarRootController.swift in Sources */,
				D468DB2523631F230085122D /* HosterPreferencesBlock.swift in Sources */,
				D49AFD5D2363914A0033D98F /* BlurredView.swift in Sources */,
				D4CD22CC2362FCAD000409CB /* CalendarTypes.swift in Sources */,
				D4CD22D82362FCBE000409CB /* FoundationExtensions.swift in Sources */,
				D41FCB0C2364B11A00499C19 /* OrientationWatcher.swift in Sources */,
				D4CD22AC2362D9EA000409CB /* HosterSceneDelegate.swift in Sources */,
				D4CD22BC2362DB56000409CB /* HosterRootController.swift in Sources */,
				D4CD22D52362FCB2000409CB /* CalendarMonthView.swift in Sources */,
				D4CD22DC2362FCBE000409CB /* RangeExtensions.swift in Sources */,
				D4CD22D32362FCB2000409CB /* CalendarWeekdayBar.swift in Sources */,
				D4CD22DE2362FCBF000409CB /* HeightModifier.swift in Sources */,
				D4CD22D42362FCB2000409CB /* CalendarWeeknumBar.swift in Sources */,
				D4CD22DA2362FCBE000409CB /* CGFloatExtensions.swift in Sources */,
				D4CD22D92362FCBE000409CB /* OptionalExtensions.swift in Sources */,
				D4CD22C42362E9CA000409CB /* HosterCalendarWrapper.swift in Sources */,
				D4CD22CF2362FCB2000409CB /* CalendarViewWrapper.swift in Sources */,
				D4CD22D62362FCB2000409CB /* CalendarMonthdayView.swift in Sources */,
				D4CD22DD2362FCBF000409CB /* CalendarExtensions.swift in Sources */,
				D4CD22DF2362FCBF000409CB /* PerformingModifier.swift in Sources */,
				D4CD22E323630048000409CB /* HosterColorControl.swift in Sources */,
				D4CD22AE2362D9EA000409CB /* HosterView.swift in Sources */,
			);
			runOnlyForDeploymentPostprocessing = 0;
		};
/* End PBXSourcesBuildPhase section */

/* Begin PBXTargetDependency section */
		D41FCB0723642D2100499C19 /* PBXTargetDependency */ = {
			isa = PBXTargetDependency;
			target = D411EE1019C2A5CC0054439F /* Widget */;
			targetProxy = D41FCB0623642D2100499C19 /* PBXContainerItemProxy */;
		};
		D4CD22C02362E38E000409CB /* PBXTargetDependency */ = {
			isa = PBXTargetDependency;
			target = D44D33612362428B001C44A1 /* Shared */;
			targetProxy = D4CD22BF2362E38E000409CB /* PBXContainerItemProxy */;
		};
		D4CD22E5236309AC000409CB /* PBXTargetDependency */ = {
			isa = PBXTargetDependency;
			target = D411EE1019C2A5CC0054439F /* Widget */;
			targetProxy = D4CD22E4236309AC000409CB /* PBXContainerItemProxy */;
		};
/* End PBXTargetDependency section */

/* Begin PBXVariantGroup section */
		D4400DC81A0E1ED100F8D1A3 /* Localizable.strings */ = {
			isa = PBXVariantGroup;
			children = (
				D4400DC71A0E1ED100F8D1A3 /* Base */,
				D4400DC91A0E1ED400F8D1A3 /* ru */,
			);
			name = Localizable.strings;
			sourceTree = "<group>";
		};
		D452388719F2433C007A1181 /* Storyboard.storyboard */ = {
			isa = PBXVariantGroup;
			children = (
				D4C735B419FFC34F0066A6E8 /* Base */,
			);
			name = Storyboard.storyboard;
			sourceTree = "<group>";
		};
		D4CD22B42362D9EB000409CB /* LaunchScreen.storyboard */ = {
			isa = PBXVariantGroup;
			children = (
				D4CD22B52362D9EB000409CB /* Base */,
			);
			name = LaunchScreen.storyboard;
			sourceTree = "<group>";
		};
/* End PBXVariantGroup section */

/* Begin XCBuildConfiguration section */
		D411EE0519C2A59C0054439F /* Debug */ = {
			isa = XCBuildConfiguration;
			buildSettings = {
				ALWAYS_SEARCH_USER_PATHS = NO;
				CLANG_ANALYZER_LOCALIZABILITY_NONLOCALIZED = YES;
				CLANG_CXX_LANGUAGE_STANDARD = "gnu++0x";
				CLANG_CXX_LIBRARY = "libc++";
				CLANG_ENABLE_MODULES = YES;
				CLANG_ENABLE_OBJC_ARC = YES;
				CLANG_WARN_BLOCK_CAPTURE_AUTORELEASING = YES;
				CLANG_WARN_BOOL_CONVERSION = YES;
				CLANG_WARN_COMMA = YES;
				CLANG_WARN_CONSTANT_CONVERSION = YES;
				CLANG_WARN_DEPRECATED_OBJC_IMPLEMENTATIONS = YES;
				CLANG_WARN_DIRECT_OBJC_ISA_USAGE = YES_ERROR;
				CLANG_WARN_EMPTY_BODY = YES;
				CLANG_WARN_ENUM_CONVERSION = YES;
				CLANG_WARN_INFINITE_RECURSION = YES;
				CLANG_WARN_INT_CONVERSION = YES;
				CLANG_WARN_NON_LITERAL_NULL_CONVERSION = YES;
				CLANG_WARN_OBJC_IMPLICIT_RETAIN_SELF = YES;
				CLANG_WARN_OBJC_LITERAL_CONVERSION = YES;
				CLANG_WARN_OBJC_ROOT_CLASS = YES_ERROR;
				CLANG_WARN_RANGE_LOOP_ANALYSIS = YES;
				CLANG_WARN_STRICT_PROTOTYPES = YES;
				CLANG_WARN_SUSPICIOUS_MOVE = YES;
				CLANG_WARN_UNREACHABLE_CODE = YES;
				CLANG_WARN__DUPLICATE_METHOD_MATCH = YES;
				"CODE_SIGN_IDENTITY[sdk=iphoneos*]" = "iPhone Developer";
				COPY_PHASE_STRIP = NO;
				ENABLE_STRICT_OBJC_MSGSEND = YES;
				ENABLE_TESTABILITY = YES;
				GCC_C_LANGUAGE_STANDARD = gnu99;
				GCC_DYNAMIC_NO_PIC = NO;
				GCC_NO_COMMON_BLOCKS = YES;
				GCC_OPTIMIZATION_LEVEL = 0;
				GCC_PREPROCESSOR_DEFINITIONS = (
					"DEBUG=1",
					"$(inherited)",
				);
				GCC_SYMBOLS_PRIVATE_EXTERN = NO;
				GCC_WARN_64_TO_32_BIT_CONVERSION = YES;
				GCC_WARN_ABOUT_RETURN_TYPE = YES_ERROR;
				GCC_WARN_UNDECLARED_SELECTOR = YES;
				GCC_WARN_UNINITIALIZED_AUTOS = YES_AGGRESSIVE;
				GCC_WARN_UNUSED_FUNCTION = YES;
				GCC_WARN_UNUSED_VARIABLE = YES;
				IPHONEOS_DEPLOYMENT_TARGET = 13.0;
				MTL_ENABLE_DEBUG_INFO = YES;
				ONLY_ACTIVE_ARCH = YES;
				PROVISIONING_PROFILE = "";
				SDKROOT = iphoneos;
				STRINGS_FILE_OUTPUT_ENCODING = "UTF-16";
				SWIFT_OPTIMIZATION_LEVEL = "-Onone";
				SWIFT_VERSION = 5.0;
				TARGETED_DEVICE_FAMILY = "1,2";
			};
			name = Debug;
		};
		D411EE0619C2A59C0054439F /* Release */ = {
			isa = XCBuildConfiguration;
			buildSettings = {
				ALWAYS_SEARCH_USER_PATHS = NO;
				CLANG_ANALYZER_LOCALIZABILITY_NONLOCALIZED = YES;
				CLANG_CXX_LANGUAGE_STANDARD = "gnu++0x";
				CLANG_CXX_LIBRARY = "libc++";
				CLANG_ENABLE_MODULES = YES;
				CLANG_ENABLE_OBJC_ARC = YES;
				CLANG_WARN_BLOCK_CAPTURE_AUTORELEASING = YES;
				CLANG_WARN_BOOL_CONVERSION = YES;
				CLANG_WARN_COMMA = YES;
				CLANG_WARN_CONSTANT_CONVERSION = YES;
				CLANG_WARN_DEPRECATED_OBJC_IMPLEMENTATIONS = YES;
				CLANG_WARN_DIRECT_OBJC_ISA_USAGE = YES_ERROR;
				CLANG_WARN_EMPTY_BODY = YES;
				CLANG_WARN_ENUM_CONVERSION = YES;
				CLANG_WARN_INFINITE_RECURSION = YES;
				CLANG_WARN_INT_CONVERSION = YES;
				CLANG_WARN_NON_LITERAL_NULL_CONVERSION = YES;
				CLANG_WARN_OBJC_IMPLICIT_RETAIN_SELF = YES;
				CLANG_WARN_OBJC_LITERAL_CONVERSION = YES;
				CLANG_WARN_OBJC_ROOT_CLASS = YES_ERROR;
				CLANG_WARN_RANGE_LOOP_ANALYSIS = YES;
				CLANG_WARN_STRICT_PROTOTYPES = YES;
				CLANG_WARN_SUSPICIOUS_MOVE = YES;
				CLANG_WARN_UNREACHABLE_CODE = YES;
				CLANG_WARN__DUPLICATE_METHOD_MATCH = YES;
				"CODE_SIGN_IDENTITY[sdk=iphoneos*]" = "iPhone Distribution: Stanislav Potemkin (V8NCXSZ3T7)";
				COPY_PHASE_STRIP = YES;
				ENABLE_NS_ASSERTIONS = NO;
				ENABLE_STRICT_OBJC_MSGSEND = YES;
				GCC_C_LANGUAGE_STANDARD = gnu99;
				GCC_NO_COMMON_BLOCKS = YES;
				GCC_WARN_64_TO_32_BIT_CONVERSION = YES;
				GCC_WARN_ABOUT_RETURN_TYPE = YES_ERROR;
				GCC_WARN_UNDECLARED_SELECTOR = YES;
				GCC_WARN_UNINITIALIZED_AUTOS = YES_AGGRESSIVE;
				GCC_WARN_UNUSED_FUNCTION = YES;
				GCC_WARN_UNUSED_VARIABLE = YES;
				IPHONEOS_DEPLOYMENT_TARGET = 13.0;
				MTL_ENABLE_DEBUG_INFO = NO;
				PROVISIONING_PROFILE = "";
				SDKROOT = iphoneos;
				STRINGS_FILE_OUTPUT_ENCODING = "UTF-16";
				SWIFT_COMPILATION_MODE = wholemodule;
				SWIFT_VERSION = 5.0;
				TARGETED_DEVICE_FAMILY = "1,2";
				VALIDATE_PRODUCT = YES;
			};
			name = Release;
		};
		D411EE2219C2A5CD0054439F /* Debug */ = {
			isa = XCBuildConfiguration;
			buildSettings = {
				CODE_SIGN_ENTITLEMENTS = Widget/Widget.entitlements;
				CODE_SIGN_IDENTITY = "iPhone Developer";
				"CODE_SIGN_IDENTITY[sdk=iphoneos*]" = "Apple Development";
				CODE_SIGN_STYLE = Manual;
				CURRENT_PROJECT_VERSION = 16;
				DEVELOPMENT_TEAM = V8NCXSZ3T7;
				GCC_PREPROCESSOR_DEFINITIONS = (
					"DEBUG=1",
					"$(inherited)",
				);
				INFOPLIST_FILE = Widget/Info.plist;
				LD_RUNPATH_SEARCH_PATHS = "$(inherited) @executable_path/Frameworks @executable_path/../../Frameworks";
				MARKETING_VERSION = 1.7;
				PRODUCT_BUNDLE_IDENTIFIER = me.bronenos.MiniMonth.Today;
				PRODUCT_NAME = "$(TARGET_NAME)";
				PROVISIONING_PROFILE = "";
				PROVISIONING_PROFILE_SPECIFIER = "MiniMonth Widget Today Dev";
				SKIP_INSTALL = YES;
			};
			name = Debug;
		};
		D411EE2319C2A5CD0054439F /* Release */ = {
			isa = XCBuildConfiguration;
			buildSettings = {
				CODE_SIGN_ENTITLEMENTS = Widget/Widget.entitlements;
				CODE_SIGN_IDENTITY = "iPhone Developer";
				"CODE_SIGN_IDENTITY[sdk=iphoneos*]" = "iPhone Distribution";
				CODE_SIGN_STYLE = Manual;
				CURRENT_PROJECT_VERSION = 16;
				DEVELOPMENT_TEAM = V8NCXSZ3T7;
				INFOPLIST_FILE = Widget/Info.plist;
				LD_RUNPATH_SEARCH_PATHS = "$(inherited) @executable_path/Frameworks @executable_path/../../Frameworks";
				MARKETING_VERSION = 1.7;
				PRODUCT_BUNDLE_IDENTIFIER = me.bronenos.MiniMonth.Today;
				PRODUCT_NAME = "$(TARGET_NAME)";
				PROVISIONING_PROFILE = "28a03db7-b62b-485a-8d3e-83d87a4f2c9c";
				PROVISIONING_PROFILE_SPECIFIER = "MiniMonth Today AppStore";
				SKIP_INSTALL = YES;
			};
			name = Release;
		};
		D44D336C2362428B001C44A1 /* Debug */ = {
			isa = XCBuildConfiguration;
			buildSettings = {
				CLANG_ANALYZER_NONNULL = YES;
				CLANG_ANALYZER_NUMBER_OBJECT_CONVERSION = YES_AGGRESSIVE;
				CLANG_CXX_LANGUAGE_STANDARD = "gnu++14";
				CLANG_ENABLE_OBJC_WEAK = YES;
				CLANG_WARN_DOCUMENTATION_COMMENTS = YES;
				CLANG_WARN_UNGUARDED_AVAILABILITY = YES_AGGRESSIVE;
				CODE_SIGN_IDENTITY = "iPhone Developer";
				"CODE_SIGN_IDENTITY[sdk=iphoneos*]" = "Apple Development";
				CODE_SIGN_STYLE = Automatic;
				CURRENT_PROJECT_VERSION = 1;
				DEBUG_INFORMATION_FORMAT = dwarf;
				DEFINES_MODULE = YES;
				DEVELOPMENT_TEAM = V8NCXSZ3T7;
				DYLIB_COMPATIBILITY_VERSION = 1;
				DYLIB_CURRENT_VERSION = 1;
				DYLIB_INSTALL_NAME_BASE = "@rpath";
				GCC_C_LANGUAGE_STANDARD = gnu11;
				INFOPLIST_FILE = Shared/Info.plist;
				INSTALL_PATH = "$(LOCAL_LIBRARY_DIR)/Frameworks";
				LD_RUNPATH_SEARCH_PATHS = "$(inherited) @executable_path/Frameworks @loader_path/Frameworks";
				MTL_ENABLE_DEBUG_INFO = INCLUDE_SOURCE;
				MTL_FAST_MATH = YES;
				PRODUCT_BUNDLE_IDENTIFIER = "me.bronenos.MiniMonth-Shared";
				PRODUCT_NAME = "$(TARGET_NAME:c99extidentifier)";
				SKIP_INSTALL = YES;
				SWIFT_ACTIVE_COMPILATION_CONDITIONS = DEBUG;
				SWIFT_VERSION = 5.0;
				TARGETED_DEVICE_FAMILY = "1,2";
				VERSIONING_SYSTEM = "apple-generic";
				VERSION_INFO_PREFIX = "";
			};
			name = Debug;
		};
		D44D336D2362428B001C44A1 /* Release */ = {
			isa = XCBuildConfiguration;
			buildSettings = {
				CLANG_ANALYZER_NONNULL = YES;
				CLANG_ANALYZER_NUMBER_OBJECT_CONVERSION = YES_AGGRESSIVE;
				CLANG_CXX_LANGUAGE_STANDARD = "gnu++14";
				CLANG_ENABLE_OBJC_WEAK = YES;
				CLANG_WARN_DOCUMENTATION_COMMENTS = YES;
				CLANG_WARN_UNGUARDED_AVAILABILITY = YES_AGGRESSIVE;
				CODE_SIGN_IDENTITY = "iPhone Developer";
				"CODE_SIGN_IDENTITY[sdk=iphoneos*]" = "iPhone Distribution";
				CODE_SIGN_STYLE = Automatic;
				COPY_PHASE_STRIP = NO;
				CURRENT_PROJECT_VERSION = 1;
				DEBUG_INFORMATION_FORMAT = "dwarf-with-dsym";
				DEFINES_MODULE = YES;
				DEVELOPMENT_TEAM = V8NCXSZ3T7;
				DYLIB_COMPATIBILITY_VERSION = 1;
				DYLIB_CURRENT_VERSION = 1;
				DYLIB_INSTALL_NAME_BASE = "@rpath";
				GCC_C_LANGUAGE_STANDARD = gnu11;
				INFOPLIST_FILE = Shared/Info.plist;
				INSTALL_PATH = "$(LOCAL_LIBRARY_DIR)/Frameworks";
				LD_RUNPATH_SEARCH_PATHS = "$(inherited) @executable_path/Frameworks @loader_path/Frameworks";
				MTL_FAST_MATH = YES;
				PRODUCT_BUNDLE_IDENTIFIER = "me.bronenos.MiniMonth-Shared";
				PRODUCT_NAME = "$(TARGET_NAME:c99extidentifier)";
				SKIP_INSTALL = YES;
				SWIFT_OPTIMIZATION_LEVEL = "-O";
				SWIFT_VERSION = 5.0;
				TARGETED_DEVICE_FAMILY = "1,2";
				VERSIONING_SYSTEM = "apple-generic";
				VERSION_INFO_PREFIX = "";
			};
			name = Release;
		};
		D4CD22B92362D9EB000409CB /* Debug */ = {
			isa = XCBuildConfiguration;
			buildSettings = {
				ASSETCATALOG_COMPILER_APPICON_NAME = AppIcon;
				CLANG_ANALYZER_NONNULL = YES;
				CLANG_ANALYZER_NUMBER_OBJECT_CONVERSION = YES_AGGRESSIVE;
				CLANG_CXX_LANGUAGE_STANDARD = "gnu++14";
				CLANG_ENABLE_OBJC_WEAK = YES;
				CLANG_WARN_DOCUMENTATION_COMMENTS = YES;
				CLANG_WARN_UNGUARDED_AVAILABILITY = YES_AGGRESSIVE;
				CODE_SIGN_ENTITLEMENTS = Hoster/Hoster.entitlements;
				CODE_SIGN_STYLE = Automatic;
				DEBUG_INFORMATION_FORMAT = dwarf;
				DEVELOPMENT_ASSET_PATHS = "\"Hoster/Preview Content\"";
				DEVELOPMENT_TEAM = V8NCXSZ3T7;
				ENABLE_PREVIEWS = YES;
				GCC_C_LANGUAGE_STANDARD = gnu11;
				INFOPLIST_FILE = Hoster/Info.plist;
				LD_RUNPATH_SEARCH_PATHS = "$(inherited) @executable_path/Frameworks";
				MTL_ENABLE_DEBUG_INFO = INCLUDE_SOURCE;
				MTL_FAST_MATH = YES;
				PRODUCT_BUNDLE_IDENTIFIER = me.bronenos.MiniMonth;
				PRODUCT_NAME = "$(TARGET_NAME)";
				SWIFT_ACTIVE_COMPILATION_CONDITIONS = DEBUG;
				SWIFT_VERSION = 5.0;
				TARGETED_DEVICE_FAMILY = "1,2";
			};
			name = Debug;
		};
		D4CD22BA2362D9EB000409CB /* Release */ = {
			isa = XCBuildConfiguration;
			buildSettings = {
				ASSETCATALOG_COMPILER_APPICON_NAME = AppIcon;
				CLANG_ANALYZER_NONNULL = YES;
				CLANG_ANALYZER_NUMBER_OBJECT_CONVERSION = YES_AGGRESSIVE;
				CLANG_CXX_LANGUAGE_STANDARD = "gnu++14";
				CLANG_ENABLE_OBJC_WEAK = YES;
				CLANG_WARN_DOCUMENTATION_COMMENTS = YES;
				CLANG_WARN_UNGUARDED_AVAILABILITY = YES_AGGRESSIVE;
				CODE_SIGN_ENTITLEMENTS = Hoster/Hoster.entitlements;
				CODE_SIGN_STYLE = Automatic;
				COPY_PHASE_STRIP = NO;
				DEBUG_INFORMATION_FORMAT = "dwarf-with-dsym";
				DEVELOPMENT_ASSET_PATHS = "\"Hoster/Preview Content\"";
				DEVELOPMENT_TEAM = V8NCXSZ3T7;
				ENABLE_PREVIEWS = YES;
				GCC_C_LANGUAGE_STANDARD = gnu11;
				INFOPLIST_FILE = Hoster/Info.plist;
				LD_RUNPATH_SEARCH_PATHS = "$(inherited) @executable_path/Frameworks";
				MTL_FAST_MATH = YES;
				PRODUCT_BUNDLE_IDENTIFIER = me.bronenos.MiniMonth;
				PRODUCT_NAME = "$(TARGET_NAME)";
				SWIFT_OPTIMIZATION_LEVEL = "-O";
				SWIFT_VERSION = 5.0;
				TARGETED_DEVICE_FAMILY = "1,2";
			};
			name = Release;
		};
/* End XCBuildConfiguration section */

/* Begin XCConfigurationList section */
		D411EDE619C2A59B0054439F /* Build configuration list for PBXProject "MiniMonth" */ = {
			isa = XCConfigurationList;
			buildConfigurations = (
				D411EE0519C2A59C0054439F /* Debug */,
				D411EE0619C2A59C0054439F /* Release */,
			);
			defaultConfigurationIsVisible = 0;
			defaultConfigurationName = Release;
		};
		D411EE2119C2A5CD0054439F /* Build configuration list for PBXNativeTarget "Widget" */ = {
			isa = XCConfigurationList;
			buildConfigurations = (
				D411EE2219C2A5CD0054439F /* Debug */,
				D411EE2319C2A5CD0054439F /* Release */,
			);
			defaultConfigurationIsVisible = 0;
			defaultConfigurationName = Release;
		};
		D44D336B2362428B001C44A1 /* Build configuration list for PBXNativeTarget "Shared" */ = {
			isa = XCConfigurationList;
			buildConfigurations = (
				D44D336C2362428B001C44A1 /* Debug */,
				D44D336D2362428B001C44A1 /* Release */,
			);
			defaultConfigurationIsVisible = 0;
			defaultConfigurationName = Release;
		};
		D4CD22B82362D9EB000409CB /* Build configuration list for PBXNativeTarget "Hoster" */ = {
			isa = XCConfigurationList;
			buildConfigurations = (
				D4CD22B92362D9EB000409CB /* Debug */,
				D4CD22BA2362D9EB000409CB /* Release */,
			);
			defaultConfigurationIsVisible = 0;
			defaultConfigurationName = Release;
		};
/* End XCConfigurationList section */
	};
	rootObject = D411EDE319C2A59B0054439F /* Project object */;
}
